<?xml version="1.0" encoding="utf-8"?>
<Project ToolsVersion="4.0" xmlns="http://schemas.microsoft.com/developer/msbuild/2003">
  <ItemGroup>
    <Filter Include="Source Files">
      <UniqueIdentifier>{61897b57-6970-43a6-a512-95f8f9ab6b6c}</UniqueIdentifier>
      <Extensions>cpp;c;cxx;rc;def;r;odl;idl;hpj;bat</Extensions>
    </Filter>
    <Filter Include="Header Files">
      <UniqueIdentifier>{bbecd974-c6f5-4b89-a3fd-ea02c2b8b6c7}</UniqueIdentifier>
      <Extensions>h;hpp;hxx;hm;inl</Extensions>
    </Filter>
    <Filter Include="Resource Files">
      <UniqueIdentifier>{458c1529-4d45-4da0-8bf1-8875cddb8231}</UniqueIdentifier>
      <Extensions>ico;cur;bmp;dlg;rc2;rct;bin;rgs;gif;jpg;jpeg;jpe</Extensions>
    </Filter>
  </ItemGroup>
  <ItemGroup>
    <ClCompile Include="..\Vps.cpp">
      <Filter>Source Files</Filter>
    </ClCompile>
    <ClCompile Include="..\Vps_IMessage.cpp">
      <Filter>Source Files</Filter>
    </ClCompile>
    <ClCompile Include="..\Vps_IMessageSink.cpp">
      <Filter>Source Files</Filter>
    </ClCompile>
    <ClCompile Include="..\Vps_IPublication.cpp">
      <Filter>Source Files</Filter>
    </ClCompile>
    <ClCompile Include="..\Vps_ISubscription.cpp">
      <Filter>Source Files</Filter>
    </ClCompile>
    <ClCompile Include="..\Vps_IWatermarkablePublication.cpp">
      <Filter>Source Files</Filter>
    </ClCompile>
    <ClCompile Include="..\Vps_IWatermarkedDataSink.cpp">
      <Filter>Source Files</Filter>
    </ClCompile>
    <ClCompile Include="..\Vps_VPublication.cpp">
      <Filter>Source Files</Filter>
    </ClCompile>
    <ClCompile Include="..\Vps_VRegistrar.cpp">
      <Filter>Source Files</Filter>
    </ClCompile>
    <ClCompile Include="..\Vps_VRelayPublication.cpp">
      <Filter>Source Files</Filter>
    </ClCompile>
    <ClCompile Include="..\Vps_VRelayPublicationDirectory.cpp">
      <Filter>Source Files</Filter>
    </ClCompile>
  </ItemGroup>
  <ItemGroup>
    <ResourceCompile Include="Vps.rc">
      <Filter>Source Files</Filter>
    </ResourceCompile>
  </ItemGroup>
  <ItemGroup>
    <ClInclude Include="..\Vps.h">
      <Filter>Header Files</Filter>
    </ClInclude>
    <ClInclude Include="..\Vps_IMessage.h">
      <Filter>Header Files</Filter>
    </ClInclude>
    <ClInclude Include="..\Vps_IMessageSink.h">
      <Filter>Header Files</Filter>
    </ClInclude>
    <ClInclude Include="..\Vps_IPublication.h">
      <Filter>Header Files</Filter>
    </ClInclude>
    <ClInclude Include="..\Vps_ISubscription.h">
      <Filter>Header Files</Filter>
    </ClInclude>
    <ClInclude Include="..\Vps_IWatermarkablePublication.h">
      <Filter>Header Files</Filter>
    </ClInclude>
    <ClInclude Include="..\Vps_IWatermarkedDataSink.h">
      <Filter>Header Files</Filter>
    </ClInclude>
    <ClInclude Include="..\Vps_VPublication.h">
      <Filter>Header Files</Filter>
    </ClInclude>
    <ClInclude Include="..\Vps_VRegistrar.h">
      <Filter>Header Files</Filter>
    </ClInclude>
    <ClInclude Include="..\Vps_VRelayPublication.h">
      <Filter>Header Files</Filter>
    </ClInclude>
    <ClInclude Include="..\Vps_VRelayPublicationDirectory.h">
      <Filter>Header Files</Filter>
    </ClInclude>
  </ItemGroup>
</Project>