<?xml version="1.0" encoding="utf-8"?>
<Project ToolsVersion="4.0" xmlns="http://schemas.microsoft.com/developer/msbuild/2003">
  <ItemGroup>
    <Filter Include="Source Files">
      <UniqueIdentifier>{524ebbcb-1c57-4680-acbd-1f0888208474}</UniqueIdentifier>
      <Extensions>cpp;c;cxx;rc;def;r;odl;idl;hpj;bat</Extensions>
    </Filter>
    <Filter Include="Header Files">
      <UniqueIdentifier>{176bcd4e-ac0b-4449-9040-5c3df53802e5}</UniqueIdentifier>
      <Extensions>h;hpp;hxx;hm;inl</Extensions>
    </Filter>
    <Filter Include="Resource Files">
      <UniqueIdentifier>{713e4b23-57b6-4715-8a6d-8bb5a9e0be41}</UniqueIdentifier>
      <Extensions>ico;cur;bmp;dlg;rc2;rct;bin;rgs;gif;jpg;jpeg;jpe</Extensions>
    </Filter>
  </ItemGroup>
  <ItemGroup>
    <ClCompile Include="..\Vxa.cpp">
      <Filter>Source Files</Filter>
    </ClCompile>
    <ClCompile Include="..\Vxa_ICaller.cpp">
      <Filter>Source Files</Filter>
    </ClCompile>
    <ClCompile Include="..\Vxa_ICollection.cpp">
      <Filter>Source Files</Filter>
    </ClCompile>
    <ClCompile Include="..\Vxa_INumericSink.cpp">
      <Filter>Source Files</Filter>
    </ClCompile>
    <ClCompile Include="..\Vxa_ISingleton.cpp">
      <Filter>Source Files</Filter>
    </ClCompile>
    <ClCompile Include="..\Vxa_IVSNFTaskHolder.cpp">
      <Filter>Source Files</Filter>
    </ClCompile>
    <ClCompile Include="..\Vxa_IVSNFTaskHolder1.cpp">
      <Filter>Source Files</Filter>
    </ClCompile>
    <ClCompile Include="..\Vxa_IVSNFTaskHolder2.cpp">
      <Filter>Source Files</Filter>
    </ClCompile>
    <ClCompile Include="..\Vxa_IVSNFTaskImplementation.cpp">
      <Filter>Source Files</Filter>
    </ClCompile>
    <ClCompile Include="..\Vxa_IVSNFTaskImplementation2.cpp">
      <Filter>Source Files</Filter>
    </ClCompile>
    <ClCompile Include="..\Vxa_IVSNFTaskImplementation3.cpp">
      <Filter>Source Files</Filter>
    </ClCompile>
    <ClCompile Include="..\Vxa_IVSNFTaskImplementation3NC.cpp">
      <Filter>Source Files</Filter>
    </ClCompile>
    <ClCompile Include="..\Vxa_VCallAgent.cpp">
      <Filter>Source Files</Filter>
    </ClCompile>
    <ClCompile Include="..\Vxa_VCallData.cpp">
      <Filter>Source Files</Filter>
    </ClCompile>
    <ClCompile Include="..\Vxa_VCallHandle.cpp">
      <Filter>Source Files</Filter>
    </ClCompile>
    <ClCompile Include="..\Vxa_VCallType1.cpp">
      <Filter>Source Files</Filter>
    </ClCompile>
    <ClCompile Include="..\Vxa_VCallType1Exporter.cpp">
      <Filter>Source Files</Filter>
    </ClCompile>
    <ClCompile Include="..\Vxa_VCallType2.cpp">
      <Filter>Source Files</Filter>
    </ClCompile>
    <ClCompile Include="..\Vxa_VCallType2Exporter.cpp">
      <Filter>Source Files</Filter>
    </ClCompile>
    <ClCompile Include="..\Vxa_VCardinalityHints.cpp">
      <Filter>Source Files</Filter>
    </ClCompile>
    <ClCompile Include="..\Vxa_VClass.cpp">
      <Filter>Source Files</Filter>
    </ClCompile>
    <ClCompile Include="..\Vxa_VCLF.cpp">
      <Filter>Source Files</Filter>
    </ClCompile>
    <ClCompile Include="..\Vxa_VCollectableCollection.cpp">
      <Filter>Source Files</Filter>
    </ClCompile>
    <ClCompile Include="..\Vxa_VCollectableObject.cpp">
      <Filter>Source Files</Filter>
    </ClCompile>
    <ClCompile Include="..\Vxa_VCollection.cpp">
      <Filter>Source Files</Filter>
    </ClCompile>
    <ClCompile Include="..\Vxa_VCursor.cpp">
      <Filter>Source Files</Filter>
    </ClCompile>
    <ClCompile Include="..\Vxa_VError.cpp">
      <Filter>Source Files</Filter>
    </ClCompile>
    <ClCompile Include="..\Vxa_VExportable.cpp">
      <Filter>Source Files</Filter>
    </ClCompile>
    <ClCompile Include="..\Vxa_VExportableDatum.cpp">
      <Filter>Source Files</Filter>
    </ClCompile>
    <ClCompile Include="..\Vxa_VFiniteSet.cpp">
      <Filter>Source Files</Filter>
    </ClCompile>
    <ClCompile Include="..\Vxa_VImportable.cpp">
      <Filter>Source Files</Filter>
    </ClCompile>
    <ClCompile Include="..\Vxa_VInfiniteSet.cpp">
      <Filter>Source Files</Filter>
    </ClCompile>
    <ClCompile Include="..\Vxa_VMap.cpp">
      <Filter>Source Files</Filter>
    </ClCompile>
    <ClCompile Include="..\Vxa_VMapMaker.cpp">
      <Filter>Source Files</Filter>
    </ClCompile>
    <ClCompile Include="..\Vxa_VMethod.cpp">
      <Filter>Source Files</Filter>
    </ClCompile>
    <ClCompile Include="..\Vxa_VMonotypeMap.cpp">
      <Filter>Source Files</Filter>
    </ClCompile>
    <ClCompile Include="..\Vxa_VMonotypeMapMaker.cpp">
      <Filter>Source Files</Filter>
    </ClCompile>
    <ClCompile Include="..\Vxa_VMonotypeMapMakerFor.cpp">
      <Filter>Source Files</Filter>
    </ClCompile>
    <ClCompile Include="..\Vxa_VPolytypeMap.cpp">
      <Filter>Source Files</Filter>
    </ClCompile>
    <ClCompile Include="..\Vxa_VPolytypeMapMaker.cpp">
      <Filter>Source Files</Filter>
    </ClCompile>
    <ClCompile Include="..\Vxa_VResultBuilder.cpp">
      <Filter>Source Files</Filter>
    </ClCompile>
    <ClCompile Include="..\Vxa_VRolePlayer.cpp">
      <Filter>Source Files</Filter>
    </ClCompile>
    <ClCompile Include="..\Vxa_VSerializer2DynArray.cpp">
      <Filter>Source Files</Filter>
    </ClCompile>
    <ClCompile Include="..\Vxa_VSet.cpp">
      <Filter>Source Files</Filter>
    </ClCompile>
    <ClCompile Include="..\Vxa_VTask.cpp">
      <Filter>Source Files</Filter>
    </ClCompile>
    <ClCompile Include="..\Vxa_VTaskCursor.cpp">
      <Filter>Source Files</Filter>
    </ClCompile>
    <ClCompile Include="..\Vxa_VType.cpp">
      <Filter>Source Files</Filter>
    </ClCompile>
  </ItemGroup>
  <ItemGroup>
    <ResourceCompile Include="Vxa.rc">
      <Filter>Source Files</Filter>
    </ResourceCompile>
  </ItemGroup>
  <ItemGroup>
    <ClInclude Include="..\Vxa.h">
      <Filter>Header Files</Filter>
    </ClInclude>
    <ClInclude Include="..\Vxa_ICaller.h">
      <Filter>Header Files</Filter>
    </ClInclude>
    <ClInclude Include="..\Vxa_ICollection.h">
      <Filter>Header Files</Filter>
    </ClInclude>
    <ClInclude Include="..\Vxa_INumericSink.h">
      <Filter>Header Files</Filter>
    </ClInclude>
    <ClInclude Include="..\Vxa_ISingleton.h">
      <Filter>Header Files</Filter>
    </ClInclude>
    <ClInclude Include="..\Vxa_IVSNFTaskHolder.h">
      <Filter>Header Files</Filter>
    </ClInclude>
    <ClInclude Include="..\Vxa_IVSNFTaskHolder1.h">
      <Filter>Header Files</Filter>
    </ClInclude>
    <ClInclude Include="..\Vxa_IVSNFTaskHolder2.h">
      <Filter>Header Files</Filter>
    </ClInclude>
    <ClInclude Include="..\Vxa_IVSNFTaskImplementation.h">
      <Filter>Header Files</Filter>
    </ClInclude>
    <ClInclude Include="..\Vxa_IVSNFTaskImplementation2.h">
      <Filter>Header Files</Filter>
    </ClInclude>
    <ClInclude Include="..\Vxa_IVSNFTaskImplementation3.h">
      <Filter>Header Files</Filter>
    </ClInclude>
    <ClInclude Include="..\Vxa_IVSNFTaskImplementation3NC.h">
      <Filter>Header Files</Filter>
    </ClInclude>
    <ClInclude Include="..\Vxa_VArray.h">
      <Filter>Header Files</Filter>
    </ClInclude>
    <ClInclude Include="..\Vxa_VArrayConstructor.h">
      <Filter>Header Files</Filter>
    </ClInclude>
    <ClInclude Include="..\Vxa_VCallAgent.h">
      <Filter>Header Files</Filter>
    </ClInclude>
    <ClInclude Include="..\Vxa_VCallData.h">
      <Filter>Header Files</Filter>
    </ClInclude>
    <ClInclude Include="..\Vxa_VCallHandle.h">
      <Filter>Header Files</Filter>
    </ClInclude>
    <ClInclude Include="..\Vxa_VCallType1.h">
      <Filter>Header Files</Filter>
    </ClInclude>
    <ClInclude Include="..\Vxa_VCallType1Exporter.h">
      <Filter>Header Files</Filter>
    </ClInclude>
    <ClInclude Include="..\Vxa_VCallType2.h">
      <Filter>Header Files</Filter>
    </ClInclude>
    <ClInclude Include="..\Vxa_VCallType2Exporter.h">
      <Filter>Header Files</Filter>
    </ClInclude>
    <ClInclude Include="..\Vxa_VCardinalityHints.h">
      <Filter>Header Files</Filter>
    </ClInclude>
    <ClInclude Include="..\Vxa_VClass.h">
      <Filter>Header Files</Filter>
    </ClInclude>
    <ClInclude Include="..\Vxa_VCLF.h">
      <Filter>Header Files</Filter>
    </ClInclude>
    <ClInclude Include="..\Vxa_VCollectable.h">
      <Filter>Header Files</Filter>
    </ClInclude>
    <ClInclude Include="..\Vxa_VCollectableCollection.h">
      <Filter>Header Files</Filter>
    </ClInclude>
    <ClInclude Include="..\Vxa_VCollectableCollectionOf.h">
      <Filter>Header Files</Filter>
    </ClInclude>
    <ClInclude Include="..\Vxa_VCollectableMethod.h">
      <Filter>Header Files</Filter>
    </ClInclude>
    <ClInclude Include="..\Vxa_VCollectableObject.h">
      <Filter>Header Files</Filter>
    </ClInclude>
    <ClInclude Include="..\Vxa_VCollection.h">
      <Filter>Header Files</Filter>
    </ClInclude>
    <ClInclude Include="..\Vxa_VConstant.h">
      <Filter>Header Files</Filter>
    </ClInclude>
    <ClInclude Include="..\Vxa_VCursor.h">
      <Filter>Header Files</Filter>
    </ClInclude>
    <ClInclude Include="..\Vxa_VError.h">
      <Filter>Header Files</Filter>
    </ClInclude>
    <ClInclude Include="..\Vxa_VExportable.h">
      <Filter>Header Files</Filter>
    </ClInclude>
    <ClInclude Include="..\Vxa_VExportableDatum.h">
      <Filter>Header Files</Filter>
    </ClInclude>
    <ClInclude Include="..\Vxa_VFiniteSet.h">
      <Filter>Header Files</Filter>
    </ClInclude>
    <ClInclude Include="..\Vxa_VImportable.h">
      <Filter>Header Files</Filter>
    </ClInclude>
    <ClInclude Include="..\Vxa_VInfiniteSet.h">
      <Filter>Header Files</Filter>
    </ClInclude>
    <ClInclude Include="..\Vxa_VInfiniteSetOf.h">
      <Filter>Header Files</Filter>
    </ClInclude>
    <ClInclude Include="..\Vxa_VMap.h">
      <Filter>Header Files</Filter>
    </ClInclude>
    <ClInclude Include="..\Vxa_VMapMaker.h">
      <Filter>Header Files</Filter>
    </ClInclude>
    <ClInclude Include="..\Vxa_VMethod.h">
      <Filter>Header Files</Filter>
    </ClInclude>
    <ClInclude Include="..\Vxa_VMonotypeMap.h">
      <Filter>Header Files</Filter>
    </ClInclude>
    <ClInclude Include="..\Vxa_VMonotypeMapMaker.h">
      <Filter>Header Files</Filter>
    </ClInclude>
    <ClInclude Include="..\Vxa_VMonotypeMapMakerFor.h">
      <Filter>Header Files</Filter>
    </ClInclude>
    <ClInclude Include="..\Vxa_VParameter.h">
      <Filter>Header Files</Filter>
    </ClInclude>
    <ClInclude Include="..\Vxa_VPolytypeMap.h">
      <Filter>Header Files</Filter>
    </ClInclude>
    <ClInclude Include="..\Vxa_VPolytypeMapMaker.h">
      <Filter>Header Files</Filter>
    </ClInclude>
    <ClInclude Include="..\Vxa_VResultBuilder.h">
      <Filter>Header Files</Filter>
    </ClInclude>
    <ClInclude Include="..\Vxa_VRolePlayer.h">
      <Filter>Header Files</Filter>
    </ClInclude>
    <ClInclude Include="..\Vxa_VScalar.h">
      <Filter>Header Files</Filter>
    </ClInclude>
    <ClInclude Include="..\Vxa_VSerializer2DynArray.h">
      <Filter>Header Files</Filter>
    </ClInclude>
    <ClInclude Include="..\Vxa_VSet.h">
      <Filter>Header Files</Filter>
    </ClInclude>
    <ClInclude Include="..\Vxa_VTask.h">
      <Filter>Header Files</Filter>
    </ClInclude>
    <ClInclude Include="..\Vxa_VTaskCursor.h">
      <Filter>Header Files</Filter>
    </ClInclude>
    <ClInclude Include="..\Vxa_VType.h">
      <Filter>Header Files</Filter>
    </ClInclude>
  </ItemGroup>
</Project>