<?xml version="1.0" encoding="utf-8"?>
<Project ToolsVersion="4.0" xmlns="http://schemas.microsoft.com/developer/msbuild/2003">
  <ItemGroup>
    <Filter Include="Source Files">
      <UniqueIdentifier>{0b1052c5-69fc-42be-b5d2-ae5aa8f9dc07}</UniqueIdentifier>
      <Extensions>*.cpp</Extensions>
    </Filter>
    <Filter Include="Header Files">
      <UniqueIdentifier>{0d4057b7-a411-4e7f-89cf-8f3e0c9e0b1d}</UniqueIdentifier>
      <Extensions>*.h</Extensions>
    </Filter>
  </ItemGroup>
  <ItemGroup>
    <ClCompile Include="..\tools\format.cpp" />
  </ItemGroup>
  <ItemGroup>
    <ResourceCompile Include="format.rc" />
  </ItemGroup>
  <ItemGroup>
    <ClInclude Include="resource1.h" />
  </ItemGroup>
</Project>