<?xml version="1.0" encoding="utf-8"?>
<Project ToolsVersion="4.0" xmlns="http://schemas.microsoft.com/developer/msbuild/2003">
  <ItemGroup>
    <Filter Include="Source Files">
      <UniqueIdentifier>{062aedbd-9630-4d15-8e8c-95e37da187b4}</UniqueIdentifier>
      <Extensions>cpp;c;cxx;rc;def;r;odl;idl;hpj;bat</Extensions>
    </Filter>
    <Filter Include="Header Files">
      <UniqueIdentifier>{191b6044-82f7-4638-b668-ea2a53c17a65}</UniqueIdentifier>
      <Extensions>h;hpp;hxx;hm;inl</Extensions>
    </Filter>
    <Filter Include="Resource Files">
      <UniqueIdentifier>{bce8343c-c604-497d-9e31-b5f2c74ed67d}</UniqueIdentifier>
      <Extensions>ico;cur;bmp;dlg;rc2;rct;bin;rgs;gif;jpg;jpeg;jpe</Extensions>
    </Filter>
  </ItemGroup>
  <ItemGroup>
    <ClCompile Include="..\IVReceiver.cpp">
      <Filter>Source Files</Filter>
    </ClCompile>
    <ClCompile Include="..\IVUnknown.cpp">
      <Filter>Source Files</Filter>
    </ClCompile>
    <ClCompile Include="..\Vca.cpp">
      <Filter>Source Files</Filter>
    </ClCompile>
    <ClCompile Include="..\Vca_IAckReceiver.cpp">
      <Filter>Source Files</Filter>
    </ClCompile>
    <ClCompile Include="..\Vca_IActivity.cpp">
      <Filter>Source Files</Filter>
    </ClCompile>
    <ClCompile Include="..\Vca_IActivityProxy.cpp">
      <Filter>Source Files</Filter>
    </ClCompile>
    <ClCompile Include="..\Vca_IActivitySink.cpp">
      <Filter>Source Files</Filter>
    </ClCompile>
    <ClCompile Include="..\Vca_IActivitySource.cpp">
      <Filter>Source Files</Filter>
    </ClCompile>
    <ClCompile Include="..\Vca_IApplication.cpp">
      <Filter>Source Files</Filter>
    </ClCompile>
    <ClCompile Include="..\Vca_IBinding.cpp">
      <Filter>Source Files</Filter>
    </ClCompile>
    <ClCompile Include="..\Vca_IBSClient.cpp">
      <Filter>Source Files</Filter>
    </ClCompile>
    <ClCompile Include="..\Vca_IBSConsumer.cpp">
      <Filter>Source Files</Filter>
    </ClCompile>
    <ClCompile Include="..\Vca_IBSConsumerClient.cpp">
      <Filter>Source Files</Filter>
    </ClCompile>
    <ClCompile Include="..\Vca_IBSProducer.cpp">
      <Filter>Source Files</Filter>
    </ClCompile>
    <ClCompile Include="..\Vca_IBSProducerClient.cpp">
      <Filter>Source Files</Filter>
    </ClCompile>
    <ClCompile Include="..\Vca_IClient.cpp">
      <Filter>Source Files</Filter>
    </ClCompile>
    <ClCompile Include="..\Vca_IConnection.cpp">
      <Filter>Source Files</Filter>
    </ClCompile>
    <ClCompile Include="..\Vca_IConnectionFactory.cpp">
      <Filter>Source Files</Filter>
    </ClCompile>
    <ClCompile Include="..\Vca_IConnectionRequest.cpp">
      <Filter>Source Files</Filter>
    </ClCompile>
    <ClCompile Include="..\Vca_IDataSource.cpp">
      <Filter>Source Files</Filter>
    </ClCompile>
    <ClCompile Include="..\Vca_IDevice.cpp">
      <Filter>Source Files</Filter>
    </ClCompile>
    <ClCompile Include="..\Vca_IDirectory.cpp">
      <Filter>Source Files</Filter>
    </ClCompile>
    <ClCompile Include="..\Vca_IDirectoryEntry.cpp">
      <Filter>Source Files</Filter>
    </ClCompile>
    <ClCompile Include="..\Vca_IError.cpp">
      <Filter>Source Files</Filter>
    </ClCompile>
    <ClCompile Include="..\Vca_IEvent.cpp">
      <Filter>Source Files</Filter>
    </ClCompile>
    <ClCompile Include="..\Vca_IEventSink.cpp">
      <Filter>Source Files</Filter>
    </ClCompile>
    <ClCompile Include="..\Vca_IGetter.cpp">
      <Filter>Source Files</Filter>
    </ClCompile>
    <ClCompile Include="..\Vca_IGetter_Ex2.cpp">
      <Filter>Source Files</Filter>
    </ClCompile>
    <ClCompile Include="..\Vca_IListener.cpp">
      <Filter>Source Files</Filter>
    </ClCompile>
    <ClCompile Include="..\Vca_IListenerClient.cpp">
      <Filter>Source Files</Filter>
    </ClCompile>
    <ClCompile Include="..\Vca_IListenerFactory.cpp">
      <Filter>Source Files</Filter>
    </ClCompile>
    <ClCompile Include="..\Vca_INamespace.cpp">
      <Filter>Source Files</Filter>
    </ClCompile>
    <ClCompile Include="..\Vca_INeedYou.cpp">
      <Filter>Source Files</Filter>
    </ClCompile>
    <ClCompile Include="..\Vca_IPassiveCall.cpp">
      <Filter>Source Files</Filter>
    </ClCompile>
    <ClCompile Include="..\Vca_IPassiveCallback.cpp">
      <Filter>Source Files</Filter>
    </ClCompile>
    <ClCompile Include="..\Vca_IPassiveCallback_Gofers.cpp">
      <Filter>Source Files</Filter>
    </ClCompile>
    <ClCompile Include="..\Vca_IPassiveClient.cpp">
      <Filter>Source Files</Filter>
    </ClCompile>
    <ClCompile Include="..\Vca_IPassiveConnector.cpp">
      <Filter>Source Files</Filter>
    </ClCompile>
    <ClCompile Include="..\Vca_IPassiveConnector_Gofers.cpp">
      <Filter>Source Files</Filter>
    </ClCompile>
    <ClCompile Include="..\Vca_IPassiveServer.cpp">
      <Filter>Source Files</Filter>
    </ClCompile>
    <ClCompile Include="..\Vca_IPassiveServer_Gofers.cpp">
      <Filter>Source Files</Filter>
    </ClCompile>
    <ClCompile Include="..\Vca_IPeek.cpp">
      <Filter>Source Files</Filter>
    </ClCompile>
    <ClCompile Include="..\Vca_IPeer.cpp">
      <Filter>Source Files</Filter>
    </ClCompile>
    <ClCompile Include="..\Vca_IPeer_Ex1.cpp">
      <Filter>Source Files</Filter>
    </ClCompile>
    <ClCompile Include="..\Vca_IPeer_Ex2.cpp">
      <Filter>Source Files</Filter>
    </ClCompile>
    <ClCompile Include="..\Vca_IPipeFactory.cpp">
      <Filter>Source Files</Filter>
    </ClCompile>
    <ClCompile Include="..\Vca_IPipeSource.cpp">
      <Filter>Source Files</Filter>
    </ClCompile>
    <ClCompile Include="..\Vca_IPipeSource_Gofers.cpp">
      <Filter>Source Files</Filter>
    </ClCompile>
    <ClCompile Include="..\Vca_IPipeSourceClient.cpp">
      <Filter>Source Files</Filter>
    </ClCompile>
    <ClCompile Include="..\Vca_IProcess.cpp">
      <Filter>Source Files</Filter>
    </ClCompile>
    <ClCompile Include="..\Vca_IProcessFactory.cpp">
      <Filter>Source Files</Filter>
    </ClCompile>
    <ClCompile Include="..\Vca_IProcessFactoryClient.cpp">
      <Filter>Source Files</Filter>
    </ClCompile>
    <ClCompile Include="..\Vca_IProcessInfo.cpp">
      <Filter>Source Files</Filter>
    </ClCompile>
    <ClCompile Include="..\Vca_IProcessInfoSink.cpp">
      <Filter>Source Files</Filter>
    </ClCompile>
    <ClCompile Include="..\Vca_IRequest.cpp">
      <Filter>Source Files</Filter>
    </ClCompile>
    <ClCompile Include="..\Vca_IResource.cpp">
      <Filter>Source Files</Filter>
    </ClCompile>
    <ClCompile Include="..\Vca_IResourceClient.cpp">
      <Filter>Source Files</Filter>
    </ClCompile>
    <ClCompile Include="..\Vca_IRexecConnectionFactory.cpp">
      <Filter>Source Files</Filter>
    </ClCompile>
    <ClCompile Include="..\Vca_IRoleProvider.cpp">
      <Filter>Source Files</Filter>
    </ClCompile>
    <ClCompile Include="..\Vca_IRoleProvider2.cpp">
      <Filter>Source Files</Filter>
    </ClCompile>
    <ClCompile Include="..\Vca_IServerApplication.cpp">
      <Filter>Source Files</Filter>
    </ClCompile>
    <ClCompile Include="..\Vca_ISSHConnectionFactory.cpp">
      <Filter>Source Files</Filter>
    </ClCompile>
    <ClCompile Include="..\Vca_IStdPipeSource.cpp">
      <Filter>Source Files</Filter>
    </ClCompile>
    <ClCompile Include="..\Vca_IStdPipeSourceClient.cpp">
      <Filter>Source Files</Filter>
    </ClCompile>
    <ClCompile Include="..\Vca_ITrigger.cpp">
      <Filter>Source Files</Filter>
    </ClCompile>
    <ClCompile Include="..\Vca_Registry.cpp">
      <Filter>Source Files</Filter>
    </ClCompile>
    <ClCompile Include="..\Vca_Registry_IAccess.cpp">
      <Filter>Source Files</Filter>
    </ClCompile>
    <ClCompile Include="..\Vca_Registry_IAuthority.cpp">
      <Filter>Source Files</Filter>
    </ClCompile>
    <ClCompile Include="..\Vca_Registry_IContact.cpp">
      <Filter>Source Files</Filter>
    </ClCompile>
    <ClCompile Include="..\Vca_Registry_IRegistration.cpp">
      <Filter>Source Files</Filter>
    </ClCompile>
    <ClCompile Include="..\Vca_Registry_IRegistry.cpp">
      <Filter>Source Files</Filter>
    </ClCompile>
    <ClCompile Include="..\Vca_Registry_IUpdate.cpp">
      <Filter>Source Files</Filter>
    </ClCompile>
    <ClCompile Include="..\Vca_Registry_IUpdater.cpp">
      <Filter>Source Files</Filter>
    </ClCompile>
    <ClCompile Include="..\Vca_Registry_VAuthority.cpp">
      <Filter>Source Files</Filter>
    </ClCompile>
    <ClCompile Include="..\Vca_Registry_VRegistry.cpp">
      <Filter>Source Files</Filter>
    </ClCompile>
    <ClCompile Include="..\Vca_VActivity.cpp">
      <Filter>Source Files</Filter>
    </ClCompile>
    <ClCompile Include="..\Vca_VActivityFilter.cpp">
      <Filter>Source Files</Filter>
    </ClCompile>
    <ClCompile Include="..\Vca_VActivityModel.cpp">
      <Filter>Source Files</Filter>
    </ClCompile>
    <ClCompile Include="..\Vca_VActivityMonitor.cpp">
      <Filter>Source Files</Filter>
    </ClCompile>
    <ClCompile Include="..\Vca_VActivityRelay.cpp">
      <Filter>Source Files</Filter>
    </ClCompile>
    <ClCompile Include="..\Vca_VActivitySink.cpp">
      <Filter>Source Files</Filter>
    </ClCompile>
    <ClCompile Include="..\Vca_VBS.cpp">
      <Filter>Source Files</Filter>
    </ClCompile>
    <ClCompile Include="..\Vca_VBSConnector.cpp">
      <Filter>Source Files</Filter>
    </ClCompile>
    <ClCompile Include="..\Vca_VBSConsumer.cpp">
      <Filter>Source Files</Filter>
    </ClCompile>
    <ClCompile Include="..\Vca_VBSManager.cpp">
      <Filter>Source Files</Filter>
    </ClCompile>
    <ClCompile Include="..\Vca_VBSProducer.cpp">
      <Filter>Source Files</Filter>
    </ClCompile>
    <ClCompile Include="..\Vca_VBSProducerBitBucket.cpp">
      <Filter>Source Files</Filter>
    </ClCompile>
    <ClCompile Include="..\Vca_VcaConnection.cpp">
      <Filter>Source Files</Filter>
    </ClCompile>
    <ClCompile Include="..\Vca_VcaCredentialsProvider.cpp">
      <Filter>Source Files</Filter>
    </ClCompile>
    <ClCompile Include="..\Vca_VcaDirectoryBuilder.cpp">
      <Filter>Source Files</Filter>
    </ClCompile>
    <ClCompile Include="..\Vca_VcaGofer.cpp">
      <Filter>Source Files</Filter>
    </ClCompile>
    <ClCompile Include="..\Vca_VcaListener.cpp">
      <Filter>Source Files</Filter>
    </ClCompile>
    <ClCompile Include="..\Vca_VCallbackTicket.cpp">
      <Filter>Source Files</Filter>
    </ClCompile>
    <ClCompile Include="..\Vca_VcaOffer.cpp">
      <Filter>Source Files</Filter>
    </ClCompile>
    <ClCompile Include="..\Vca_VcaOID.cpp">
      <Filter>Source Files</Filter>
    </ClCompile>
    <ClCompile Include="..\Vca_VcaOIDL.cpp">
      <Filter>Source Files</Filter>
    </ClCompile>
    <ClCompile Include="..\Vca_VcaOIDR.cpp">
      <Filter>Source Files</Filter>
    </ClCompile>
    <ClCompile Include="..\Vca_VcaPeer.cpp">
      <Filter>Source Files</Filter>
    </ClCompile>
    <ClCompile Include="..\Vca_VcaPeerCharacteristics.cpp">
      <Filter>Source Files</Filter>
    </ClCompile>
    <ClCompile Include="..\Vca_VcaProxyFacilitator.cpp">
      <Filter>Source Files</Filter>
    </ClCompile>
    <ClCompile Include="..\Vca_VcaRouteStatistics.cpp">
      <Filter>Source Files</Filter>
    </ClCompile>
    <ClCompile Include="..\Vca_VcaSelf.cpp">
      <Filter>Source Files</Filter>
    </ClCompile>
    <ClCompile Include="..\Vca_VcaSerializer.cpp">
      <Filter>Source Files</Filter>
    </ClCompile>
    <ClCompile Include="..\Vca_VcaSerializer_.cpp">
      <Filter>Source Files</Filter>
    </ClCompile>
    <ClCompile Include="..\Vca_VcaSite.cpp">
      <Filter>Source Files</Filter>
    </ClCompile>
    <ClCompile Include="..\Vca_VcaThreadState.cpp">
      <Filter>Source Files</Filter>
    </ClCompile>
    <ClCompile Include="..\Vca_VcaTransport.cpp">
      <Filter>Source Files</Filter>
    </ClCompile>
    <ClCompile Include="..\Vca_VClassInfoHolder.cpp">
      <Filter>Source Files</Filter>
    </ClCompile>
    <ClCompile Include="..\Vca_VCohort.cpp">
      <Filter>Source Files</Filter>
    </ClCompile>
    <ClCompile Include="..\Vca_VConnection.cpp">
      <Filter>Source Files</Filter>
    </ClCompile>
    <ClCompile Include="..\Vca_VConnectionFactory.cpp">
      <Filter>Source Files</Filter>
    </ClCompile>
    <ClCompile Include="..\Vca_VConnectionPipeSource.cpp">
      <Filter>Source Files</Filter>
    </ClCompile>
    <ClCompile Include="..\Vca_VConnectionRequest.cpp">
      <Filter>Source Files</Filter>
    </ClCompile>
    <ClCompile Include="..\Vca_VDevice.cpp">
      <Filter>Source Files</Filter>
    </ClCompile>
    <ClCompile Include="..\Vca_VDeviceFactory.cpp">
      <Filter>Source Files</Filter>
    </ClCompile>
    <ClCompile Include="..\Vca_VDeviceImplementation.cpp">
      <Filter>Source Files</Filter>
    </ClCompile>
    <ClCompile Include="..\Vca_VDeviceManager.cpp">
      <Filter>Source Files</Filter>
    </ClCompile>
    <ClCompile Include="..\Vca_VDirectory.cpp">
      <Filter>Source Files</Filter>
    </ClCompile>
    <ClCompile Include="..\Vca_VDirectoryBuilder.cpp">
      <Filter>Source Files</Filter>
    </ClCompile>
    <ClCompile Include="..\Vca_VEvent.cpp">
      <Filter>Source Files</Filter>
    </ClCompile>
    <ClCompile Include="..\Vca_VFDIODeviceImplementation.cpp">
      <Filter>Source Files</Filter>
    </ClCompile>
    <ClCompile Include="..\Vca_VFilterDeviceFactory.cpp">
      <Filter>Source Files</Filter>
    </ClCompile>
    <ClCompile Include="..\Vca_VFilterDeviceImplementation.cpp">
      <Filter>Source Files</Filter>
    </ClCompile>
    <ClCompile Include="..\Vca_VGofer.cpp">
      <Filter>Source Files</Filter>
    </ClCompile>
    <ClCompile Include="..\Vca_VInterfaceMember.cpp">
      <Filter>Source Files</Filter>
    </ClCompile>
    <ClCompile Include="..\Vca_VInterfaceQuery.cpp">
      <Filter>Source Files</Filter>
    </ClCompile>
    <ClCompile Include="..\Vca_VLineGrabber.cpp">
      <Filter>Source Files</Filter>
    </ClCompile>
    <ClCompile Include="..\Vca_VListener.cpp">
      <Filter>Source Files</Filter>
    </ClCompile>
    <ClCompile Include="..\Vca_VListenerFactory.cpp">
      <Filter>Source Files</Filter>
    </ClCompile>
    <ClCompile Include="..\Vca_VLoopbackDeviceFactory.cpp">
      <Filter>Source Files</Filter>
    </ClCompile>
    <ClCompile Include="..\Vca_VLoopbackDeviceImplementation.cpp">
      <Filter>Source Files</Filter>
    </ClCompile>
    <ClCompile Include="..\Vca_VManager.cpp">
      <Filter>Source Files</Filter>
    </ClCompile>
    <ClCompile Include="..\Vca_VMessage.cpp">
      <Filter>Source Files</Filter>
    </ClCompile>
    <ClCompile Include="..\Vca_VMessageManager.cpp">
      <Filter>Source Files</Filter>
    </ClCompile>
    <ClCompile Include="..\Vca_VMessageScheduler.cpp">
      <Filter>Source Files</Filter>
    </ClCompile>
    <ClCompile Include="..\Vca_VNullDeviceFactory.cpp">
      <Filter>Source Files</Filter>
    </ClCompile>
    <ClCompile Include="..\Vca_VNullDeviceImplementation.cpp">
      <Filter>Source Files</Filter>
    </ClCompile>
    <ClCompile Include="..\Vca_VOutputSequencer.cpp">
      <Filter>Source Files</Filter>
    </ClCompile>
    <ClCompile Include="..\Vca_VPassiveAgent.cpp">
      <Filter>Source Files</Filter>
    </ClCompile>
    <ClCompile Include="..\Vca_VPassiveCallback.cpp">
      <Filter>Source Files</Filter>
    </ClCompile>
    <ClCompile Include="..\Vca_VPassiveConnector.cpp">
      <Filter>Source Files</Filter>
    </ClCompile>
    <ClCompile Include="..\Vca_VPassiveDirectiveAgent.cpp">
      <Filter>Source Files</Filter>
    </ClCompile>
    <ClCompile Include="..\Vca_VPassiveProcessAgent.cpp">
      <Filter>Source Files</Filter>
    </ClCompile>
    <ClCompile Include="..\Vca_VPipeSource.cpp">
      <Filter>Source Files</Filter>
    </ClCompile>
    <ClCompile Include="..\Vca_VProcess.cpp">
      <Filter>Source Files</Filter>
    </ClCompile>
    <ClCompile Include="..\Vca_VProcessFactory.cpp">
      <Filter>Source Files</Filter>
    </ClCompile>
    <ClCompile Include="..\Vca_VPublication.cpp">
      <Filter>Source Files</Filter>
    </ClCompile>
    <ClCompile Include="..\Vca_VPublisher.cpp">
      <Filter>Source Files</Filter>
    </ClCompile>
    <ClCompile Include="..\Vca_VRexecConnectionFactory.cpp">
      <Filter>Source Files</Filter>
    </ClCompile>
    <ClCompile Include="..\Vca_VRoleHolder.cpp">
      <Filter>Source Files</Filter>
    </ClCompile>
    <ClCompile Include="..\Vca_VRolePlayer.cpp">
      <Filter>Source Files</Filter>
    </ClCompile>
    <ClCompile Include="..\Vca_VSiteInfo.cpp">
      <Filter>Source Files</Filter>
    </ClCompile>
    <ClCompile Include="..\Vca_VSSHConnectionFactory.cpp">
      <Filter>Source Files</Filter>
    </ClCompile>
    <ClCompile Include="..\Vca_VStatus.cpp">
      <Filter>Source Files</Filter>
    </ClCompile>
    <ClCompile Include="..\Vca_VStdPipeSource.cpp">
      <Filter>Source Files</Filter>
    </ClCompile>
    <ClCompile Include="..\Vca_VStockDeviceFactory.cpp">
      <Filter>Source Files</Filter>
    </ClCompile>
    <ClCompile Include="..\Vca_VStreamSink.cpp">
      <Filter>Source Files</Filter>
    </ClCompile>
    <ClCompile Include="..\Vca_VStreamSource.cpp">
      <Filter>Source Files</Filter>
    </ClCompile>
    <ClCompile Include="..\Vca_VSubscriptionManager.cpp">
      <Filter>Source Files</Filter>
    </ClCompile>
    <ClCompile Include="..\Vca_VTimer.cpp">
      <Filter>Source Files</Filter>
    </ClCompile>
    <ClCompile Include="..\Vca_VTriggerableTicket.cpp">
      <Filter>Source Files</Filter>
    </ClCompile>
    <ClCompile Include="..\Vca_VTriggerSet.cpp">
      <Filter>Source Files</Filter>
    </ClCompile>
    <ClCompile Include="..\Vca_VTriggerTicket.cpp">
      <Filter>Source Files</Filter>
    </ClCompile>
    <ClCompile Include="..\Vca_VTypeInfoHolder.cpp">
      <Filter>Source Files</Filter>
    </ClCompile>
    <ClCompile Include="..\VkSocketAddress.cpp">
      <Filter>Source Files</Filter>
    </ClCompile>
    <ClCompile Include="..\VPath.cpp">
      <Filter>Source Files</Filter>
    </ClCompile>
    <ClCompile Include="..\VPeerData.cpp">
      <Filter>Source Files</Filter>
    </ClCompile>
    <ClCompile Include="..\VPeerDataArray.cpp">
      <Filter>Source Files</Filter>
    </ClCompile>
    <ClCompile Include="..\VTypeInfo.cpp">
      <Filter>Source Files</Filter>
    </ClCompile>
  </ItemGroup>
  <ItemGroup>
    <ResourceCompile Include="Vca.rc">
      <Filter>Source Files</Filter>
    </ResourceCompile>
  </ItemGroup>
  <ItemGroup>
    <ClInclude Include="..\IVReceiver.h">
      <Filter>Header Files</Filter>
    </ClInclude>
    <ClInclude Include="..\IVReceiver_NRK.h">
      <Filter>Header Files</Filter>
    </ClInclude>
    <ClInclude Include="..\IVUnknown.h">
      <Filter>Header Files</Filter>
    </ClInclude>
    <ClInclude Include="resource.h">
      <Filter>Header Files</Filter>
    </ClInclude>
    <ClInclude Include="..\Vca.h">
      <Filter>Header Files</Filter>
    </ClInclude>
    <ClInclude Include="..\Vca_CompilerHappyPill.h">
      <Filter>Header Files</Filter>
    </ClInclude>
    <ClInclude Include="..\Vca_IAckReceiver.h">
      <Filter>Header Files</Filter>
    </ClInclude>
    <ClInclude Include="..\Vca_IActivity.h">
      <Filter>Header Files</Filter>
    </ClInclude>
    <ClInclude Include="..\Vca_IActivityProxy.h">
      <Filter>Header Files</Filter>
    </ClInclude>
    <ClInclude Include="..\Vca_IActivitySink.h">
      <Filter>Header Files</Filter>
    </ClInclude>
    <ClInclude Include="..\Vca_IActivitySource.h">
      <Filter>Header Files</Filter>
    </ClInclude>
    <ClInclude Include="..\Vca_IApplication.h">
      <Filter>Header Files</Filter>
    </ClInclude>
    <ClInclude Include="..\Vca_IBinding.h">
      <Filter>Header Files</Filter>
    </ClInclude>
    <ClInclude Include="..\Vca_IBSClient.h">
      <Filter>Header Files</Filter>
    </ClInclude>
    <ClInclude Include="..\Vca_IBSConsumer.h">
      <Filter>Header Files</Filter>
    </ClInclude>
    <ClInclude Include="..\Vca_IBSConsumerClient.h">
      <Filter>Header Files</Filter>
    </ClInclude>
    <ClInclude Include="..\Vca_IBSProducer.h">
      <Filter>Header Files</Filter>
    </ClInclude>
    <ClInclude Include="..\Vca_IBSProducerClient.h">
      <Filter>Header Files</Filter>
    </ClInclude>
    <ClInclude Include="..\Vca_IClient.h">
      <Filter>Header Files</Filter>
    </ClInclude>
    <ClInclude Include="..\Vca_IClient_NRK.h">
      <Filter>Header Files</Filter>
    </ClInclude>
    <ClInclude Include="..\Vca_IConnection.h">
      <Filter>Header Files</Filter>
    </ClInclude>
    <ClInclude Include="..\Vca_IConnectionFactory.h">
      <Filter>Header Files</Filter>
    </ClInclude>
    <ClInclude Include="..\Vca_IConnectionRequest.h">
      <Filter>Header Files</Filter>
    </ClInclude>
    <ClInclude Include="..\Vca_IDataSource.h">
      <Filter>Header Files</Filter>
    </ClInclude>
    <ClInclude Include="..\Vca_IDataSource_NRK.h">
      <Filter>Header Files</Filter>
    </ClInclude>
    <ClInclude Include="..\Vca_IDevice.h">
      <Filter>Header Files</Filter>
    </ClInclude>
    <ClInclude Include="..\Vca_IDirectory.h">
      <Filter>Header Files</Filter>
    </ClInclude>
    <ClInclude Include="..\Vca_IDirectoryEntry.h">
      <Filter>Header Files</Filter>
    </ClInclude>
    <ClInclude Include="..\Vca_IError.h">
      <Filter>Header Files</Filter>
    </ClInclude>
    <ClInclude Include="..\Vca_IEvent.h">
      <Filter>Header Files</Filter>
    </ClInclude>
    <ClInclude Include="..\Vca_IEventSink.h">
      <Filter>Header Files</Filter>
    </ClInclude>
    <ClInclude Include="..\Vca_IGetter.h">
      <Filter>Header Files</Filter>
    </ClInclude>
    <ClInclude Include="..\Vca_IGetter_Ex2.h">
      <Filter>Header Files</Filter>
    </ClInclude>
    <ClInclude Include="..\Vca_IListener.h">
      <Filter>Header Files</Filter>
    </ClInclude>
    <ClInclude Include="..\Vca_IListenerClient.h">
      <Filter>Header Files</Filter>
    </ClInclude>
    <ClInclude Include="..\Vca_IListenerFactory.h">
      <Filter>Header Files</Filter>
    </ClInclude>
    <ClInclude Include="..\Vca_INamespace.h">
      <Filter>Header Files</Filter>
    </ClInclude>
    <ClInclude Include="..\Vca_INeedYou.h">
      <Filter>Header Files</Filter>
    </ClInclude>
    <ClInclude Include="..\Vca_IPassiveCall.h">
      <Filter>Header Files</Filter>
    </ClInclude>
    <ClInclude Include="..\Vca_IPassiveCallback.h">
      <Filter>Header Files</Filter>
    </ClInclude>
    <ClInclude Include="..\Vca_IPassiveCallback_Gofers.h">
      <Filter>Header Files</Filter>
    </ClInclude>
    <ClInclude Include="..\Vca_IPassiveClient.h">
      <Filter>Header Files</Filter>
    </ClInclude>
    <ClInclude Include="..\Vca_IPassiveConnector.h">
      <Filter>Header Files</Filter>
    </ClInclude>
    <ClInclude Include="..\Vca_IPassiveConnector_Gofers.h">
      <Filter>Header Files</Filter>
    </ClInclude>
    <ClInclude Include="..\Vca_IPassiveServer.h">
      <Filter>Header Files</Filter>
    </ClInclude>
    <ClInclude Include="..\Vca_IPassiveServer_Gofers.h">
      <Filter>Header Files</Filter>
    </ClInclude>
    <ClInclude Include="..\Vca_IPeek.h">
      <Filter>Header Files</Filter>
    </ClInclude>
    <ClInclude Include="..\Vca_IPeer.h">
      <Filter>Header Files</Filter>
    </ClInclude>
    <ClInclude Include="..\Vca_IPeer_Ex1.h">
      <Filter>Header Files</Filter>
    </ClInclude>
    <ClInclude Include="..\Vca_IPeer_Ex2.h">
      <Filter>Header Files</Filter>
    </ClInclude>
    <ClInclude Include="..\Vca_IPipeFactory.h">
      <Filter>Header Files</Filter>
    </ClInclude>
    <ClInclude Include="..\Vca_IPipeSource.h">
      <Filter>Header Files</Filter>
    </ClInclude>
    <ClInclude Include="..\Vca_IPipeSource_Gofers.h">
      <Filter>Header Files</Filter>
    </ClInclude>
    <ClInclude Include="..\Vca_IPipeSourceClient.h">
      <Filter>Header Files</Filter>
    </ClInclude>
    <ClInclude Include="..\Vca_IProcess.h">
      <Filter>Header Files</Filter>
    </ClInclude>
    <ClInclude Include="..\Vca_IProcessFactory.h">
      <Filter>Header Files</Filter>
    </ClInclude>
    <ClInclude Include="..\Vca_IProcessFactoryClient.h">
      <Filter>Header Files</Filter>
    </ClInclude>
    <ClInclude Include="..\Vca_IProcessInfo.h">
      <Filter>Header Files</Filter>
    </ClInclude>
    <ClInclude Include="..\Vca_IProcessInfoSink.h">
      <Filter>Header Files</Filter>
    </ClInclude>
    <ClInclude Include="..\Vca_IRequest.h">
      <Filter>Header Files</Filter>
    </ClInclude>
    <ClInclude Include="..\Vca_IResource.h">
      <Filter>Header Files</Filter>
    </ClInclude>
    <ClInclude Include="..\Vca_IResourceClient.h">
      <Filter>Header Files</Filter>
    </ClInclude>
    <ClInclude Include="..\Vca_IRexecConnectionFactory.h">
      <Filter>Header Files</Filter>
    </ClInclude>
    <ClInclude Include="..\Vca_IRoleProvider.h">
      <Filter>Header Files</Filter>
    </ClInclude>
    <ClInclude Include="..\Vca_IRoleProvider2.h">
      <Filter>Header Files</Filter>
    </ClInclude>
    <ClInclude Include="..\Vca_IServerApplication.h">
      <Filter>Header Files</Filter>
    </ClInclude>
    <ClInclude Include="..\Vca_ISSHConnectionFactory.h">
      <Filter>Header Files</Filter>
    </ClInclude>
    <ClInclude Include="..\Vca_IStdPipeSource.h">
      <Filter>Header Files</Filter>
    </ClInclude>
    <ClInclude Include="..\Vca_IStdPipeSourceClient.h">
      <Filter>Header Files</Filter>
    </ClInclude>
    <ClInclude Include="..\Vca_ITrigger.h">
      <Filter>Header Files</Filter>
    </ClInclude>
    <ClInclude Include="..\Vca_Registry.h">
      <Filter>Header Files</Filter>
    </ClInclude>
    <ClInclude Include="..\Vca_Registry_IAccess.h">
      <Filter>Header Files</Filter>
    </ClInclude>
    <ClInclude Include="..\Vca_Registry_IAuthority.h">
      <Filter>Header Files</Filter>
    </ClInclude>
    <ClInclude Include="..\Vca_Registry_IContact.h">
      <Filter>Header Files</Filter>
    </ClInclude>
    <ClInclude Include="..\Vca_Registry_IRegistration.h">
      <Filter>Header Files</Filter>
    </ClInclude>
    <ClInclude Include="..\Vca_Registry_IRegistry.h">
      <Filter>Header Files</Filter>
    </ClInclude>
    <ClInclude Include="..\Vca_Registry_IUpdate.h">
      <Filter>Header Files</Filter>
    </ClInclude>
    <ClInclude Include="..\Vca_Registry_IUpdater.h">
      <Filter>Header Files</Filter>
    </ClInclude>
    <ClInclude Include="..\Vca_Registry_VAuthority.h">
      <Filter>Header Files</Filter>
    </ClInclude>
    <ClInclude Include="..\Vca_Registry_VRegistry.h">
      <Filter>Header Files</Filter>
    </ClInclude>
    <ClInclude Include="..\Vca_VActivity.h">
      <Filter>Header Files</Filter>
    </ClInclude>
    <ClInclude Include="..\Vca_VActivityFilter.h">
      <Filter>Header Files</Filter>
    </ClInclude>
    <ClInclude Include="..\Vca_VActivityModel.h">
      <Filter>Header Files</Filter>
    </ClInclude>
    <ClInclude Include="..\Vca_VActivityMonitor.h">
      <Filter>Header Files</Filter>
    </ClInclude>
    <ClInclude Include="..\Vca_VActivityRelay.h">
      <Filter>Header Files</Filter>
    </ClInclude>
    <ClInclude Include="..\Vca_VActivitySink.h">
      <Filter>Header Files</Filter>
    </ClInclude>
    <ClInclude Include="..\Vca_VBS.h">
      <Filter>Header Files</Filter>
    </ClInclude>
    <ClInclude Include="..\Vca_VBSConnector.h">
      <Filter>Header Files</Filter>
    </ClInclude>
    <ClInclude Include="..\Vca_VBSConsumer.h">
      <Filter>Header Files</Filter>
    </ClInclude>
    <ClInclude Include="..\Vca_VBSConsumerDevice_.h">
      <Filter>Header Files</Filter>
    </ClInclude>
    <ClInclude Include="..\Vca_VBSManager.h">
      <Filter>Header Files</Filter>
    </ClInclude>
    <ClInclude Include="..\Vca_VBSProducer.h">
      <Filter>Header Files</Filter>
    </ClInclude>
    <ClInclude Include="..\Vca_VBSProducerBitBucket.h">
      <Filter>Header Files</Filter>
    </ClInclude>
    <ClInclude Include="..\Vca_VBSProducerConsumerDevice_.h">
      <Filter>Header Files</Filter>
    </ClInclude>
    <ClInclude Include="..\Vca_VBSProducerDevice_.h">
      <Filter>Header Files</Filter>
    </ClInclude>
    <ClInclude Include="..\Vca_VcaConnection.h">
      <Filter>Header Files</Filter>
    </ClInclude>
    <ClInclude Include="..\Vca_VcaCredentialsProvider.h">
      <Filter>Header Files</Filter>
    </ClInclude>
    <ClInclude Include="..\Vca_VcaDirectoryBuilder.h">
      <Filter>Header Files</Filter>
    </ClInclude>
    <ClInclude Include="..\Vca_VcaGofer.h">
      <Filter>Header Files</Filter>
    </ClInclude>
    <ClInclude Include="..\Vca_VcaGofer_OneOf.h">
      <Filter>Header Files</Filter>
    </ClInclude>
    <ClInclude Include="..\Vca_VcaGofer_Retried.h">
      <Filter>Header Files</Filter>
    </ClInclude>
    <ClInclude Include="..\Vca_VcaGofer_Timeout.h">
      <Filter>Header Files</Filter>
    </ClInclude>
    <ClInclude Include="..\Vca_VcaGofer_Weakened.h">
      <Filter>Header Files</Filter>
    </ClInclude>
    <ClInclude Include="..\Vca_VcaListener.h">
      <Filter>Header Files</Filter>
    </ClInclude>
    <ClInclude Include="..\Vca_VCallbackTicket.h">
      <Filter>Header Files</Filter>
    </ClInclude>
    <ClInclude Include="..\Vca_VcaOffer.h">
      <Filter>Header Files</Filter>
    </ClInclude>
    <ClInclude Include="..\Vca_VcaOID.h">
      <Filter>Header Files</Filter>
    </ClInclude>
    <ClInclude Include="..\Vca_VcaOIDL.h">
      <Filter>Header Files</Filter>
    </ClInclude>
    <ClInclude Include="..\Vca_VcaOIDR.h">
      <Filter>Header Files</Filter>
    </ClInclude>
    <ClInclude Include="..\Vca_VcaPeer.h">
      <Filter>Header Files</Filter>
    </ClInclude>
    <ClInclude Include="..\Vca_VcaPeerCharacteristics.h">
      <Filter>Header Files</Filter>
    </ClInclude>
    <ClInclude Include="..\Vca_VcaProxyFacilitator.h">
      <Filter>Header Files</Filter>
    </ClInclude>
    <ClInclude Include="..\Vca_VcaRouteStatistics.h">
      <Filter>Header Files</Filter>
    </ClInclude>
    <ClInclude Include="..\Vca_VcaSelf.h">
      <Filter>Header Files</Filter>
    </ClInclude>
    <ClInclude Include="..\Vca_VcaSerializer.h">
      <Filter>Header Files</Filter>
    </ClInclude>
    <ClInclude Include="..\Vca_VcaSerializer_.h">
      <Filter>Header Files</Filter>
    </ClInclude>
    <ClInclude Include="..\Vca_VcaSerializerForVkDynamicArrayOf_.h">
      <Filter>Header Files</Filter>
    </ClInclude>
    <ClInclude Include="..\Vca_VcaSerializerForVkSetOf_.h">
      <Filter>Header Files</Filter>
    </ClInclude>
    <ClInclude Include="..\Vca_VcaSite.h">
      <Filter>Header Files</Filter>
    </ClInclude>
    <ClInclude Include="..\Vca_VcaThreadState.h">
      <Filter>Header Files</Filter>
    </ClInclude>
    <ClInclude Include="..\Vca_VcaTransport.h">
      <Filter>Header Files</Filter>
    </ClInclude>
    <ClInclude Include="..\Vca_VClassInfoHolder.h">
      <Filter>Header Files</Filter>
    </ClInclude>
    <ClInclude Include="..\Vca_VCohort.h">
      <Filter>Header Files</Filter>
    </ClInclude>
    <ClInclude Include="..\Vca_VConnection.h">
      <Filter>Header Files</Filter>
    </ClInclude>
    <ClInclude Include="..\Vca_VConnectionFactory.h">
      <Filter>Header Files</Filter>
    </ClInclude>
    <ClInclude Include="..\Vca_VConnectionPipeSource.h">
      <Filter>Header Files</Filter>
    </ClInclude>
    <ClInclude Include="..\Vca_VConnectionRequest.h">
      <Filter>Header Files</Filter>
    </ClInclude>
    <ClInclude Include="..\Vca_VDevice.h">
      <Filter>Header Files</Filter>
    </ClInclude>
    <ClInclude Include="..\Vca_VDevice_.h">
      <Filter>Header Files</Filter>
    </ClInclude>
    <ClInclude Include="..\Vca_VDeviceFactory.h">
      <Filter>Header Files</Filter>
    </ClInclude>
    <ClInclude Include="..\Vca_VDeviceImplementation.h">
      <Filter>Header Files</Filter>
    </ClInclude>
    <ClInclude Include="..\Vca_VDeviceManager.h">
      <Filter>Header Files</Filter>
    </ClInclude>
    <ClInclude Include="..\Vca_VDirectory.h">
      <Filter>Header Files</Filter>
    </ClInclude>
    <ClInclude Include="..\Vca_VDirectoryBuilder.h">
      <Filter>Header Files</Filter>
    </ClInclude>
    <ClInclude Include="..\Vca_VEvent.h">
      <Filter>Header Files</Filter>
    </ClInclude>
    <ClInclude Include="..\Vca_VFDIODeviceImplementation.h">
      <Filter>Header Files</Filter>
    </ClInclude>
    <ClInclude Include="..\Vca_VFilterDeviceFactory.h">
      <Filter>Header Files</Filter>
    </ClInclude>
    <ClInclude Include="..\Vca_VFilterDeviceFactory_.h">
      <Filter>Header Files</Filter>
    </ClInclude>
    <ClInclude Include="..\Vca_VFilterDeviceImplementation.h">
      <Filter>Header Files</Filter>
    </ClInclude>
    <ClInclude Include="..\Vca_VFilterPipeSource_.h">
      <Filter>Header Files</Filter>
    </ClInclude>
    <ClInclude Include="..\Vca_VFilterPipeSourceTransaction_.h">
      <Filter>Header Files</Filter>
    </ClInclude>
    <ClInclude Include="..\Vca_VGofer.h">
      <Filter>Header Files</Filter>
    </ClInclude>
    <ClInclude Include="..\Vca_VGoferExogenous.h">
      <Filter>Header Files</Filter>
    </ClInclude>
    <ClInclude Include="..\Vca_VGoferExogenousInterface.h">
      <Filter>Header Files</Filter>
    </ClInclude>
    <ClInclude Include="..\Vca_VGofering.h">
      <Filter>Header Files</Filter>
    </ClInclude>
    <ClInclude Include="..\Vca_VGoferInstance.h">
      <Filter>Header Files</Filter>
    </ClInclude>
    <ClInclude Include="..\Vca_VGoferInterface.h">
      <Filter>Header Files</Filter>
    </ClInclude>
    <ClInclude Include="..\Vca_VInstanceHolder.h">
      <Filter>Header Files</Filter>
    </ClInclude>
    <ClInclude Include="..\Vca_VInstanceOf.h">
      <Filter>Header Files</Filter>
    </ClInclude>
    <ClInclude Include="..\Vca_VInstanceOfInterface.h">
      <Filter>Header Files</Filter>
    </ClInclude>
    <ClInclude Include="..\Vca_VInstanceSource.h">
      <Filter>Header Files</Filter>
    </ClInclude>
    <ClInclude Include="..\Vca_VInterfaceEKG.h">
      <Filter>Header Files</Filter>
    </ClInclude>
    <ClInclude Include="..\Vca_VInterfaceMember.h">
      <Filter>Header Files</Filter>
    </ClInclude>
    <ClInclude Include="..\Vca_VInterfaceQuery.h">
      <Filter>Header Files</Filter>
    </ClInclude>
    <ClInclude Include="..\Vca_VInterfaceSource_.h">
      <Filter>Header Files</Filter>
    </ClInclude>
    <ClInclude Include="..\Vca_VLineGrabber.h">
      <Filter>Header Files</Filter>
    </ClInclude>
    <ClInclude Include="..\Vca_VListener.h">
      <Filter>Header Files</Filter>
    </ClInclude>
    <ClInclude Include="..\Vca_VListenerFactory.h">
      <Filter>Header Files</Filter>
    </ClInclude>
    <ClInclude Include="..\Vca_VListeningDevice_.h">
      <Filter>Header Files</Filter>
    </ClInclude>
    <ClInclude Include="..\Vca_VLoopbackDeviceFactory.h">
      <Filter>Header Files</Filter>
    </ClInclude>
    <ClInclude Include="..\Vca_VLoopbackDeviceImplementation.h">
      <Filter>Header Files</Filter>
    </ClInclude>
    <ClInclude Include="..\Vca_VManager.h">
      <Filter>Header Files</Filter>
    </ClInclude>
    <ClInclude Include="..\Vca_VMessage.h">
      <Filter>Header Files</Filter>
    </ClInclude>
    <ClInclude Include="..\Vca_VMessageManager.h">
      <Filter>Header Files</Filter>
    </ClInclude>
    <ClInclude Include="..\Vca_VMessageScheduler.h">
      <Filter>Header Files</Filter>
    </ClInclude>
    <ClInclude Include="..\Vca_VMessageStarter.h">
      <Filter>Header Files</Filter>
    </ClInclude>
    <ClInclude Include="..\Vca_VNullDeviceFactory.h">
      <Filter>Header Files</Filter>
    </ClInclude>
    <ClInclude Include="..\Vca_VNullDeviceImplementation.h">
      <Filter>Header Files</Filter>
    </ClInclude>
    <ClInclude Include="..\Vca_VOutputSequencer.h">
      <Filter>Header Files</Filter>
    </ClInclude>
    <ClInclude Include="..\Vca_VPassiveAgent.h">
      <Filter>Header Files</Filter>
    </ClInclude>
    <ClInclude Include="..\Vca_VPassiveCallback.h">
      <Filter>Header Files</Filter>
    </ClInclude>
    <ClInclude Include="..\Vca_VPassiveConnector.h">
      <Filter>Header Files</Filter>
    </ClInclude>
    <ClInclude Include="..\Vca_VPassiveDirectiveAgent.h">
      <Filter>Header Files</Filter>
    </ClInclude>
    <ClInclude Include="..\Vca_VPassiveProcessAgent.h">
      <Filter>Header Files</Filter>
    </ClInclude>
    <ClInclude Include="..\Vca_VPipeSource.h">
      <Filter>Header Files</Filter>
    </ClInclude>
    <ClInclude Include="..\Vca_VProcess.h">
      <Filter>Header Files</Filter>
    </ClInclude>
    <ClInclude Include="..\Vca_VProcessFactory.h">
      <Filter>Header Files</Filter>
    </ClInclude>
    <ClInclude Include="..\Vca_VPublication.h">
      <Filter>Header Files</Filter>
    </ClInclude>
    <ClInclude Include="..\Vca_VPublisher.h">
      <Filter>Header Files</Filter>
    </ClInclude>
    <ClInclude Include="..\Vca_VReceiver.h">
      <Filter>Header Files</Filter>
    </ClInclude>
    <ClInclude Include="..\Vca_VRexecConnectionFactory.h">
      <Filter>Header Files</Filter>
    </ClInclude>
    <ClInclude Include="..\Vca_VRoleHolder.h">
      <Filter>Header Files</Filter>
    </ClInclude>
    <ClInclude Include="..\Vca_VRolePlayer.h">
      <Filter>Header Files</Filter>
    </ClInclude>
    <ClInclude Include="..\Vca_VSiteInfo.h">
      <Filter>Header Files</Filter>
    </ClInclude>
    <ClInclude Include="..\Vca_VSSHConnectionFactory.h">
      <Filter>Header Files</Filter>
    </ClInclude>
    <ClInclude Include="..\Vca_VSSHDeviceImplementation.h">
      <Filter>Header Files</Filter>
    </ClInclude>
    <ClInclude Include="..\Vca_VStatus.h">
      <Filter>Header Files</Filter>
    </ClInclude>
    <ClInclude Include="..\Vca_VStdPipeSource.h">
      <Filter>Header Files</Filter>
    </ClInclude>
    <ClInclude Include="..\Vca_VStockDeviceFactory.h">
      <Filter>Header Files</Filter>
    </ClInclude>
    <ClInclude Include="..\Vca_VStockDeviceFactory_.h">
      <Filter>Header Files</Filter>
    </ClInclude>
    <ClInclude Include="..\Vca_VStreamSink.h">
      <Filter>Header Files</Filter>
    </ClInclude>
    <ClInclude Include="..\Vca_VStreamSource.h">
      <Filter>Header Files</Filter>
    </ClInclude>
    <ClInclude Include="..\Vca_VSubscription.h">
      <Filter>Header Files</Filter>
    </ClInclude>
    <ClInclude Include="..\Vca_VSubscriptionManager.h">
      <Filter>Header Files</Filter>
    </ClInclude>
    <ClInclude Include="..\Vca_VTimer.h">
      <Filter>Header Files</Filter>
    </ClInclude>
    <ClInclude Include="..\Vca_VTrigger.h">
      <Filter>Header Files</Filter>
    </ClInclude>
    <ClInclude Include="..\Vca_VTriggerableTicket.h">
      <Filter>Header Files</Filter>
    </ClInclude>
    <ClInclude Include="..\Vca_VTriggerSet.h">
      <Filter>Header Files</Filter>
    </ClInclude>
    <ClInclude Include="..\Vca_VTriggerTicket.h">
      <Filter>Header Files</Filter>
    </ClInclude>
    <ClInclude Include="..\Vca_VTuple.h">
      <Filter>Header Files</Filter>
    </ClInclude>
    <ClInclude Include="..\Vca_VTypeInfoHolder.h">
      <Filter>Header Files</Filter>
    </ClInclude>
    <ClInclude Include="..\Vca_VTypeInfoHolderFor.h">
      <Filter>Header Files</Filter>
    </ClInclude>
    <ClInclude Include="..\Vca_VTypeInfoHolderForArrayOf.h">
      <Filter>Header Files</Filter>
    </ClInclude>
    <ClInclude Include="..\Vca_VTypeInfoHolderForReferenceable.h">
      <Filter>Header Files</Filter>
    </ClInclude>
    <ClInclude Include="..\Vca_VTypeInfoHolderForSerializable.h">
      <Filter>Header Files</Filter>
    </ClInclude>
    <ClInclude Include="..\Vca_VTypeInfoHolderForSetOf.h">
      <Filter>Header Files</Filter>
    </ClInclude>
    <ClInclude Include="..\Vca_VTypeInfoHolderFromSerializer.h">
      <Filter>Header Files</Filter>
    </ClInclude>
    <ClInclude Include="..\Vca_VTypePattern.h">
      <Filter>Header Files</Filter>
    </ClInclude>
    <ClInclude Include="..\VkSocketAddress.h">
      <Filter>Header Files</Filter>
    </ClInclude>
    <ClInclude Include="..\VPath.h">
      <Filter>Header Files</Filter>
    </ClInclude>
    <ClInclude Include="..\VPeerData.h">
      <Filter>Header Files</Filter>
    </ClInclude>
    <ClInclude Include="..\VPeerDataArray.h">
      <Filter>Header Files</Filter>
    </ClInclude>
    <ClInclude Include="..\VReceiver.h">
      <Filter>Header Files</Filter>
    </ClInclude>
    <ClInclude Include="..\VTypeInfo.h">
      <Filter>Header Files</Filter>
    </ClInclude>
    <ClInclude Include="..\VTypeTraits.h">
      <Filter>Header Files</Filter>
    </ClInclude>
  </ItemGroup>
</Project>
