<?xml version="1.0" encoding="utf-8"?>
<Project ToolsVersion="4.0" xmlns="http://schemas.microsoft.com/developer/msbuild/2003">
  <ItemGroup>
    <Filter Include="Source Files">
      <UniqueIdentifier>{062aedbd-9630-4d15-8e8c-95e37da187b4}</UniqueIdentifier>
      <Extensions>cpp;c;cxx;rc;def;r;odl;idl;hpj;bat</Extensions>
    </Filter>
    <Filter Include="Header Files">
      <UniqueIdentifier>{191b6044-82f7-4638-b668-ea2a53c17a65}</UniqueIdentifier>
      <Extensions>h;hpp;hxx;hm;inl</Extensions>
    </Filter>
    <Filter Include="Resource Files">
      <UniqueIdentifier>{bce8343c-c604-497d-9e31-b5f2c74ed67d}</UniqueIdentifier>
      <Extensions>ico;cur;bmp;dlg;rc2;rct;bin;rgs;gif;jpg;jpeg;jpe</Extensions>
    </Filter>
  </ItemGroup>
  <ItemGroup>
    <ClCompile Include="..\kernel\IVReceiver.cpp">
      <Filter>Source Files</Filter>
    </ClCompile>
    <ClCompile Include="..\kernel\IVUnknown.cpp">
      <Filter>Source Files</Filter>
    </ClCompile>
    <ClCompile Include="..\kernel\Vca.cpp">
      <Filter>Source Files</Filter>
    </ClCompile>
    <ClCompile Include="..\kernel\Vca_IAckReceiver.cpp">
      <Filter>Source Files</Filter>
    </ClCompile>
    <ClCompile Include="..\kernel\Vca_IActivity.cpp">
      <Filter>Source Files</Filter>
    </ClCompile>
    <ClCompile Include="..\kernel\Vca_IActivityProxy.cpp">
      <Filter>Source Files</Filter>
    </ClCompile>
    <ClCompile Include="..\kernel\Vca_IActivitySink.cpp">
      <Filter>Source Files</Filter>
    </ClCompile>
    <ClCompile Include="..\kernel\Vca_IActivitySource.cpp">
      <Filter>Source Files</Filter>
    </ClCompile>
    <ClCompile Include="..\kernel\Vca_IApplication.cpp">
      <Filter>Source Files</Filter>
    </ClCompile>
    <ClCompile Include="..\kernel\Vca_IBinding.cpp">
      <Filter>Source Files</Filter>
    </ClCompile>
    <ClCompile Include="..\kernel\Vca_IBSClient.cpp">
      <Filter>Source Files</Filter>
    </ClCompile>
    <ClCompile Include="..\kernel\Vca_IBSConsumer.cpp">
      <Filter>Source Files</Filter>
    </ClCompile>
    <ClCompile Include="..\kernel\Vca_IBSConsumerClient.cpp">
      <Filter>Source Files</Filter>
    </ClCompile>
    <ClCompile Include="..\kernel\Vca_IBSProducer.cpp">
      <Filter>Source Files</Filter>
    </ClCompile>
    <ClCompile Include="..\kernel\Vca_IBSProducerClient.cpp">
      <Filter>Source Files</Filter>
    </ClCompile>
    <ClCompile Include="..\kernel\Vca_IClient.cpp">
      <Filter>Source Files</Filter>
    </ClCompile>
    <ClCompile Include="..\kernel\Vca_IConnection.cpp">
      <Filter>Source Files</Filter>
    </ClCompile>
    <ClCompile Include="..\kernel\Vca_IConnectionFactory.cpp">
      <Filter>Source Files</Filter>
    </ClCompile>
    <ClCompile Include="..\kernel\Vca_IConnectionRequest.cpp">
      <Filter>Source Files</Filter>
    </ClCompile>
    <ClCompile Include="..\kernel\Vca_IDataSource.cpp">
      <Filter>Source Files</Filter>
    </ClCompile>
    <ClCompile Include="..\kernel\Vca_IDevice.cpp">
      <Filter>Source Files</Filter>
    </ClCompile>
    <ClCompile Include="..\kernel\Vca_IDirectory.cpp">
      <Filter>Source Files</Filter>
    </ClCompile>
    <ClCompile Include="..\kernel\Vca_IDirectoryEntry.cpp">
      <Filter>Source Files</Filter>
    </ClCompile>
    <ClCompile Include="..\kernel\Vca_IError.cpp">
      <Filter>Source Files</Filter>
    </ClCompile>
    <ClCompile Include="..\kernel\Vca_IEvent.cpp">
      <Filter>Source Files</Filter>
    </ClCompile>
    <ClCompile Include="..\kernel\Vca_IEventSink.cpp">
      <Filter>Source Files</Filter>
    </ClCompile>
    <ClCompile Include="..\kernel\Vca_IGetter.cpp">
      <Filter>Source Files</Filter>
    </ClCompile>
    <ClCompile Include="..\kernel\Vca_IGetter_Ex2.cpp">
      <Filter>Source Files</Filter>
    </ClCompile>
    <ClCompile Include="..\kernel\Vca_IListener.cpp">
      <Filter>Source Files</Filter>
    </ClCompile>
    <ClCompile Include="..\kernel\Vca_IListenerClient.cpp">
      <Filter>Source Files</Filter>
    </ClCompile>
    <ClCompile Include="..\kernel\Vca_IListenerFactory.cpp">
      <Filter>Source Files</Filter>
    </ClCompile>
    <ClCompile Include="..\kernel\Vca_INamespace.cpp">
      <Filter>Source Files</Filter>
    </ClCompile>
    <ClCompile Include="..\kernel\Vca_INeedYou.cpp">
      <Filter>Source Files</Filter>
    </ClCompile>
    <ClCompile Include="..\kernel\Vca_IPassiveCall.cpp">
      <Filter>Source Files</Filter>
    </ClCompile>
    <ClCompile Include="..\kernel\Vca_IPassiveCallback.cpp">
      <Filter>Source Files</Filter>
    </ClCompile>
    <ClCompile Include="..\kernel\Vca_IPassiveCallback_Gofers.cpp">
      <Filter>Source Files</Filter>
    </ClCompile>
    <ClCompile Include="..\kernel\Vca_IPassiveClient.cpp">
      <Filter>Source Files</Filter>
    </ClCompile>
    <ClCompile Include="..\kernel\Vca_IPassiveConnector.cpp">
      <Filter>Source Files</Filter>
    </ClCompile>
    <ClCompile Include="..\kernel\Vca_IPassiveConnector_Gofers.cpp">
      <Filter>Source Files</Filter>
    </ClCompile>
    <ClCompile Include="..\kernel\Vca_IPassiveServer.cpp">
      <Filter>Source Files</Filter>
    </ClCompile>
    <ClCompile Include="..\kernel\Vca_IPassiveServer_Gofers.cpp">
      <Filter>Source Files</Filter>
    </ClCompile>
    <ClCompile Include="..\kernel\Vca_IPeek.cpp">
      <Filter>Source Files</Filter>
    </ClCompile>
    <ClCompile Include="..\kernel\Vca_IPeer.cpp">
      <Filter>Source Files</Filter>
    </ClCompile>
    <ClCompile Include="..\kernel\Vca_IPeer_Ex1.cpp">
      <Filter>Source Files</Filter>
    </ClCompile>
    <ClCompile Include="..\kernel\Vca_IPeer_Ex2.cpp">
      <Filter>Source Files</Filter>
    </ClCompile>
    <ClCompile Include="..\kernel\Vca_IPipeFactory.cpp">
      <Filter>Source Files</Filter>
    </ClCompile>
    <ClCompile Include="..\kernel\Vca_IPipeSource.cpp">
      <Filter>Source Files</Filter>
    </ClCompile>
    <ClCompile Include="..\kernel\Vca_IPipeSource_Gofers.cpp">
      <Filter>Source Files</Filter>
    </ClCompile>
    <ClCompile Include="..\kernel\Vca_IPipeSourceClient.cpp">
      <Filter>Source Files</Filter>
    </ClCompile>
    <ClCompile Include="..\kernel\Vca_IProcess.cpp">
      <Filter>Source Files</Filter>
    </ClCompile>
    <ClCompile Include="..\kernel\Vca_IProcessFactory.cpp">
      <Filter>Source Files</Filter>
    </ClCompile>
    <ClCompile Include="..\kernel\Vca_IProcessFactoryClient.cpp">
      <Filter>Source Files</Filter>
    </ClCompile>
    <ClCompile Include="..\kernel\Vca_IProcessInfo.cpp">
      <Filter>Source Files</Filter>
    </ClCompile>
    <ClCompile Include="..\kernel\Vca_IProcessInfoSink.cpp">
      <Filter>Source Files</Filter>
    </ClCompile>
    <ClCompile Include="..\kernel\Vca_IRequest.cpp">
      <Filter>Source Files</Filter>
    </ClCompile>
    <ClCompile Include="..\kernel\Vca_IResource.cpp">
      <Filter>Source Files</Filter>
    </ClCompile>
    <ClCompile Include="..\kernel\Vca_IResourceClient.cpp">
      <Filter>Source Files</Filter>
    </ClCompile>
    <ClCompile Include="..\kernel\Vca_IRexecConnectionFactory.cpp">
      <Filter>Source Files</Filter>
    </ClCompile>
    <ClCompile Include="..\kernel\Vca_IRoleProvider.cpp">
      <Filter>Source Files</Filter>
    </ClCompile>
    <ClCompile Include="..\kernel\Vca_IRoleProvider2.cpp">
      <Filter>Source Files</Filter>
    </ClCompile>
    <ClCompile Include="..\kernel\Vca_IServerApplication.cpp">
      <Filter>Source Files</Filter>
    </ClCompile>
    <ClCompile Include="..\kernel\Vca_ISSHConnectionFactory.cpp">
      <Filter>Source Files</Filter>
    </ClCompile>
    <ClCompile Include="..\kernel\Vca_IStdPipeSource.cpp">
      <Filter>Source Files</Filter>
    </ClCompile>
    <ClCompile Include="..\kernel\Vca_IStdPipeSourceClient.cpp">
      <Filter>Source Files</Filter>
    </ClCompile>
    <ClCompile Include="..\kernel\Vca_ITrigger.cpp">
      <Filter>Source Files</Filter>
    </ClCompile>
    <ClCompile Include="..\kernel\Vca_Registry.cpp">
      <Filter>Source Files</Filter>
    </ClCompile>
    <ClCompile Include="..\kernel\Vca_Registry_IAccess.cpp">
      <Filter>Source Files</Filter>
    </ClCompile>
    <ClCompile Include="..\kernel\Vca_Registry_IAuthority.cpp">
      <Filter>Source Files</Filter>
    </ClCompile>
    <ClCompile Include="..\kernel\Vca_Registry_IContact.cpp">
      <Filter>Source Files</Filter>
    </ClCompile>
    <ClCompile Include="..\kernel\Vca_Registry_IRegistration.cpp">
      <Filter>Source Files</Filter>
    </ClCompile>
    <ClCompile Include="..\kernel\Vca_Registry_IRegistry.cpp">
      <Filter>Source Files</Filter>
    </ClCompile>
    <ClCompile Include="..\kernel\Vca_Registry_IUpdate.cpp">
      <Filter>Source Files</Filter>
    </ClCompile>
    <ClCompile Include="..\kernel\Vca_Registry_IUpdater.cpp">
      <Filter>Source Files</Filter>
    </ClCompile>
    <ClCompile Include="..\kernel\Vca_Registry_VAuthority.cpp">
      <Filter>Source Files</Filter>
    </ClCompile>
    <ClCompile Include="..\kernel\Vca_Registry_VRegistry.cpp">
      <Filter>Source Files</Filter>
    </ClCompile>
    <ClCompile Include="..\kernel\Vca_VActivity.cpp">
      <Filter>Source Files</Filter>
    </ClCompile>
    <ClCompile Include="..\kernel\Vca_VActivityFilter.cpp">
      <Filter>Source Files</Filter>
    </ClCompile>
    <ClCompile Include="..\kernel\Vca_VActivityModel.cpp">
      <Filter>Source Files</Filter>
    </ClCompile>
    <ClCompile Include="..\kernel\Vca_VActivityMonitor.cpp">
      <Filter>Source Files</Filter>
    </ClCompile>
    <ClCompile Include="..\kernel\Vca_VActivityRelay.cpp">
      <Filter>Source Files</Filter>
    </ClCompile>
    <ClCompile Include="..\kernel\Vca_VActivitySink.cpp">
      <Filter>Source Files</Filter>
    </ClCompile>
    <ClCompile Include="..\kernel\Vca_VBS.cpp">
      <Filter>Source Files</Filter>
    </ClCompile>
    <ClCompile Include="..\kernel\Vca_VBSConnector.cpp">
      <Filter>Source Files</Filter>
    </ClCompile>
    <ClCompile Include="..\kernel\Vca_VBSConsumer.cpp">
      <Filter>Source Files</Filter>
    </ClCompile>
    <ClCompile Include="..\kernel\Vca_VBSManager.cpp">
      <Filter>Source Files</Filter>
    </ClCompile>
    <ClCompile Include="..\kernel\Vca_VBSProducer.cpp">
      <Filter>Source Files</Filter>
    </ClCompile>
    <ClCompile Include="..\kernel\Vca_VBSProducerBitBucket.cpp">
      <Filter>Source Files</Filter>
    </ClCompile>
    <ClCompile Include="..\kernel\Vca_VcaConnection.cpp">
      <Filter>Source Files</Filter>
    </ClCompile>
    <ClCompile Include="..\kernel\Vca_VcaCredentialsProvider.cpp">
      <Filter>Source Files</Filter>
    </ClCompile>
    <ClCompile Include="..\kernel\Vca_VcaDirectoryBuilder.cpp">
      <Filter>Source Files</Filter>
    </ClCompile>
    <ClCompile Include="..\kernel\Vca_VcaGofer.cpp">
      <Filter>Source Files</Filter>
    </ClCompile>
    <ClCompile Include="..\kernel\Vca_VcaListener.cpp">
      <Filter>Source Files</Filter>
    </ClCompile>
    <ClCompile Include="..\kernel\Vca_VCallbackTicket.cpp">
      <Filter>Source Files</Filter>
    </ClCompile>
    <ClCompile Include="..\kernel\Vca_VcaOffer.cpp">
      <Filter>Source Files</Filter>
    </ClCompile>
    <ClCompile Include="..\kernel\Vca_VcaOID.cpp">
      <Filter>Source Files</Filter>
    </ClCompile>
    <ClCompile Include="..\kernel\Vca_VcaOIDL.cpp">
      <Filter>Source Files</Filter>
    </ClCompile>
    <ClCompile Include="..\kernel\Vca_VcaOIDR.cpp">
      <Filter>Source Files</Filter>
    </ClCompile>
    <ClCompile Include="..\kernel\Vca_VcaPeer.cpp">
      <Filter>Source Files</Filter>
    </ClCompile>
    <ClCompile Include="..\kernel\Vca_VcaPeerCharacteristics.cpp">
      <Filter>Source Files</Filter>
    </ClCompile>
    <ClCompile Include="..\kernel\Vca_VcaProxyFacilitator.cpp">
      <Filter>Source Files</Filter>
    </ClCompile>
    <ClCompile Include="..\kernel\Vca_VcaRouteStatistics.cpp">
      <Filter>Source Files</Filter>
    </ClCompile>
    <ClCompile Include="..\kernel\Vca_VcaSelf.cpp">
      <Filter>Source Files</Filter>
    </ClCompile>
    <ClCompile Include="..\kernel\Vca_VcaSerializer.cpp">
      <Filter>Source Files</Filter>
    </ClCompile>
    <ClCompile Include="..\kernel\Vca_VcaSerializer_.cpp">
      <Filter>Source Files</Filter>
    </ClCompile>
    <ClCompile Include="..\kernel\Vca_VcaSite.cpp">
      <Filter>Source Files</Filter>
    </ClCompile>
    <ClCompile Include="..\kernel\Vca_VcaThreadState.cpp">
      <Filter>Source Files</Filter>
    </ClCompile>
    <ClCompile Include="..\kernel\Vca_VcaTransport.cpp">
      <Filter>Source Files</Filter>
    </ClCompile>
    <ClCompile Include="..\kernel\Vca_VClassInfoHolder.cpp">
      <Filter>Source Files</Filter>
    </ClCompile>
    <ClCompile Include="..\kernel\Vca_VCohort.cpp">
      <Filter>Source Files</Filter>
    </ClCompile>
    <ClCompile Include="..\kernel\Vca_VConnection.cpp">
      <Filter>Source Files</Filter>
    </ClCompile>
    <ClCompile Include="..\kernel\Vca_VConnectionFactory.cpp">
      <Filter>Source Files</Filter>
    </ClCompile>
    <ClCompile Include="..\kernel\Vca_VConnectionPipeSource.cpp">
      <Filter>Source Files</Filter>
    </ClCompile>
    <ClCompile Include="..\kernel\Vca_VConnectionRequest.cpp">
      <Filter>Source Files</Filter>
    </ClCompile>
    <ClCompile Include="..\kernel\Vca_VDevice.cpp">
      <Filter>Source Files</Filter>
    </ClCompile>
    <ClCompile Include="..\kernel\Vca_VDeviceFactory.cpp">
      <Filter>Source Files</Filter>
    </ClCompile>
    <ClCompile Include="..\kernel\Vca_VDeviceImplementation.cpp">
      <Filter>Source Files</Filter>
    </ClCompile>
    <ClCompile Include="..\kernel\Vca_VDeviceManager.cpp">
      <Filter>Source Files</Filter>
    </ClCompile>
    <ClCompile Include="..\kernel\Vca_VDirectory.cpp">
      <Filter>Source Files</Filter>
    </ClCompile>
    <ClCompile Include="..\kernel\Vca_VDirectoryBuilder.cpp">
      <Filter>Source Files</Filter>
    </ClCompile>
    <ClCompile Include="..\kernel\Vca_VEvent.cpp">
      <Filter>Source Files</Filter>
    </ClCompile>
    <ClCompile Include="..\kernel\Vca_VFDIODeviceImplementation.cpp">
      <Filter>Source Files</Filter>
    </ClCompile>
    <ClCompile Include="..\kernel\Vca_VFilterDeviceFactory.cpp">
      <Filter>Source Files</Filter>
    </ClCompile>
    <ClCompile Include="..\kernel\Vca_VFilterDeviceImplementation.cpp">
      <Filter>Source Files</Filter>
    </ClCompile>
    <ClCompile Include="..\kernel\Vca_VGofer.cpp">
      <Filter>Source Files</Filter>
    </ClCompile>
    <ClCompile Include="..\kernel\Vca_VInterfaceMember.cpp">
      <Filter>Source Files</Filter>
    </ClCompile>
    <ClCompile Include="..\kernel\Vca_VInterfaceQuery.cpp">
      <Filter>Source Files</Filter>
    </ClCompile>
    <ClCompile Include="..\kernel\Vca_VLineGrabber.cpp">
      <Filter>Source Files</Filter>
    </ClCompile>
    <ClCompile Include="..\kernel\Vca_VListener.cpp">
      <Filter>Source Files</Filter>
    </ClCompile>
    <ClCompile Include="..\kernel\Vca_VListenerFactory.cpp">
      <Filter>Source Files</Filter>
    </ClCompile>
    <ClCompile Include="..\kernel\Vca_VLoopbackDeviceFactory.cpp">
      <Filter>Source Files</Filter>
    </ClCompile>
    <ClCompile Include="..\kernel\Vca_VLoopbackDeviceImplementation.cpp">
      <Filter>Source Files</Filter>
    </ClCompile>
    <ClCompile Include="..\kernel\Vca_VManager.cpp">
      <Filter>Source Files</Filter>
    </ClCompile>
    <ClCompile Include="..\kernel\Vca_VMessage.cpp">
      <Filter>Source Files</Filter>
    </ClCompile>
    <ClCompile Include="..\kernel\Vca_VMessageManager.cpp">
      <Filter>Source Files</Filter>
    </ClCompile>
    <ClCompile Include="..\kernel\Vca_VMessageScheduler.cpp">
      <Filter>Source Files</Filter>
    </ClCompile>
    <ClCompile Include="..\kernel\Vca_VNullDeviceFactory.cpp">
      <Filter>Source Files</Filter>
    </ClCompile>
    <ClCompile Include="..\kernel\Vca_VNullDeviceImplementation.cpp">
      <Filter>Source Files</Filter>
    </ClCompile>
    <ClCompile Include="..\kernel\Vca_VOutputSequencer.cpp">
      <Filter>Source Files</Filter>
    </ClCompile>
    <ClCompile Include="..\kernel\Vca_VPassiveAgent.cpp">
      <Filter>Source Files</Filter>
    </ClCompile>
    <ClCompile Include="..\kernel\Vca_VPassiveCallback.cpp">
      <Filter>Source Files</Filter>
    </ClCompile>
    <ClCompile Include="..\kernel\Vca_VPassiveConnector.cpp">
      <Filter>Source Files</Filter>
    </ClCompile>
    <ClCompile Include="..\kernel\Vca_VPassiveDirectiveAgent.cpp">
      <Filter>Source Files</Filter>
    </ClCompile>
    <ClCompile Include="..\kernel\Vca_VPassiveProcessAgent.cpp">
      <Filter>Source Files</Filter>
    </ClCompile>
    <ClCompile Include="..\kernel\Vca_VPipeSource.cpp">
      <Filter>Source Files</Filter>
    </ClCompile>
    <ClCompile Include="..\kernel\Vca_VProcess.cpp">
      <Filter>Source Files</Filter>
    </ClCompile>
    <ClCompile Include="..\kernel\Vca_VProcessFactory.cpp">
      <Filter>Source Files</Filter>
    </ClCompile>
    <ClCompile Include="..\kernel\Vca_VPublication.cpp">
      <Filter>Source Files</Filter>
    </ClCompile>
    <ClCompile Include="..\kernel\Vca_VPublisher.cpp">
      <Filter>Source Files</Filter>
    </ClCompile>
    <ClCompile Include="..\kernel\Vca_VRexecConnectionFactory.cpp">
      <Filter>Source Files</Filter>
    </ClCompile>
    <ClCompile Include="..\kernel\Vca_VRoleHolder.cpp">
      <Filter>Source Files</Filter>
    </ClCompile>
    <ClCompile Include="..\kernel\Vca_VRolePlayer.cpp">
      <Filter>Source Files</Filter>
    </ClCompile>
    <ClCompile Include="..\kernel\Vca_VSiteInfo.cpp">
      <Filter>Source Files</Filter>
    </ClCompile>
    <ClCompile Include="..\kernel\Vca_VSSHConnectionFactory.cpp">
      <Filter>Source Files</Filter>
    </ClCompile>
    <ClCompile Include="..\kernel\Vca_VStatus.cpp">
      <Filter>Source Files</Filter>
    </ClCompile>
    <ClCompile Include="..\kernel\Vca_VStdPipeSource.cpp">
      <Filter>Source Files</Filter>
    </ClCompile>
    <ClCompile Include="..\kernel\Vca_VStockDeviceFactory.cpp">
      <Filter>Source Files</Filter>
    </ClCompile>
    <ClCompile Include="..\kernel\Vca_VStreamSink.cpp">
      <Filter>Source Files</Filter>
    </ClCompile>
    <ClCompile Include="..\kernel\Vca_VStreamSource.cpp">
      <Filter>Source Files</Filter>
    </ClCompile>
    <ClCompile Include="..\kernel\Vca_VSubscriptionManager.cpp">
      <Filter>Source Files</Filter>
    </ClCompile>
    <ClCompile Include="..\kernel\Vca_VTimer.cpp">
      <Filter>Source Files</Filter>
    </ClCompile>
    <ClCompile Include="..\kernel\Vca_VTriggerableTicket.cpp">
      <Filter>Source Files</Filter>
    </ClCompile>
    <ClCompile Include="..\kernel\Vca_VTriggerSet.cpp">
      <Filter>Source Files</Filter>
    </ClCompile>
    <ClCompile Include="..\kernel\Vca_VTriggerTicket.cpp">
      <Filter>Source Files</Filter>
    </ClCompile>
    <ClCompile Include="..\kernel\Vca_VTypeInfoHolder.cpp">
      <Filter>Source Files</Filter>
    </ClCompile>
    <ClCompile Include="..\kernel\VkSocketAddress.cpp">
      <Filter>Source Files</Filter>
    </ClCompile>
    <ClCompile Include="..\kernel\VPath.cpp">
      <Filter>Source Files</Filter>
    </ClCompile>
    <ClCompile Include="..\kernel\VPeerData.cpp">
      <Filter>Source Files</Filter>
    </ClCompile>
    <ClCompile Include="..\kernel\VPeerDataArray.cpp">
      <Filter>Source Files</Filter>
    </ClCompile>
    <ClCompile Include="..\kernel\VTypeInfo.cpp">
      <Filter>Source Files</Filter>
    </ClCompile>
  </ItemGroup>
  <ItemGroup>
    <ResourceCompile Include="Vca.rc">
      <Filter>Source Files</Filter>
    </ResourceCompile>
  </ItemGroup>
  <ItemGroup>
    <ClInclude Include="resource.h">
      <Filter>Header Files</Filter>
    </ClInclude>
    <ClInclude Include="..\kernel\IVReceiver.h">
      <Filter>Header Files</Filter>
    </ClInclude>
    <ClInclude Include="..\kernel\IVReceiver_NRK.h">
      <Filter>Header Files</Filter>
    </ClInclude>
    <ClInclude Include="..\kernel\IVUnknown.h">
      <Filter>Header Files</Filter>
    </ClInclude>
    <ClInclude Include="..\kernel\Vca.h">
      <Filter>Header Files</Filter>
    </ClInclude>
    <ClInclude Include="..\kernel\Vca_CompilerHappyPill.h">
      <Filter>Header Files</Filter>
    </ClInclude>
    <ClInclude Include="..\kernel\Vca_IAckReceiver.h">
      <Filter>Header Files</Filter>
    </ClInclude>
    <ClInclude Include="..\kernel\Vca_IActivity.h">
      <Filter>Header Files</Filter>
    </ClInclude>
    <ClInclude Include="..\kernel\Vca_IActivityProxy.h">
      <Filter>Header Files</Filter>
    </ClInclude>
    <ClInclude Include="..\kernel\Vca_IActivitySink.h">
      <Filter>Header Files</Filter>
    </ClInclude>
    <ClInclude Include="..\kernel\Vca_IActivitySource.h">
      <Filter>Header Files</Filter>
    </ClInclude>
    <ClInclude Include="..\kernel\Vca_IApplication.h">
      <Filter>Header Files</Filter>
    </ClInclude>
    <ClInclude Include="..\kernel\Vca_IBinding.h">
      <Filter>Header Files</Filter>
    </ClInclude>
    <ClInclude Include="..\kernel\Vca_IBSClient.h">
      <Filter>Header Files</Filter>
    </ClInclude>
    <ClInclude Include="..\kernel\Vca_IBSConsumer.h">
      <Filter>Header Files</Filter>
    </ClInclude>
    <ClInclude Include="..\kernel\Vca_IBSConsumerClient.h">
      <Filter>Header Files</Filter>
    </ClInclude>
    <ClInclude Include="..\kernel\Vca_IBSProducer.h">
      <Filter>Header Files</Filter>
    </ClInclude>
    <ClInclude Include="..\kernel\Vca_IBSProducerClient.h">
      <Filter>Header Files</Filter>
    </ClInclude>
    <ClInclude Include="..\kernel\Vca_IClient.h">
      <Filter>Header Files</Filter>
    </ClInclude>
    <ClInclude Include="..\kernel\Vca_IClient_NRK.h">
      <Filter>Header Files</Filter>
    </ClInclude>
    <ClInclude Include="..\kernel\Vca_IConnection.h">
      <Filter>Header Files</Filter>
    </ClInclude>
    <ClInclude Include="..\kernel\Vca_IConnectionFactory.h">
      <Filter>Header Files</Filter>
    </ClInclude>
    <ClInclude Include="..\kernel\Vca_IConnectionRequest.h">
      <Filter>Header Files</Filter>
    </ClInclude>
    <ClInclude Include="..\kernel\Vca_IDataSource.h">
      <Filter>Header Files</Filter>
    </ClInclude>
    <ClInclude Include="..\kernel\Vca_IDataSource_NRK.h">
      <Filter>Header Files</Filter>
    </ClInclude>
    <ClInclude Include="..\kernel\Vca_IDevice.h">
      <Filter>Header Files</Filter>
    </ClInclude>
    <ClInclude Include="..\kernel\Vca_IDirectory.h">
      <Filter>Header Files</Filter>
    </ClInclude>
    <ClInclude Include="..\kernel\Vca_IDirectoryEntry.h">
      <Filter>Header Files</Filter>
    </ClInclude>
    <ClInclude Include="..\kernel\Vca_IError.h">
      <Filter>Header Files</Filter>
    </ClInclude>
    <ClInclude Include="..\kernel\Vca_IEvent.h">
      <Filter>Header Files</Filter>
    </ClInclude>
    <ClInclude Include="..\kernel\Vca_IEventSink.h">
      <Filter>Header Files</Filter>
    </ClInclude>
    <ClInclude Include="..\kernel\Vca_IGetter.h">
      <Filter>Header Files</Filter>
    </ClInclude>
    <ClInclude Include="..\kernel\Vca_IGetter_Ex2.h">
      <Filter>Header Files</Filter>
    </ClInclude>
    <ClInclude Include="..\kernel\Vca_IListener.h">
      <Filter>Header Files</Filter>
    </ClInclude>
    <ClInclude Include="..\kernel\Vca_IListenerClient.h">
      <Filter>Header Files</Filter>
    </ClInclude>
    <ClInclude Include="..\kernel\Vca_IListenerFactory.h">
      <Filter>Header Files</Filter>
    </ClInclude>
    <ClInclude Include="..\kernel\Vca_INamespace.h">
      <Filter>Header Files</Filter>
    </ClInclude>
    <ClInclude Include="..\kernel\Vca_INeedYou.h">
      <Filter>Header Files</Filter>
    </ClInclude>
    <ClInclude Include="..\kernel\Vca_IPassiveCall.h">
      <Filter>Header Files</Filter>
    </ClInclude>
    <ClInclude Include="..\kernel\Vca_IPassiveCallback.h">
      <Filter>Header Files</Filter>
    </ClInclude>
    <ClInclude Include="..\kernel\Vca_IPassiveCallback_Gofers.h">
      <Filter>Header Files</Filter>
    </ClInclude>
    <ClInclude Include="..\kernel\Vca_IPassiveClient.h">
      <Filter>Header Files</Filter>
    </ClInclude>
    <ClInclude Include="..\kernel\Vca_IPassiveConnector.h">
      <Filter>Header Files</Filter>
    </ClInclude>
    <ClInclude Include="..\kernel\Vca_IPassiveConnector_Gofers.h">
      <Filter>Header Files</Filter>
    </ClInclude>
    <ClInclude Include="..\kernel\Vca_IPassiveServer.h">
      <Filter>Header Files</Filter>
    </ClInclude>
    <ClInclude Include="..\kernel\Vca_IPassiveServer_Gofers.h">
      <Filter>Header Files</Filter>
    </ClInclude>
    <ClInclude Include="..\kernel\Vca_IPeek.h">
      <Filter>Header Files</Filter>
    </ClInclude>
    <ClInclude Include="..\kernel\Vca_IPeer.h">
      <Filter>Header Files</Filter>
    </ClInclude>
    <ClInclude Include="..\kernel\Vca_IPeer_Ex1.h">
      <Filter>Header Files</Filter>
    </ClInclude>
    <ClInclude Include="..\kernel\Vca_IPeer_Ex2.h">
      <Filter>Header Files</Filter>
    </ClInclude>
    <ClInclude Include="..\kernel\Vca_IPipeFactory.h">
      <Filter>Header Files</Filter>
    </ClInclude>
    <ClInclude Include="..\kernel\Vca_IPipeSource.h">
      <Filter>Header Files</Filter>
    </ClInclude>
    <ClInclude Include="..\kernel\Vca_IPipeSource_Gofers.h">
      <Filter>Header Files</Filter>
    </ClInclude>
    <ClInclude Include="..\kernel\Vca_IPipeSourceClient.h">
      <Filter>Header Files</Filter>
    </ClInclude>
    <ClInclude Include="..\kernel\Vca_IProcess.h">
      <Filter>Header Files</Filter>
    </ClInclude>
    <ClInclude Include="..\kernel\Vca_IProcessFactory.h">
      <Filter>Header Files</Filter>
    </ClInclude>
    <ClInclude Include="..\kernel\Vca_IProcessFactoryClient.h">
      <Filter>Header Files</Filter>
    </ClInclude>
    <ClInclude Include="..\kernel\Vca_IProcessInfo.h">
      <Filter>Header Files</Filter>
    </ClInclude>
    <ClInclude Include="..\kernel\Vca_IProcessInfoSink.h">
      <Filter>Header Files</Filter>
    </ClInclude>
    <ClInclude Include="..\kernel\Vca_IRequest.h">
      <Filter>Header Files</Filter>
    </ClInclude>
    <ClInclude Include="..\kernel\Vca_IResource.h">
      <Filter>Header Files</Filter>
    </ClInclude>
    <ClInclude Include="..\kernel\Vca_IResourceClient.h">
      <Filter>Header Files</Filter>
    </ClInclude>
    <ClInclude Include="..\kernel\Vca_IRexecConnectionFactory.h">
      <Filter>Header Files</Filter>
    </ClInclude>
    <ClInclude Include="..\kernel\Vca_IRoleProvider.h">
      <Filter>Header Files</Filter>
    </ClInclude>
    <ClInclude Include="..\kernel\Vca_IRoleProvider2.h">
      <Filter>Header Files</Filter>
    </ClInclude>
    <ClInclude Include="..\kernel\Vca_IServerApplication.h">
      <Filter>Header Files</Filter>
    </ClInclude>
    <ClInclude Include="..\kernel\Vca_ISSHConnectionFactory.h">
      <Filter>Header Files</Filter>
    </ClInclude>
    <ClInclude Include="..\kernel\Vca_IStdPipeSource.h">
      <Filter>Header Files</Filter>
    </ClInclude>
    <ClInclude Include="..\kernel\Vca_IStdPipeSourceClient.h">
      <Filter>Header Files</Filter>
    </ClInclude>
    <ClInclude Include="..\kernel\Vca_ITrigger.h">
      <Filter>Header Files</Filter>
    </ClInclude>
    <ClInclude Include="..\kernel\Vca_Registry.h">
      <Filter>Header Files</Filter>
    </ClInclude>
    <ClInclude Include="..\kernel\Vca_Registry_IAccess.h">
      <Filter>Header Files</Filter>
    </ClInclude>
    <ClInclude Include="..\kernel\Vca_Registry_IAuthority.h">
      <Filter>Header Files</Filter>
    </ClInclude>
    <ClInclude Include="..\kernel\Vca_Registry_IContact.h">
      <Filter>Header Files</Filter>
    </ClInclude>
    <ClInclude Include="..\kernel\Vca_Registry_IRegistration.h">
      <Filter>Header Files</Filter>
    </ClInclude>
    <ClInclude Include="..\kernel\Vca_Registry_IRegistry.h">
      <Filter>Header Files</Filter>
    </ClInclude>
    <ClInclude Include="..\kernel\Vca_Registry_IUpdate.h">
      <Filter>Header Files</Filter>
    </ClInclude>
    <ClInclude Include="..\kernel\Vca_Registry_IUpdater.h">
      <Filter>Header Files</Filter>
    </ClInclude>
    <ClInclude Include="..\kernel\Vca_Registry_VAuthority.h">
      <Filter>Header Files</Filter>
    </ClInclude>
    <ClInclude Include="..\kernel\Vca_Registry_VRegistry.h">
      <Filter>Header Files</Filter>
    </ClInclude>
    <ClInclude Include="..\kernel\Vca_VActivity.h">
      <Filter>Header Files</Filter>
    </ClInclude>
    <ClInclude Include="..\kernel\Vca_VActivityFilter.h">
      <Filter>Header Files</Filter>
    </ClInclude>
    <ClInclude Include="..\kernel\Vca_VActivityModel.h">
      <Filter>Header Files</Filter>
    </ClInclude>
    <ClInclude Include="..\kernel\Vca_VActivityMonitor.h">
      <Filter>Header Files</Filter>
    </ClInclude>
    <ClInclude Include="..\kernel\Vca_VActivityRelay.h">
      <Filter>Header Files</Filter>
    </ClInclude>
    <ClInclude Include="..\kernel\Vca_VActivitySink.h">
      <Filter>Header Files</Filter>
    </ClInclude>
    <ClInclude Include="..\kernel\Vca_VBS.h">
      <Filter>Header Files</Filter>
    </ClInclude>
    <ClInclude Include="..\kernel\Vca_VBSConnector.h">
      <Filter>Header Files</Filter>
    </ClInclude>
    <ClInclude Include="..\kernel\Vca_VBSConsumer.h">
      <Filter>Header Files</Filter>
    </ClInclude>
    <ClInclude Include="..\kernel\Vca_VBSConsumerDevice_.h">
      <Filter>Header Files</Filter>
    </ClInclude>
    <ClInclude Include="..\kernel\Vca_VBSManager.h">
      <Filter>Header Files</Filter>
    </ClInclude>
    <ClInclude Include="..\kernel\Vca_VBSProducer.h">
      <Filter>Header Files</Filter>
    </ClInclude>
    <ClInclude Include="..\kernel\Vca_VBSProducerBitBucket.h">
      <Filter>Header Files</Filter>
    </ClInclude>
    <ClInclude Include="..\kernel\Vca_VBSProducerConsumerDevice_.h">
      <Filter>Header Files</Filter>
    </ClInclude>
    <ClInclude Include="..\kernel\Vca_VBSProducerDevice_.h">
      <Filter>Header Files</Filter>
    </ClInclude>
    <ClInclude Include="..\kernel\Vca_VcaConnection.h">
      <Filter>Header Files</Filter>
    </ClInclude>
    <ClInclude Include="..\kernel\Vca_VcaCredentialsProvider.h">
      <Filter>Header Files</Filter>
    </ClInclude>
    <ClInclude Include="..\kernel\Vca_VcaDirectoryBuilder.h">
      <Filter>Header Files</Filter>
    </ClInclude>
    <ClInclude Include="..\kernel\Vca_VcaGofer.h">
      <Filter>Header Files</Filter>
    </ClInclude>
    <ClInclude Include="..\kernel\Vca_VcaGofer_OneOf.h">
      <Filter>Header Files</Filter>
    </ClInclude>
    <ClInclude Include="..\kernel\Vca_VcaGofer_Retried.h">
      <Filter>Header Files</Filter>
    </ClInclude>
    <ClInclude Include="..\kernel\Vca_VcaGofer_Timeout.h">
      <Filter>Header Files</Filter>
    </ClInclude>
    <ClInclude Include="..\kernel\Vca_VcaGofer_Weakened.h">
      <Filter>Header Files</Filter>
    </ClInclude>
    <ClInclude Include="..\kernel\Vca_VcaListener.h">
      <Filter>Header Files</Filter>
    </ClInclude>
    <ClInclude Include="..\kernel\Vca_VCallbackTicket.h">
      <Filter>Header Files</Filter>
    </ClInclude>
    <ClInclude Include="..\kernel\Vca_VcaOffer.h">
      <Filter>Header Files</Filter>
    </ClInclude>
    <ClInclude Include="..\kernel\Vca_VcaOID.h">
      <Filter>Header Files</Filter>
    </ClInclude>
    <ClInclude Include="..\kernel\Vca_VcaOIDL.h">
      <Filter>Header Files</Filter>
    </ClInclude>
    <ClInclude Include="..\kernel\Vca_VcaOIDR.h">
      <Filter>Header Files</Filter>
    </ClInclude>
    <ClInclude Include="..\kernel\Vca_VcaPeer.h">
      <Filter>Header Files</Filter>
    </ClInclude>
    <ClInclude Include="..\kernel\Vca_VcaPeerCharacteristics.h">
      <Filter>Header Files</Filter>
    </ClInclude>
    <ClInclude Include="..\kernel\Vca_VcaProxyFacilitator.h">
      <Filter>Header Files</Filter>
    </ClInclude>
    <ClInclude Include="..\kernel\Vca_VcaRouteStatistics.h">
      <Filter>Header Files</Filter>
    </ClInclude>
    <ClInclude Include="..\kernel\Vca_VcaSelf.h">
      <Filter>Header Files</Filter>
    </ClInclude>
    <ClInclude Include="..\kernel\Vca_VcaSerializer.h">
      <Filter>Header Files</Filter>
    </ClInclude>
    <ClInclude Include="..\kernel\Vca_VcaSerializer_.h">
      <Filter>Header Files</Filter>
    </ClInclude>
    <ClInclude Include="..\kernel\Vca_VcaSerializerForVkDynamicArrayOf_.h">
      <Filter>Header Files</Filter>
    </ClInclude>
    <ClInclude Include="..\kernel\Vca_VcaSerializerForVkSetOf_.h">
      <Filter>Header Files</Filter>
    </ClInclude>
    <ClInclude Include="..\kernel\Vca_VcaSite.h">
      <Filter>Header Files</Filter>
    </ClInclude>
    <ClInclude Include="..\kernel\Vca_VcaThreadState.h">
      <Filter>Header Files</Filter>
    </ClInclude>
    <ClInclude Include="..\kernel\Vca_VcaTransport.h">
      <Filter>Header Files</Filter>
    </ClInclude>
    <ClInclude Include="..\kernel\Vca_VClassInfoHolder.h">
      <Filter>Header Files</Filter>
    </ClInclude>
    <ClInclude Include="..\kernel\Vca_VCohort.h">
      <Filter>Header Files</Filter>
    </ClInclude>
    <ClInclude Include="..\kernel\Vca_VConnection.h">
      <Filter>Header Files</Filter>
    </ClInclude>
    <ClInclude Include="..\kernel\Vca_VConnectionFactory.h">
      <Filter>Header Files</Filter>
    </ClInclude>
    <ClInclude Include="..\kernel\Vca_VConnectionPipeSource.h">
      <Filter>Header Files</Filter>
    </ClInclude>
    <ClInclude Include="..\kernel\Vca_VConnectionRequest.h">
      <Filter>Header Files</Filter>
    </ClInclude>
    <ClInclude Include="..\kernel\Vca_VDevice.h">
      <Filter>Header Files</Filter>
    </ClInclude>
    <ClInclude Include="..\kernel\Vca_VDevice_.h">
      <Filter>Header Files</Filter>
    </ClInclude>
    <ClInclude Include="..\kernel\Vca_VDeviceFactory.h">
      <Filter>Header Files</Filter>
    </ClInclude>
    <ClInclude Include="..\kernel\Vca_VDeviceImplementation.h">
      <Filter>Header Files</Filter>
    </ClInclude>
    <ClInclude Include="..\kernel\Vca_VDeviceManager.h">
      <Filter>Header Files</Filter>
    </ClInclude>
    <ClInclude Include="..\kernel\Vca_VDirectory.h">
      <Filter>Header Files</Filter>
    </ClInclude>
    <ClInclude Include="..\kernel\Vca_VDirectoryBuilder.h">
      <Filter>Header Files</Filter>
    </ClInclude>
    <ClInclude Include="..\kernel\Vca_VEvent.h">
      <Filter>Header Files</Filter>
    </ClInclude>
    <ClInclude Include="..\kernel\Vca_VFDIODeviceImplementation.h">
      <Filter>Header Files</Filter>
    </ClInclude>
    <ClInclude Include="..\kernel\Vca_VFilterDeviceFactory.h">
      <Filter>Header Files</Filter>
    </ClInclude>
    <ClInclude Include="..\kernel\Vca_VFilterDeviceFactory_.h">
      <Filter>Header Files</Filter>
    </ClInclude>
    <ClInclude Include="..\kernel\Vca_VFilterDeviceImplementation.h">
      <Filter>Header Files</Filter>
    </ClInclude>
    <ClInclude Include="..\kernel\Vca_VFilterPipeSource_.h">
      <Filter>Header Files</Filter>
    </ClInclude>
    <ClInclude Include="..\kernel\Vca_VFilterPipeSourceTransaction_.h">
      <Filter>Header Files</Filter>
    </ClInclude>
    <ClInclude Include="..\kernel\Vca_VGofer.h">
      <Filter>Header Files</Filter>
    </ClInclude>
    <ClInclude Include="..\kernel\Vca_VGoferExogenous.h">
      <Filter>Header Files</Filter>
    </ClInclude>
    <ClInclude Include="..\kernel\Vca_VGoferExogenousInterface.h">
      <Filter>Header Files</Filter>
    </ClInclude>
    <ClInclude Include="..\kernel\Vca_VGofering.h">
      <Filter>Header Files</Filter>
    </ClInclude>
    <ClInclude Include="..\kernel\Vca_VGoferInstance.h">
      <Filter>Header Files</Filter>
    </ClInclude>
    <ClInclude Include="..\kernel\Vca_VGoferInterface.h">
      <Filter>Header Files</Filter>
    </ClInclude>
    <ClInclude Include="..\kernel\Vca_VInstanceHolder.h">
      <Filter>Header Files</Filter>
    </ClInclude>
    <ClInclude Include="..\kernel\Vca_VInstanceOf.h">
      <Filter>Header Files</Filter>
    </ClInclude>
    <ClInclude Include="..\kernel\Vca_VInstanceOfInterface.h">
      <Filter>Header Files</Filter>
    </ClInclude>
    <ClInclude Include="..\kernel\Vca_VInstanceSource.h">
      <Filter>Header Files</Filter>
    </ClInclude>
    <ClInclude Include="..\kernel\Vca_VInterfaceEKG.h">
      <Filter>Header Files</Filter>
    </ClInclude>
    <ClInclude Include="..\kernel\Vca_VInterfaceMember.h">
      <Filter>Header Files</Filter>
    </ClInclude>
    <ClInclude Include="..\kernel\Vca_VInterfaceQuery.h">
      <Filter>Header Files</Filter>
    </ClInclude>
    <ClInclude Include="..\kernel\Vca_VInterfaceSource_.h">
      <Filter>Header Files</Filter>
    </ClInclude>
    <ClInclude Include="..\kernel\Vca_VLineGrabber.h">
      <Filter>Header Files</Filter>
    </ClInclude>
    <ClInclude Include="..\kernel\Vca_VListener.h">
      <Filter>Header Files</Filter>
    </ClInclude>
    <ClInclude Include="..\kernel\Vca_VListenerFactory.h">
      <Filter>Header Files</Filter>
    </ClInclude>
    <ClInclude Include="..\kernel\Vca_VListeningDevice_.h">
      <Filter>Header Files</Filter>
    </ClInclude>
    <ClInclude Include="..\kernel\Vca_VLoopbackDeviceFactory.h">
      <Filter>Header Files</Filter>
    </ClInclude>
    <ClInclude Include="..\kernel\Vca_VLoopbackDeviceImplementation.h">
      <Filter>Header Files</Filter>
    </ClInclude>
    <ClInclude Include="..\kernel\Vca_VManager.h">
      <Filter>Header Files</Filter>
    </ClInclude>
    <ClInclude Include="..\kernel\Vca_VMessage.h">
      <Filter>Header Files</Filter>
    </ClInclude>
    <ClInclude Include="..\kernel\Vca_VMessageManager.h">
      <Filter>Header Files</Filter>
    </ClInclude>
    <ClInclude Include="..\kernel\Vca_VMessageScheduler.h">
      <Filter>Header Files</Filter>
    </ClInclude>
    <ClInclude Include="..\kernel\Vca_VMessageStarter.h">
      <Filter>Header Files</Filter>
    </ClInclude>
    <ClInclude Include="..\kernel\Vca_VNullDeviceFactory.h">
      <Filter>Header Files</Filter>
    </ClInclude>
    <ClInclude Include="..\kernel\Vca_VNullDeviceImplementation.h">
      <Filter>Header Files</Filter>
    </ClInclude>
    <ClInclude Include="..\kernel\Vca_VOutputSequencer.h">
      <Filter>Header Files</Filter>
    </ClInclude>
    <ClInclude Include="..\kernel\Vca_VPassiveAgent.h">
      <Filter>Header Files</Filter>
    </ClInclude>
    <ClInclude Include="..\kernel\Vca_VPassiveCallback.h">
      <Filter>Header Files</Filter>
    </ClInclude>
    <ClInclude Include="..\kernel\Vca_VPassiveConnector.h">
      <Filter>Header Files</Filter>
    </ClInclude>
    <ClInclude Include="..\kernel\Vca_VPassiveDirectiveAgent.h">
      <Filter>Header Files</Filter>
    </ClInclude>
    <ClInclude Include="..\kernel\Vca_VPassiveProcessAgent.h">
      <Filter>Header Files</Filter>
    </ClInclude>
    <ClInclude Include="..\kernel\Vca_VPipeSource.h">
      <Filter>Header Files</Filter>
    </ClInclude>
    <ClInclude Include="..\kernel\Vca_VProcess.h">
      <Filter>Header Files</Filter>
    </ClInclude>
    <ClInclude Include="..\kernel\Vca_VProcessFactory.h">
      <Filter>Header Files</Filter>
    </ClInclude>
    <ClInclude Include="..\kernel\Vca_VPublication.h">
      <Filter>Header Files</Filter>
    </ClInclude>
    <ClInclude Include="..\kernel\Vca_VPublisher.h">
      <Filter>Header Files</Filter>
    </ClInclude>
    <ClInclude Include="..\kernel\Vca_VReceiver.h">
      <Filter>Header Files</Filter>
    </ClInclude>
    <ClInclude Include="..\kernel\Vca_VRexecConnectionFactory.h">
      <Filter>Header Files</Filter>
    </ClInclude>
    <ClInclude Include="..\kernel\Vca_VRoleHolder.h">
      <Filter>Header Files</Filter>
    </ClInclude>
    <ClInclude Include="..\kernel\Vca_VRolePlayer.h">
      <Filter>Header Files</Filter>
    </ClInclude>
    <ClInclude Include="..\kernel\Vca_VSiteInfo.h">
      <Filter>Header Files</Filter>
    </ClInclude>
    <ClInclude Include="..\kernel\Vca_VSSHConnectionFactory.h">
      <Filter>Header Files</Filter>
    </ClInclude>
    <ClInclude Include="..\kernel\Vca_VSSHDeviceImplementation.h">
      <Filter>Header Files</Filter>
    </ClInclude>
    <ClInclude Include="..\kernel\Vca_VStatus.h">
      <Filter>Header Files</Filter>
    </ClInclude>
    <ClInclude Include="..\kernel\Vca_VStdPipeSource.h">
      <Filter>Header Files</Filter>
    </ClInclude>
    <ClInclude Include="..\kernel\Vca_VStockDeviceFactory.h">
      <Filter>Header Files</Filter>
    </ClInclude>
    <ClInclude Include="..\kernel\Vca_VStockDeviceFactory_.h">
      <Filter>Header Files</Filter>
    </ClInclude>
    <ClInclude Include="..\kernel\Vca_VStreamSink.h">
      <Filter>Header Files</Filter>
    </ClInclude>
    <ClInclude Include="..\kernel\Vca_VStreamSource.h">
      <Filter>Header Files</Filter>
    </ClInclude>
    <ClInclude Include="..\kernel\Vca_VSubscription.h">
      <Filter>Header Files</Filter>
    </ClInclude>
    <ClInclude Include="..\kernel\Vca_VSubscriptionManager.h">
      <Filter>Header Files</Filter>
    </ClInclude>
    <ClInclude Include="..\kernel\Vca_VTimer.h">
      <Filter>Header Files</Filter>
    </ClInclude>
    <ClInclude Include="..\kernel\Vca_VTrigger.h">
      <Filter>Header Files</Filter>
    </ClInclude>
    <ClInclude Include="..\kernel\Vca_VTriggerableTicket.h">
      <Filter>Header Files</Filter>
    </ClInclude>
    <ClInclude Include="..\kernel\Vca_VTriggerSet.h">
      <Filter>Header Files</Filter>
    </ClInclude>
    <ClInclude Include="..\kernel\Vca_VTriggerTicket.h">
      <Filter>Header Files</Filter>
    </ClInclude>
    <ClInclude Include="..\kernel\Vca_VTuple.h">
      <Filter>Header Files</Filter>
    </ClInclude>
    <ClInclude Include="..\kernel\Vca_VTypeInfoHolder.h">
      <Filter>Header Files</Filter>
    </ClInclude>
    <ClInclude Include="..\kernel\Vca_VTypeInfoHolderFor.h">
      <Filter>Header Files</Filter>
    </ClInclude>
    <ClInclude Include="..\kernel\Vca_VTypeInfoHolderForArrayOf.h">
      <Filter>Header Files</Filter>
    </ClInclude>
    <ClInclude Include="..\kernel\Vca_VTypeInfoHolderForReferenceable.h">
      <Filter>Header Files</Filter>
    </ClInclude>
    <ClInclude Include="..\kernel\Vca_VTypeInfoHolderForSerializable.h">
      <Filter>Header Files</Filter>
    </ClInclude>
    <ClInclude Include="..\kernel\Vca_VTypeInfoHolderForSetOf.h">
      <Filter>Header Files</Filter>
    </ClInclude>
    <ClInclude Include="..\kernel\Vca_VTypeInfoHolderFromSerializer.h">
      <Filter>Header Files</Filter>
    </ClInclude>
    <ClInclude Include="..\kernel\Vca_VTypePattern.h">
      <Filter>Header Files</Filter>
    </ClInclude>
    <ClInclude Include="..\kernel\VkSocketAddress.h">
      <Filter>Header Files</Filter>
    </ClInclude>
    <ClInclude Include="..\kernel\VPath.h">
      <Filter>Header Files</Filter>
    </ClInclude>
    <ClInclude Include="..\kernel\VPeerData.h">
      <Filter>Header Files</Filter>
    </ClInclude>
    <ClInclude Include="..\kernel\VPeerDataArray.h">
      <Filter>Header Files</Filter>
    </ClInclude>
    <ClInclude Include="..\kernel\VReceiver.h">
      <Filter>Header Files</Filter>
    </ClInclude>
    <ClInclude Include="..\kernel\VTypeInfo.h">
      <Filter>Header Files</Filter>
    </ClInclude>
    <ClInclude Include="..\kernel\VTypeTraits.h">
      <Filter>Header Files</Filter>
    </ClInclude>
  </ItemGroup>
</Project>