<?xml version="1.0" encoding="utf-8"?>
<Project ToolsVersion="4.0" xmlns="http://schemas.microsoft.com/developer/msbuild/2003">
  <ItemGroup>
    <Filter Include="Source Files">
      <UniqueIdentifier>{e9a3c0fd-9d52-4475-b66c-423a2a9f23f2}</UniqueIdentifier>
      <Extensions>cpp;c;cxx;rc;def;r;odl;idl;hpj;bat</Extensions>
    </Filter>
    <Filter Include="Header Files">
      <UniqueIdentifier>{2b1d089d-96f0-4a72-9032-9c9f4d201b40}</UniqueIdentifier>
      <Extensions>h;hpp;hxx;hm;inl</Extensions>
    </Filter>
    <Filter Include="Resource Files">
      <UniqueIdentifier>{569288ed-5723-4dfb-93aa-9616256a0cbf}</UniqueIdentifier>
      <Extensions>ico;cur;bmp;dlg;rc2;rct;bin;rgs;gif;jpg;jpeg;jpe</Extensions>
    </Filter>
  </ItemGroup>
  <ItemGroup>
    <ClCompile Include="..\kernel\gopt.cpp">
      <Filter>Source Files</Filter>
    </ClCompile>
    <ClCompile Include="..\kernel\V.cpp">
      <Filter>Source Files</Filter>
    </ClCompile>
    <ClCompile Include="..\kernel\V_VAdaptiveAllocator.cpp">
      <Filter>Source Files</Filter>
    </ClCompile>
    <ClCompile Include="..\kernel\V_VAddin.cpp">
      <Filter>Source Files</Filter>
    </ClCompile>
    <ClCompile Include="..\kernel\V_VAllocator.cpp">
      <Filter>Source Files</Filter>
    </ClCompile>
    <ClCompile Include="..\kernel\V_VApplicationLog.cpp">
      <Filter>Source Files</Filter>
    </ClCompile>
    <ClCompile Include="..\kernel\V_VArgList.cpp">
      <Filter>Source Files</Filter>
    </ClCompile>
    <ClCompile Include="..\kernel\V_VAtom.cpp">
      <Filter>Source Files</Filter>
    </ClCompile>
    <ClCompile Include="..\kernel\V_VBlob.cpp">
      <Filter>Source Files</Filter>
    </ClCompile>
    <ClCompile Include="..\kernel\V_VCommandLine.cpp">
      <Filter>Source Files</Filter>
    </ClCompile>
    <ClCompile Include="..\kernel\V_VCondvar.cpp">
      <Filter>Source Files</Filter>
    </ClCompile>
    <ClCompile Include="..\kernel\V_VCOS.cpp">
      <Filter>Source Files</Filter>
    </ClCompile>
    <ClCompile Include="..\kernel\V_VFifoLite.cpp">
      <Filter>Source Files</Filter>
    </ClCompile>
    <ClCompile Include="..\kernel\V_VGSID.cpp">
      <Filter>Source Files</Filter>
    </ClCompile>
    <ClCompile Include="..\kernel\V_VLock.cpp">
      <Filter>Source Files</Filter>
    </ClCompile>
    <ClCompile Include="..\kernel\V_VLogger.cpp">
      <Filter>Source Files</Filter>
    </ClCompile>
    <ClCompile Include="..\kernel\V_VManagedThread.cpp">
      <Filter>Source Files</Filter>
    </ClCompile>
    <ClCompile Include="..\kernel\V_VMM.cpp">
      <Filter>Source Files</Filter>
    </ClCompile>
    <ClCompile Include="..\kernel\V_VMutex.cpp">
      <Filter>Source Files</Filter>
    </ClCompile>
    <ClCompile Include="..\kernel\V_VNullock.cpp">
      <Filter>Source Files</Filter>
    </ClCompile>
    <ClCompile Include="..\kernel\V_VRandom.cpp">
      <Filter>Source Files</Filter>
    </ClCompile>
    <ClCompile Include="..\kernel\V_VRTTI.cpp">
      <Filter>Source Files</Filter>
    </ClCompile>
    <ClCompile Include="..\kernel\V_VScheduler.cpp">
      <Filter>Source Files</Filter>
    </ClCompile>
    <ClCompile Include="..\kernel\V_VScopedResource.cpp">
      <Filter>Source Files</Filter>
    </ClCompile>
    <ClCompile Include="..\kernel\V_VSemaphore.cpp">
      <Filter>Source Files</Filter>
    </ClCompile>
    <ClCompile Include="..\kernel\V_VSpinlock.cpp">
      <Filter>Source Files</Filter>
    </ClCompile>
    <ClCompile Include="..\kernel\V_VSSID.cpp">
      <Filter>Source Files</Filter>
    </ClCompile>
    <ClCompile Include="..\kernel\V_VString.cpp">
      <Filter>Source Files</Filter>
    </ClCompile>
    <ClCompile Include="..\kernel\V_VThread.cpp">
      <Filter>Source Files</Filter>
    </ClCompile>
    <ClCompile Include="..\kernel\V_VThreadSpecific.cpp">
      <Filter>Source Files</Filter>
    </ClCompile>
    <ClCompile Include="..\kernel\V_VTime.cpp">
      <Filter>Source Files</Filter>
    </ClCompile>
    <ClCompile Include="..\kernel\V_VTwiddler.cpp">
      <Filter>Source Files</Filter>
    </ClCompile>
    <ClCompile Include="..\kernel\V_VUnmanagedThread.cpp">
      <Filter>Source Files</Filter>
    </ClCompile>
    <ClCompile Include="..\kernel\V_VWaiter.cpp">
      <Filter>Source Files</Filter>
    </ClCompile>
    <ClCompile Include="..\kernel\Vk.cpp">
      <Filter>Source Files</Filter>
    </ClCompile>
    <ClCompile Include="..\kernel\VkBuffer.cpp">
      <Filter>Source Files</Filter>
    </ClCompile>
    <ClCompile Include="..\kernel\VkMemory.cpp">
      <Filter>Source Files</Filter>
    </ClCompile>
    <ClCompile Include="..\kernel\VkRegExp.cpp">
      <Filter>Source Files</Filter>
    </ClCompile>
    <ClCompile Include="..\kernel\VkRunTimes.cpp">
      <Filter>Source Files</Filter>
    </ClCompile>
    <ClCompile Include="..\kernel\VkStatus.cpp">
      <Filter>Source Files</Filter>
    </ClCompile>
    <ClCompile Include="..\kernel\VkUUID.cpp">
      <Filter>Source Files</Filter>
    </ClCompile>
    <ClCompile Include="..\kernel\VReferenceable.cpp">
      <Filter>Source Files</Filter>
    </ClCompile>
    <ClCompile Include="..\kernel\VRunTimeType.cpp">
      <Filter>Source Files</Filter>
    </ClCompile>
    <ClCompile Include="..\kernel\VSimpleFile.cpp">
      <Filter>Source Files</Filter>
    </ClCompile>
    <ClCompile Include="..\kernel\VStaticTransient.cpp">
      <Filter>Source Files</Filter>
    </ClCompile>
    <ClCompile Include="..\kernel\VTransient.cpp">
      <Filter>Source Files</Filter>
    </ClCompile>
    <ClCompile Include="..\kernel\VTransientServices.cpp">
      <Filter>Source Files</Filter>
    </ClCompile>
    <ClCompile Include="..\kernel\VdbNetwork.cpp">
      <Filter>Source Files</Filter>
    </ClCompile>
  </ItemGroup>
  <ItemGroup>
    <ResourceCompile Include="V.rc">
      <Filter>Source Files</Filter>
    </ResourceCompile>
  </ItemGroup>
  <ItemGroup>
    <ClInclude Include="resource.h">
      <Filter>Header Files</Filter>
    </ClInclude>
    <ClInclude Include="..\Vp.h">
      <Filter>Header Files</Filter>
    </ClInclude>
    <ClInclude Include="..\kernel\gopt.h">
      <Filter>Header Files</Filter>
    </ClInclude>
    <ClInclude Include="..\kernel\V.h">
      <Filter>Header Files</Filter>
    </ClInclude>
    <ClInclude Include="..\kernel\V_VAbstractFunction.h">
      <Filter>Header Files</Filter>
    </ClInclude>
    <ClInclude Include="..\kernel\V_VAbstractProcedure.h">
      <Filter>Header Files</Filter>
    </ClInclude>
    <ClInclude Include="..\kernel\V_VAdaptiveAllocator.h">
      <Filter>Header Files</Filter>
    </ClInclude>
    <ClInclude Include="..\kernel\V_VAddin.h">
      <Filter>Header Files</Filter>
    </ClInclude>
    <ClInclude Include="..\kernel\V_VAggregatePointer.h">
      <Filter>Header Files</Filter>
    </ClInclude>
    <ClInclude Include="..\kernel\V_VAggregatePointer_NRK.h">
      <Filter>Header Files</Filter>
    </ClInclude>
    <ClInclude Include="..\kernel\V_VAllocator.h">
      <Filter>Header Files</Filter>
    </ClInclude>
    <ClInclude Include="..\kernel\V_VApplicationLog.h">
      <Filter>Header Files</Filter>
    </ClInclude>
    <ClInclude Include="..\kernel\V_VArea.h">
      <Filter>Header Files</Filter>
    </ClInclude>
    <ClInclude Include="..\kernel\V_VArgList.h">
      <Filter>Header Files</Filter>
    </ClInclude>
    <ClInclude Include="..\kernel\V_VAtom.h">
      <Filter>Header Files</Filter>
    </ClInclude>
    <ClInclude Include="..\kernel\V_VAtomic.h">
      <Filter>Header Files</Filter>
    </ClInclude>
    <ClInclude Include="..\kernel\V_VAtomicMemoryOperations.h">
      <Filter>Header Files</Filter>
    </ClInclude>
    <ClInclude Include="..\kernel\V_VAtomicMemoryOperations_.h">
      <Filter>Header Files</Filter>
    </ClInclude>
    <ClInclude Include="..\kernel\V_VAtomicOperations_.h">
      <Filter>Header Files</Filter>
    </ClInclude>
    <ClInclude Include="..\kernel\V_VBlob.h">
      <Filter>Header Files</Filter>
    </ClInclude>
    <ClInclude Include="..\kernel\V_VCommandLine.h">
      <Filter>Header Files</Filter>
    </ClInclude>
    <ClInclude Include="..\kernel\V_VCondvar.h">
      <Filter>Header Files</Filter>
    </ClInclude>
    <ClInclude Include="..\kernel\V_VCOS.h">
      <Filter>Header Files</Filter>
    </ClInclude>
    <ClInclude Include="..\kernel\V_VCount.h">
      <Filter>Header Files</Filter>
    </ClInclude>
    <ClInclude Include="..\kernel\V_VEternal.h">
      <Filter>Header Files</Filter>
    </ClInclude>
    <ClInclude Include="..\kernel\V_VFifoLite.h">
      <Filter>Header Files</Filter>
    </ClInclude>
    <ClInclude Include="..\kernel\V_VGSID.h">
      <Filter>Header Files</Filter>
    </ClInclude>
    <ClInclude Include="..\kernel\V_VKeptReference.h">
      <Filter>Header Files</Filter>
    </ClInclude>
    <ClInclude Include="..\kernel\V_VLinkedQueue_.h">
      <Filter>Header Files</Filter>
    </ClInclude>
    <ClInclude Include="..\kernel\V_VLock.h">
      <Filter>Header Files</Filter>
    </ClInclude>
    <ClInclude Include="..\kernel\V_VLogger.h">
      <Filter>Header Files</Filter>
    </ClInclude>
    <ClInclude Include="..\kernel\V_VManagedThread.h">
      <Filter>Header Files</Filter>
    </ClInclude>
    <ClInclude Include="..\kernel\V_VMM.h">
      <Filter>Header Files</Filter>
    </ClInclude>
    <ClInclude Include="..\kernel\V_VMutex.h">
      <Filter>Header Files</Filter>
    </ClInclude>
    <ClInclude Include="..\kernel\V_VMutexed.h">
      <Filter>Header Files</Filter>
    </ClInclude>
    <ClInclude Include="..\kernel\V_VNullock.h">
      <Filter>Header Files</Filter>
    </ClInclude>
    <ClInclude Include="..\kernel\V_VPointer.h">
      <Filter>Header Files</Filter>
    </ClInclude>
    <ClInclude Include="..\kernel\V_VPointer_NRK.h">
      <Filter>Header Files</Filter>
    </ClInclude>
    <ClInclude Include="..\kernel\V_VQueue.h">
      <Filter>Header Files</Filter>
    </ClInclude>
    <ClInclude Include="..\kernel\V_VRandom.h">
      <Filter>Header Files</Filter>
    </ClInclude>
    <ClInclude Include="..\kernel\V_VReferenceable_.h">
      <Filter>Header Files</Filter>
    </ClInclude>
    <ClInclude Include="..\kernel\V_VRTTI.h">
      <Filter>Header Files</Filter>
    </ClInclude>
    <ClInclude Include="..\kernel\V_VSchedulable.h">
      <Filter>Header Files</Filter>
    </ClInclude>
    <ClInclude Include="..\kernel\V_VScheduler.h">
      <Filter>Header Files</Filter>
    </ClInclude>
    <ClInclude Include="..\kernel\V_VScoped_.h">
      <Filter>Header Files</Filter>
    </ClInclude>
    <ClInclude Include="..\kernel\V_VScopedResource.h">
      <Filter>Header Files</Filter>
    </ClInclude>
    <ClInclude Include="..\kernel\V_VSemaphore.h">
      <Filter>Header Files</Filter>
    </ClInclude>
    <ClInclude Include="..\kernel\V_VSpinlock.h">
      <Filter>Header Files</Filter>
    </ClInclude>
    <ClInclude Include="..\kernel\V_VSSID.h">
      <Filter>Header Files</Filter>
    </ClInclude>
    <ClInclude Include="..\kernel\V_VString.h">
      <Filter>Header Files</Filter>
    </ClInclude>
    <ClInclude Include="..\kernel\V_VSynchronizationObject.h">
      <Filter>Header Files</Filter>
    </ClInclude>
    <ClInclude Include="..\kernel\V_VThread.h">
      <Filter>Header Files</Filter>
    </ClInclude>
    <ClInclude Include="..\kernel\V_VThreadedProcessor_.h">
      <Filter>Header Files</Filter>
    </ClInclude>
    <ClInclude Include="..\kernel\V_VThreadSpecific.h">
      <Filter>Header Files</Filter>
    </ClInclude>
    <ClInclude Include="..\kernel\V_VTime.h">
      <Filter>Header Files</Filter>
    </ClInclude>
    <ClInclude Include="..\kernel\V_VTwiddler.h">
      <Filter>Header Files</Filter>
    </ClInclude>
    <ClInclude Include="..\kernel\V_VUnmanagedThread.h">
      <Filter>Header Files</Filter>
    </ClInclude>
    <ClInclude Include="..\kernel\V_VWaiter.h">
      <Filter>Header Files</Filter>
    </ClInclude>
    <ClInclude Include="..\kernel\V_VXRef.h">
      <Filter>Header Files</Filter>
    </ClInclude>
    <ClInclude Include="..\network\VComponentReference.h">
      <Filter>Header Files</Filter>
    </ClInclude>
    <ClInclude Include="..\network\VdbNetwork.h">
      <Filter>Header Files</Filter>
    </ClInclude>
    <ClInclude Include="..\kernel\VFactoryReference.h">
      <Filter>Header Files</Filter>
    </ClInclude>
    <ClInclude Include="..\kernel\Vk.h">
      <Filter>Header Files</Filter>
    </ClInclude>
    <ClInclude Include="..\kernel\VkArray.h">
      <Filter>Header Files</Filter>
    </ClInclude>
    <ClInclude Include="..\kernel\VkArrayOf.h">
      <Filter>Header Files</Filter>
    </ClInclude>
    <ClInclude Include="..\kernel\VkBuffer.h">
      <Filter>Header Files</Filter>
    </ClInclude>
    <ClInclude Include="..\kernel\VkDynamicArrayOf.h">
      <Filter>Header Files</Filter>
    </ClInclude>
    <ClInclude Include="..\kernel\VkMapOf.h">
      <Filter>Header Files</Filter>
    </ClInclude>
    <ClInclude Include="..\kernel\VkMemory.h">
      <Filter>Header Files</Filter>
    </ClInclude>
    <ClInclude Include="..\kernel\VkRegExp.h">
      <Filter>Header Files</Filter>
    </ClInclude>
    <ClInclude Include="..\kernel\VkRunTimes.h">
      <Filter>Header Files</Filter>
    </ClInclude>
    <ClInclude Include="..\kernel\VkSet.h">
      <Filter>Header Files</Filter>
    </ClInclude>
    <ClInclude Include="..\kernel\VkSetOf.h">
      <Filter>Header Files</Filter>
    </ClInclude>
    <ClInclude Include="..\kernel\VkSetOfFactoryReferences.h">
      <Filter>Header Files</Filter>
    </ClInclude>
    <ClInclude Include="..\kernel\VkSetOfReferences.h">
      <Filter>Header Files</Filter>
    </ClInclude>
    <ClInclude Include="..\kernel\VkStatus.h">
      <Filter>Header Files</Filter>
    </ClInclude>
    <ClInclude Include="..\kernel\VkUUID.h">
      <Filter>Header Files</Filter>
    </ClInclude>
    <ClInclude Include="..\kernel\Vos_VMSMemoryRegion.h">
      <Filter>Header Files</Filter>
    </ClInclude>
    <ClInclude Include="..\kernel\VReference.h">
      <Filter>Header Files</Filter>
    </ClInclude>
    <ClInclude Include="..\kernel\VReferenceable.h">
      <Filter>Header Files</Filter>
    </ClInclude>
    <ClInclude Include="..\kernel\VRunTimeType.h">
      <Filter>Header Files</Filter>
    </ClInclude>
    <ClInclude Include="..\kernel\VSimpleFile.h">
      <Filter>Header Files</Filter>
    </ClInclude>
    <ClInclude Include="..\kernel\VStaticTransient.h">
      <Filter>Header Files</Filter>
    </ClInclude>
    <ClInclude Include="..\kernel\VTransient.h">
      <Filter>Header Files</Filter>
    </ClInclude>
    <ClInclude Include="..\kernel\VTransientServices.h">
      <Filter>Header Files</Filter>
    </ClInclude>
  </ItemGroup>
</Project>