<?xml version="1.0" encoding="utf-8"?>
<Project ToolsVersion="4.0" xmlns="http://schemas.microsoft.com/developer/msbuild/2003">
  <ItemGroup>
    <Filter Include="Source Files">
      <UniqueIdentifier>{2ddf2443-9070-4754-903e-c33962d488ce}</UniqueIdentifier>
      <Extensions>cpp;c;cxx;rc;def;r;odl;hpj;bat;for;f90</Extensions>
    </Filter>
    <Filter Include="Header Files">
      <UniqueIdentifier>{489ef491-4af2-447d-aec3-34503a70e7b9}</UniqueIdentifier>
      <Extensions>h;hpp;hxx;hm;inl;fi;fd</Extensions>
    </Filter>
    <Filter Include="Resource Files">
      <UniqueIdentifier>{267f304e-84ec-4851-baa7-1d7f095a26c0}</UniqueIdentifier>
      <Extensions>ico;cur;bmp;dlg;rc2;rct;bin;cnt;rtf;gif;jpg;jpeg;jpe</Extensions>
    </Filter>
  </ItemGroup>
  <ItemGroup>
    <ClCompile Include="..\backend\batchvision.cpp">
      <Filter>Source Files</Filter>
    </ClCompile>
    <ClCompile Include="..\backend\iom.cpp">
      <Filter>Source Files</Filter>
    </ClCompile>
    <ClCompile Include="..\backend\IOMDriver.cpp">
      <Filter>Source Files</Filter>
    </ClCompile>
    <ClCompile Include="..\backend\IOMFile.cpp">
      <Filter>Source Files</Filter>
    </ClCompile>
    <ClCompile Include="..\backend\IOMService.cpp">
      <Filter>Source Files</Filter>
    </ClCompile>
    <ClCompile Include="..\backend\IOMStream.cpp">
      <Filter>Source Files</Filter>
    </ClCompile>
    <ClCompile Include="..\backend\lio.cpp">
      <Filter>Source Files</Filter>
    </ClCompile>
    <ClCompile Include="..\backend\m.cpp">
      <Filter>Source Files</Filter>
    </ClCompile>
    <ClCompile Include="..\backend\M_AND.cpp">
      <Filter>Source Files</Filter>
    </ClCompile>
    <ClCompile Include="..\backend\M_ASD.cpp">
      <Filter>Source Files</Filter>
    </ClCompile>
    <ClCompile Include="..\backend\M_CPD.cpp">
      <Filter>Source Files</Filter>
    </ClCompile>
    <ClCompile Include="..\backend\M_KnownObjectTable.cpp">
      <Filter>Source Files</Filter>
    </ClCompile>
    <ClCompile Include="..\backend\PFalist.cpp">
      <Filter>Source Files</Filter>
    </ClCompile>
    <ClCompile Include="..\backend\PFdate.cpp">
      <Filter>Source Files</Filter>
    </ClCompile>
    <ClCompile Include="..\backend\PFdebug.cpp">
      <Filter>Source Files</Filter>
    </ClCompile>
    <ClCompile Include="..\backend\PFdictionary.cpp">
      <Filter>Source Files</Filter>
    </ClCompile>
    <ClCompile Include="..\backend\PFfault.cpp">
      <Filter>Source Files</Filter>
    </ClCompile>
    <ClCompile Include="..\backend\PFidentity.cpp">
      <Filter>Source Files</Filter>
    </ClCompile>
    <ClCompile Include="..\backend\PFlist.cpp">
      <Filter>Source Files</Filter>
    </ClCompile>
    <ClCompile Include="..\backend\PFnumeric.cpp">
      <Filter>Source Files</Filter>
    </ClCompile>
    <ClCompile Include="..\backend\PFprint.cpp">
      <Filter>Source Files</Filter>
    </ClCompile>
    <ClCompile Include="..\backend\PFrun.cpp">
      <Filter>Source Files</Filter>
    </ClCompile>
    <ClCompile Include="..\backend\PFstats.cpp">
      <Filter>Source Files</Filter>
    </ClCompile>
    <ClCompile Include="..\backend\PFstring.cpp">
      <Filter>Source Files</Filter>
    </ClCompile>
    <ClCompile Include="..\backend\PFts.cpp">
      <Filter>Source Files</Filter>
    </ClCompile>
    <ClCompile Include="..\backend\PFutil.cpp">
      <Filter>Source Files</Filter>
    </ClCompile>
    <ClCompile Include="..\backend\popvector.cpp">
      <Filter>Source Files</Filter>
    </ClCompile>
    <ClCompile Include="..\backend\ps.cpp">
      <Filter>Source Files</Filter>
    </ClCompile>
    <ClCompile Include="..\backend\PS_AND.cpp">
      <Filter>Source Files</Filter>
    </ClCompile>
    <ClCompile Include="..\backend\PS_ASD.cpp">
      <Filter>Source Files</Filter>
    </ClCompile>
    <ClCompile Include="..\backend\rslang.cpp">
      <Filter>Source Files</Filter>
    </ClCompile>
    <ClCompile Include="..\backend\RTblock.cpp">
      <Filter>Source Files</Filter>
    </ClCompile>
    <ClCompile Include="..\backend\RTcharuv.cpp">
      <Filter>Source Files</Filter>
    </ClCompile>
    <ClCompile Include="..\backend\RTclosure.cpp">
      <Filter>Source Files</Filter>
    </ClCompile>
    <ClCompile Include="..\backend\RTcontext.cpp">
      <Filter>Source Files</Filter>
    </ClCompile>
    <ClCompile Include="..\backend\RTdictionary.cpp">
      <Filter>Source Files</Filter>
    </ClCompile>
    <ClCompile Include="..\backend\RTdoubleuv.cpp">
      <Filter>Source Files</Filter>
    </ClCompile>
    <ClCompile Include="..\backend\RTdsc.cpp">
      <Filter>Source Files</Filter>
    </ClCompile>
    <ClCompile Include="..\backend\RTfloatuv.cpp">
      <Filter>Source Files</Filter>
    </ClCompile>
    <ClCompile Include="..\backend\RTindex.cpp">
      <Filter>Source Files</Filter>
    </ClCompile>
    <ClCompile Include="..\backend\RTintuv.cpp">
      <Filter>Source Files</Filter>
    </ClCompile>
    <ClCompile Include="..\backend\RTlink.cpp">
      <Filter>Source Files</Filter>
    </ClCompile>
    <ClCompile Include="..\backend\RTlstore.cpp">
      <Filter>Source Files</Filter>
    </ClCompile>
    <ClCompile Include="..\backend\RTmethod.cpp">
      <Filter>Source Files</Filter>
    </ClCompile>
    <ClCompile Include="..\backend\RTparray.cpp">
      <Filter>Source Files</Filter>
    </ClCompile>
    <ClCompile Include="..\backend\RTpct.cpp">
      <Filter>Source Files</Filter>
    </ClCompile>
    <ClCompile Include="..\backend\RTptoken.cpp">
      <Filter>Source Files</Filter>
    </ClCompile>
    <ClCompile Include="..\backend\RTrefuv.cpp">
      <Filter>Source Files</Filter>
    </ClCompile>
    <ClCompile Include="..\backend\RTseluv.cpp">
      <Filter>Source Files</Filter>
    </ClCompile>
    <ClCompile Include="..\backend\RTstring.cpp">
      <Filter>Source Files</Filter>
    </ClCompile>
    <ClCompile Include="..\backend\RTtct.cpp">
      <Filter>Source Files</Filter>
    </ClCompile>
    <ClCompile Include="..\backend\RTu128uv.cpp">
      <Filter>Source Files</Filter>
    </ClCompile>
    <ClCompile Include="..\backend\RTu64uv.cpp">
      <Filter>Source Files</Filter>
    </ClCompile>
    <ClCompile Include="..\backend\RTu96uv.cpp">
      <Filter>Source Files</Filter>
    </ClCompile>
    <ClCompile Include="..\backend\RTundef.cpp">
      <Filter>Source Files</Filter>
    </ClCompile>
    <ClCompile Include="..\backend\RTundefuv.cpp">
      <Filter>Source Files</Filter>
    </ClCompile>
    <ClCompile Include="..\backend\RTvector.cpp">
      <Filter>Source Files</Filter>
    </ClCompile>
    <ClCompile Include="..\backend\RTvstore.cpp">
      <Filter>Source Files</Filter>
    </ClCompile>
    <ClCompile Include="..\backend\rtype.cpp">
      <Filter>Source Files</Filter>
    </ClCompile>
    <ClCompile Include="..\backend\selector.cpp">
      <Filter>Source Files</Filter>
    </ClCompile>
    <ClCompile Include="..\backend\uvector.cpp">
      <Filter>Source Files</Filter>
    </ClCompile>
    <ClCompile Include="..\backend\VAssociativeCursor.cpp">
      <Filter>Source Files</Filter>
    </ClCompile>
    <ClCompile Include="..\backend\VAssociativeResult.cpp">
      <Filter>Source Files</Filter>
    </ClCompile>
    <ClCompile Include="..\backend\VBenderenceable.cpp">
      <Filter>Source Files</Filter>
    </ClCompile>
    <ClCompile Include="..\backend\VBlockTask.cpp">
      <Filter>Source Files</Filter>
    </ClCompile>
    <ClCompile Include="..\backend\VBoundCall.cpp">
      <Filter>Source Files</Filter>
    </ClCompile>
    <ClCompile Include="..\backend\VByteCodeDescriptor.cpp">
      <Filter>Source Files</Filter>
    </ClCompile>
    <ClCompile Include="..\backend\VByteCodeScanner.cpp">
      <Filter>Source Files</Filter>
    </ClCompile>
    <ClCompile Include="..\backend\VCachedArray.cpp">
      <Filter>Source Files</Filter>
    </ClCompile>
    <ClCompile Include="..\backend\VCall.cpp">
      <Filter>Source Files</Filter>
    </ClCompile>
    <ClCompile Include="..\backend\VChannelController.cpp">
      <Filter>Source Files</Filter>
    </ClCompile>
    <ClCompile Include="..\backend\VCodeDescriptor.cpp">
      <Filter>Source Files</Filter>
    </ClCompile>
    <ClCompile Include="..\backend\VCodeTable.cpp">
      <Filter>Source Files</Filter>
    </ClCompile>
    <ClCompile Include="..\backend\VCollection.cpp">
      <Filter>Source Files</Filter>
    </ClCompile>
    <ClCompile Include="..\backend\VCollectionOf.cpp">
      <Filter>Source Files</Filter>
    </ClCompile>
    <ClCompile Include="..\backend\VCollectionOfOrderables.cpp">
      <Filter>Source Files</Filter>
    </ClCompile>
    <ClCompile Include="..\backend\VCollectionOfStrings.cpp">
      <Filter>Source Files</Filter>
    </ClCompile>
    <ClCompile Include="..\backend\VComputationScheduler.cpp">
      <Filter>Source Files</Filter>
    </ClCompile>
    <ClCompile Include="..\backend\VComputationUnit.cpp">
      <Filter>Source Files</Filter>
    </ClCompile>
    <ClCompile Include="..\backend\VContainerHandle.cpp">
      <Filter>Source Files</Filter>
    </ClCompile>
    <ClCompile Include="..\backend\VControlPoint.cpp">
      <Filter>Source Files</Filter>
    </ClCompile>
    <ClCompile Include="..\backend\VControlPointSubscription.cpp">
      <Filter>Source Files</Filter>
    </ClCompile>
    <ClCompile Include="..\backend\VCPDReference.cpp">
      <Filter>Source Files</Filter>
    </ClCompile>
    <ClCompile Include="..\network\VDatabase.cpp">
      <Filter>Source Files</Filter>
    </ClCompile>
    <ClCompile Include="..\network\VDatabaseActivation.cpp">
      <Filter>Source Files</Filter>
    </ClCompile>
    <ClCompile Include="..\network\VDatabaseComponent.cpp">
      <Filter>Source Files</Filter>
    </ClCompile>
    <ClCompile Include="..\network\VDatabaseFederator.cpp">
      <Filter>Source Files</Filter>
    </ClCompile>
    <ClCompile Include="..\backend\VDatabaseFederatorForBatchvision.cpp">
      <Filter>Source Files</Filter>
    </ClCompile>
    <ClCompile Include="..\network\VDatabaseNDF.cpp">
      <Filter>Source Files</Filter>
    </ClCompile>
    <ClCompile Include="..\network\VDatabaseRoot.cpp">
      <Filter>Source Files</Filter>
    </ClCompile>
    <ClCompile Include="..\backend\vdates.cpp">
      <Filter>Source Files</Filter>
    </ClCompile>
    <ClCompile Include="..\backend\vdbupdate.cpp">
      <Filter>Source Files</Filter>
    </ClCompile>
    <ClCompile Include="..\backend\vdebug.cpp">
      <Filter>Source Files</Filter>
    </ClCompile>
    <ClCompile Include="..\backend\VDescriptor.cpp">
      <Filter>Source Files</Filter>
    </ClCompile>
    <ClCompile Include="..\backend\vdsc.cpp">
      <Filter>Source Files</Filter>
    </ClCompile>
    <ClCompile Include="..\backend\venvir.cpp">
      <Filter>Source Files</Filter>
    </ClCompile>
    <ClCompile Include="..\backend\verr.cpp">
      <Filter>Source Files</Filter>
    </ClCompile>
    <ClCompile Include="..\backend\verrdef.cpp">
      <Filter>Source Files</Filter>
    </ClCompile>
    <ClCompile Include="..\backend\VEvaluationCall.cpp">
      <Filter>Source Files</Filter>
    </ClCompile>
    <ClCompile Include="..\backend\VEvaluatorPump.cpp">
      <Filter>Source Files</Filter>
    </ClCompile>
    <ClCompile Include="..\backend\VExternalGroundStore.cpp">
      <Filter>Source Files</Filter>
    </ClCompile>
    <ClCompile Include="..\backend\vfac.cpp">
      <Filter>Source Files</Filter>
    </ClCompile>
    <ClCompile Include="..\backend\vfault.cpp">
      <Filter>Source Files</Filter>
    </ClCompile>
    <ClCompile Include="..\backend\VfDeleteGenerator.cpp">
      <Filter>Source Files</Filter>
    </ClCompile>
    <ClCompile Include="..\backend\VfDistributionGenerator.cpp">
      <Filter>Source Files</Filter>
    </ClCompile>
    <ClCompile Include="..\backend\VfGuardTool.cpp">
      <Filter>Source Files</Filter>
    </ClCompile>
    <ClCompile Include="..\backend\VfLocateGenerator.cpp">
      <Filter>Source Files</Filter>
    </ClCompile>
    <ClCompile Include="..\backend\VfLocateOrAddGenerator.cpp">
      <Filter>Source Files</Filter>
    </ClCompile>
    <ClCompile Include="..\backend\VFragment.cpp">
      <Filter>Source Files</Filter>
    </ClCompile>
    <ClCompile Include="..\backend\VFragmentation.cpp">
      <Filter>Source Files</Filter>
    </ClCompile>
    <ClCompile Include="..\backend\VGroundStore.cpp">
      <Filter>Source Files</Filter>
    </ClCompile>
    <ClCompile Include="..\backend\VGuardedDoubleGenerator.cpp">
      <Filter>Source Files</Filter>
    </ClCompile>
    <ClCompile Include="..\backend\VInternalGroundStore.cpp">
      <Filter>Source Files</Filter>
    </ClCompile>
    <ClCompile Include="..\backend\viobj.cpp">
      <Filter>Source Files</Filter>
    </ClCompile>
    <ClCompile Include="..\kernel\VkLicense.cpp">
      <Filter>Source Files</Filter>
    </ClCompile>
    <ClCompile Include="..\kernel\VkRadixListSorter.cpp">
      <Filter>Source Files</Filter>
    </ClCompile>
    <ClCompile Include="..\backend\VListEnumerationController.cpp">
      <Filter>Source Files</Filter>
    </ClCompile>
    <ClCompile Include="..\backend\vmachine.cpp">
      <Filter>Source Files</Filter>
    </ClCompile>
    <ClCompile Include="..\backend\vmagic.cpp">
      <Filter>Source Files</Filter>
    </ClCompile>
    <ClCompile Include="..\backend\VMagicWordDescriptor.cpp">
      <Filter>Source Files</Filter>
    </ClCompile>
    <ClCompile Include="..\backend\VMutex.cpp">
      <Filter>Source Files</Filter>
    </ClCompile>
    <ClCompile Include="..\backend\VMutexClaim.cpp">
      <Filter>Source Files</Filter>
    </ClCompile>
    <ClCompile Include="..\backend\VMutexController.cpp">
      <Filter>Source Files</Filter>
    </ClCompile>
    <ClCompile Include="..\backend\VMutexGrant.cpp">
      <Filter>Source Files</Filter>
    </ClCompile>
    <ClCompile Include="..\backend\VNumericBinary.cpp">
      <Filter>Source Files</Filter>
    </ClCompile>
    <ClCompile Include="..\backend\VOrdered.cpp">
      <Filter>Source Files</Filter>
    </ClCompile>
    <ClCompile Include="..\backend\VPrimaryCall.cpp">
      <Filter>Source Files</Filter>
    </ClCompile>
    <ClCompile Include="..\backend\vprimfns.cpp">
      <Filter>Source Files</Filter>
    </ClCompile>
    <ClCompile Include="..\backend\VPrimitiveTask.cpp">
      <Filter>Source Files</Filter>
    </ClCompile>
    <ClCompile Include="..\backend\VPrimitiveTaskController.cpp">
      <Filter>Source Files</Filter>
    </ClCompile>
    <ClCompile Include="..\backend\VReadEvalPrint.cpp">
      <Filter>Source Files</Filter>
    </ClCompile>
    <ClCompile Include="..\backend\VReferenceableMonotype.cpp">
      <Filter>Source Files</Filter>
    </ClCompile>
    <ClCompile Include="..\backend\VSecondaryCall.cpp">
      <Filter>Source Files</Filter>
    </ClCompile>
    <ClCompile Include="..\backend\VSelector.cpp">
      <Filter>Source Files</Filter>
    </ClCompile>
    <ClCompile Include="..\backend\VSet.cpp">
      <Filter>Source Files</Filter>
    </ClCompile>
    <ClCompile Include="..\backend\vsignal.cpp">
      <Filter>Source Files</Filter>
    </ClCompile>
    <ClCompile Include="..\backend\VSNFTask.cpp">
      <Filter>Source Files</Filter>
    </ClCompile>
    <ClCompile Include="..\backend\VSNFTaskHolder.cpp">
      <Filter>Source Files</Filter>
    </ClCompile>
    <ClCompile Include="..\backend\VSNFTaskParameters.cpp">
      <Filter>Source Files</Filter>
    </ClCompile>
    <ClCompile Include="..\backend\VSorter.cpp">
      <Filter>Source Files</Filter>
    </ClCompile>
    <ClCompile Include="..\backend\vstdio.cpp">
      <Filter>Source Files</Filter>
    </ClCompile>
    <ClCompile Include="..\backend\VSuspension.cpp">
      <Filter>Source Files</Filter>
    </ClCompile>
    <ClCompile Include="..\backend\VSymbol.cpp">
      <Filter>Source Files</Filter>
    </ClCompile>
    <ClCompile Include="..\backend\VSymbolBinding.cpp">
      <Filter>Source Files</Filter>
    </ClCompile>
    <ClCompile Include="..\backend\VSymbolImplementation.cpp">
      <Filter>Source Files</Filter>
    </ClCompile>
    <ClCompile Include="..\backend\VSymbolSpace.cpp">
      <Filter>Source Files</Filter>
    </ClCompile>
    <ClCompile Include="..\backend\VTask.cpp">
      <Filter>Source Files</Filter>
    </ClCompile>
    <ClCompile Include="..\backend\VTaskDomain.cpp">
      <Filter>Source Files</Filter>
    </ClCompile>
    <ClCompile Include="..\backend\VTaskDomainedStore.cpp">
      <Filter>Source Files</Filter>
    </ClCompile>
    <ClCompile Include="..\backend\VTopTask.cpp">
      <Filter>Source Files</Filter>
    </ClCompile>
    <ClCompile Include="..\backend\VTopTaskBase.cpp">
      <Filter>Source Files</Filter>
    </ClCompile>
    <ClCompile Include="..\backend\VTransientServicesForBatchvision.cpp">
      <Filter>Source Files</Filter>
    </ClCompile>
    <ClCompile Include="..\backend\vunwind.cpp">
      <Filter>Source Files</Filter>
    </ClCompile>
    <ClCompile Include="..\backend\vutil.cpp">
      <Filter>Source Files</Filter>
    </ClCompile>
    <ClCompile Include="..\backend\VUtilityCall.cpp">
      <Filter>Source Files</Filter>
    </ClCompile>
    <ClCompile Include="..\backend\VUtilityTask.cpp">
      <Filter>Source Files</Filter>
    </ClCompile>
    <ClCompile Include="..\backend\VWhileTrueController.cpp">
      <Filter>Source Files</Filter>
    </ClCompile>
    <ClCompile Include="..\kernel\Vdd_Store.cpp">
      <Filter>Source Files</Filter>
    </ClCompile>
  </ItemGroup>
  <ItemGroup>
    <ResourceCompile Include="batchvision.rc">
      <Filter>Source Files</Filter>
    </ResourceCompile>
  </ItemGroup>
  <ItemGroup>
    <ClInclude Include="..\VpFileMapping.h">
      <Filter>Header Files</Filter>
    </ClInclude>
    <ClInclude Include="..\backend\batchvision.h">
      <Filter>Header Files</Filter>
    </ClInclude>
    <ClInclude Include="..\backend\DSC_Descriptor.h">
      <Filter>Header Files</Filter>
    </ClInclude>
    <ClInclude Include="..\backend\DSC_Pointer.h">
      <Filter>Header Files</Filter>
    </ClInclude>
    <ClInclude Include="..\backend\DSC_Scalar.h">
      <Filter>Header Files</Filter>
    </ClInclude>
    <ClInclude Include="..\backend\DSC_Store.h">
      <Filter>Header Files</Filter>
    </ClInclude>
    <ClInclude Include="..\backend\iom.h">
      <Filter>Header Files</Filter>
    </ClInclude>
    <ClInclude Include="..\backend\IOMDriver.h">
      <Filter>Header Files</Filter>
    </ClInclude>
    <ClInclude Include="..\backend\IOMFile.h">
      <Filter>Header Files</Filter>
    </ClInclude>
    <ClInclude Include="..\backend\IOMHandle.h">
      <Filter>Header Files</Filter>
    </ClInclude>
    <ClInclude Include="..\backend\IOMService.h">
      <Filter>Header Files</Filter>
    </ClInclude>
    <ClInclude Include="..\backend\IOMStream.h">
      <Filter>Header Files</Filter>
    </ClInclude>
    <ClInclude Include="..\backend\lio.h">
      <Filter>Header Files</Filter>
    </ClInclude>
    <ClInclude Include="..\backend\m.h">
      <Filter>Header Files</Filter>
    </ClInclude>
    <ClInclude Include="..\backend\M_AND.h">
      <Filter>Header Files</Filter>
    </ClInclude>
    <ClInclude Include="..\backend\M_ASD.h">
      <Filter>Header Files</Filter>
    </ClInclude>
    <ClInclude Include="..\backend\M_CPD.h">
      <Filter>Header Files</Filter>
    </ClInclude>
    <ClInclude Include="..\backend\M_KnownObjectTable.h">
      <Filter>Header Files</Filter>
    </ClInclude>
    <ClInclude Include="..\backend\M_RTD.h">
      <Filter>Header Files</Filter>
    </ClInclude>
    <ClInclude Include="..\backend\PFalist.h">
      <Filter>Header Files</Filter>
    </ClInclude>
    <ClInclude Include="..\backend\PFdate.h">
      <Filter>Header Files</Filter>
    </ClInclude>
    <ClInclude Include="..\backend\PFdebug.h">
      <Filter>Header Files</Filter>
    </ClInclude>
    <ClInclude Include="..\backend\PFdictionary.h">
      <Filter>Header Files</Filter>
    </ClInclude>
    <ClInclude Include="..\backend\PFfault.h">
      <Filter>Header Files</Filter>
    </ClInclude>
    <ClInclude Include="..\backend\PFidentity.h">
      <Filter>Header Files</Filter>
    </ClInclude>
    <ClInclude Include="..\backend\PFlist.h">
      <Filter>Header Files</Filter>
    </ClInclude>
    <ClInclude Include="..\backend\PFnumeric.h">
      <Filter>Header Files</Filter>
    </ClInclude>
    <ClInclude Include="..\backend\PFprint.h">
      <Filter>Header Files</Filter>
    </ClInclude>
    <ClInclude Include="..\backend\PFrun.h">
      <Filter>Header Files</Filter>
    </ClInclude>
    <ClInclude Include="..\backend\PFstats.h">
      <Filter>Header Files</Filter>
    </ClInclude>
    <ClInclude Include="..\backend\PFstring.h">
      <Filter>Header Files</Filter>
    </ClInclude>
    <ClInclude Include="..\backend\PFts.h">
      <Filter>Header Files</Filter>
    </ClInclude>
    <ClInclude Include="..\backend\PFutil.h">
      <Filter>Header Files</Filter>
    </ClInclude>
    <ClInclude Include="..\backend\popvector.h">
      <Filter>Header Files</Filter>
    </ClInclude>
    <ClInclude Include="..\backend\ps.h">
      <Filter>Header Files</Filter>
    </ClInclude>
    <ClInclude Include="..\backend\PS_AND.h">
      <Filter>Header Files</Filter>
    </ClInclude>
    <ClInclude Include="..\backend\PS_ASD.h">
      <Filter>Header Files</Filter>
    </ClInclude>
    <ClInclude Include="..\backend\rslang.h">
      <Filter>Header Files</Filter>
    </ClInclude>
    <ClInclude Include="..\backend\RTblock.h">
      <Filter>Header Files</Filter>
    </ClInclude>
    <ClInclude Include="..\backend\RTcharuv.h">
      <Filter>Header Files</Filter>
    </ClInclude>
    <ClInclude Include="..\backend\RTclosure.h">
      <Filter>Header Files</Filter>
    </ClInclude>
    <ClInclude Include="..\backend\RTcontext.h">
      <Filter>Header Files</Filter>
    </ClInclude>
    <ClInclude Include="..\backend\RTdictionary.h">
      <Filter>Header Files</Filter>
    </ClInclude>
    <ClInclude Include="..\backend\RTdoubleuv.h">
      <Filter>Header Files</Filter>
    </ClInclude>
    <ClInclude Include="..\backend\RTdsc.h">
      <Filter>Header Files</Filter>
    </ClInclude>
    <ClInclude Include="..\backend\RTfloatuv.h">
      <Filter>Header Files</Filter>
    </ClInclude>
    <ClInclude Include="..\backend\RTindex.h">
      <Filter>Header Files</Filter>
    </ClInclude>
    <ClInclude Include="..\backend\RTintuv.h">
      <Filter>Header Files</Filter>
    </ClInclude>
    <ClInclude Include="..\backend\RTlink.h">
      <Filter>Header Files</Filter>
    </ClInclude>
    <ClInclude Include="..\backend\RTlstore.h">
      <Filter>Header Files</Filter>
    </ClInclude>
    <ClInclude Include="..\backend\RTmethod.h">
      <Filter>Header Files</Filter>
    </ClInclude>
    <ClInclude Include="..\backend\RTparray.h">
      <Filter>Header Files</Filter>
    </ClInclude>
    <ClInclude Include="..\backend\RTpct.h">
      <Filter>Header Files</Filter>
    </ClInclude>
    <ClInclude Include="..\backend\RTptoken.h">
      <Filter>Header Files</Filter>
    </ClInclude>
    <ClInclude Include="..\backend\RTrefuv.h">
      <Filter>Header Files</Filter>
    </ClInclude>
    <ClInclude Include="..\backend\RTseluv.h">
      <Filter>Header Files</Filter>
    </ClInclude>
    <ClInclude Include="..\backend\RTstring.h">
      <Filter>Header Files</Filter>
    </ClInclude>
    <ClInclude Include="..\backend\RTtct.h">
      <Filter>Header Files</Filter>
    </ClInclude>
    <ClInclude Include="..\backend\RTu128uv.h">
      <Filter>Header Files</Filter>
    </ClInclude>
    <ClInclude Include="..\backend\RTu64uv.h">
      <Filter>Header Files</Filter>
    </ClInclude>
    <ClInclude Include="..\backend\RTu96uv.h">
      <Filter>Header Files</Filter>
    </ClInclude>
    <ClInclude Include="..\backend\RTundef.h">
      <Filter>Header Files</Filter>
    </ClInclude>
    <ClInclude Include="..\backend\RTundefuv.h">
      <Filter>Header Files</Filter>
    </ClInclude>
    <ClInclude Include="..\backend\RTvector.h">
      <Filter>Header Files</Filter>
    </ClInclude>
    <ClInclude Include="..\backend\RTvstore.h">
      <Filter>Header Files</Filter>
    </ClInclude>
    <ClInclude Include="..\backend\rtype.h">
      <Filter>Header Files</Filter>
    </ClInclude>
    <ClInclude Include="..\backend\selector.h">
      <Filter>Header Files</Filter>
    </ClInclude>
    <ClInclude Include="..\backend\ts.h">
      <Filter>Header Files</Filter>
    </ClInclude>
    <ClInclude Include="..\backend\uvector.h">
      <Filter>Header Files</Filter>
    </ClInclude>
    <ClInclude Include="..\backend\VArrayOf.h">
      <Filter>Header Files</Filter>
    </ClInclude>
    <ClInclude Include="..\backend\VAssociativeCursor.h">
      <Filter>Header Files</Filter>
    </ClInclude>
    <ClInclude Include="..\backend\VAssociativeResult.h">
      <Filter>Header Files</Filter>
    </ClInclude>
    <ClInclude Include="..\backend\VBenderenceable.h">
      <Filter>Header Files</Filter>
    </ClInclude>
    <ClInclude Include="..\backend\VBlockTask.h">
      <Filter>Header Files</Filter>
    </ClInclude>
    <ClInclude Include="..\backend\VBoundCall.h">
      <Filter>Header Files</Filter>
    </ClInclude>
    <ClInclude Include="..\backend\VByteCodeDescriptor.h">
      <Filter>Header Files</Filter>
    </ClInclude>
    <ClInclude Include="..\backend\VByteCodeScanner.h">
      <Filter>Header Files</Filter>
    </ClInclude>
    <ClInclude Include="..\backend\VCachedArray.h">
      <Filter>Header Files</Filter>
    </ClInclude>
    <ClInclude Include="..\backend\VCall.h">
      <Filter>Header Files</Filter>
    </ClInclude>
    <ClInclude Include="..\backend\VChannelController.h">
      <Filter>Header Files</Filter>
    </ClInclude>
    <ClInclude Include="..\backend\VCodeDescriptor.h">
      <Filter>Header Files</Filter>
    </ClInclude>
    <ClInclude Include="..\backend\VCodeTable.h">
      <Filter>Header Files</Filter>
    </ClInclude>
    <ClInclude Include="..\backend\VCollection.h">
      <Filter>Header Files</Filter>
    </ClInclude>
    <ClInclude Include="..\backend\VCollectionOf.h">
      <Filter>Header Files</Filter>
    </ClInclude>
    <ClInclude Include="..\backend\VCollectionOfOrderables.h">
      <Filter>Header Files</Filter>
    </ClInclude>
    <ClInclude Include="..\backend\VCollectionOfStrings.h">
      <Filter>Header Files</Filter>
    </ClInclude>
    <ClInclude Include="..\network\VComponentReference.h">
      <Filter>Header Files</Filter>
    </ClInclude>
    <ClInclude Include="..\backend\VComputationList.h">
      <Filter>Header Files</Filter>
    </ClInclude>
    <ClInclude Include="..\backend\VComputationScheduler.h">
      <Filter>Header Files</Filter>
    </ClInclude>
    <ClInclude Include="..\backend\VComputationTrigger.h">
      <Filter>Header Files</Filter>
    </ClInclude>
    <ClInclude Include="..\backend\VComputationUnit.h">
      <Filter>Header Files</Filter>
    </ClInclude>
    <ClInclude Include="..\backend\VConstructor.h">
      <Filter>Header Files</Filter>
    </ClInclude>
    <ClInclude Include="..\backend\VContainerHandle.h">
      <Filter>Header Files</Filter>
    </ClInclude>
    <ClInclude Include="..\backend\VControlPoint.h">
      <Filter>Header Files</Filter>
    </ClInclude>
    <ClInclude Include="..\backend\VControlPointSubscription.h">
      <Filter>Header Files</Filter>
    </ClInclude>
    <ClInclude Include="..\backend\VCPDReference.h">
      <Filter>Header Files</Filter>
    </ClInclude>
    <ClInclude Include="..\network\VDatabase.h">
      <Filter>Header Files</Filter>
    </ClInclude>
    <ClInclude Include="..\network\VDatabaseActivation.h">
      <Filter>Header Files</Filter>
    </ClInclude>
    <ClInclude Include="..\network\VDatabaseComponent.h">
      <Filter>Header Files</Filter>
    </ClInclude>
    <ClInclude Include="..\network\VDatabaseFederator.h">
      <Filter>Header Files</Filter>
    </ClInclude>
    <ClInclude Include="..\backend\VDatabaseFederatorForBatchvision.h">
      <Filter>Header Files</Filter>
    </ClInclude>
    <ClInclude Include="..\network\VDatabaseNDF.h">
      <Filter>Header Files</Filter>
    </ClInclude>
    <ClInclude Include="..\network\VDatabaseRoot.h">
      <Filter>Header Files</Filter>
    </ClInclude>
    <ClInclude Include="..\backend\vdates.h">
      <Filter>Header Files</Filter>
    </ClInclude>
    <ClInclude Include="..\backend\vdbupdate.h">
      <Filter>Header Files</Filter>
    </ClInclude>
    <ClInclude Include="..\backend\vdebug.h">
      <Filter>Header Files</Filter>
    </ClInclude>
    <ClInclude Include="..\backend\VDescriptor.h">
      <Filter>Header Files</Filter>
    </ClInclude>
    <ClInclude Include="..\backend\vdsc.h">
      <Filter>Header Files</Filter>
    </ClInclude>
    <ClInclude Include="..\backend\venvir.h">
      <Filter>Header Files</Filter>
    </ClInclude>
    <ClInclude Include="..\backend\verr.h">
      <Filter>Header Files</Filter>
    </ClInclude>
    <ClInclude Include="..\backend\verrdef.h">
      <Filter>Header Files</Filter>
    </ClInclude>
    <ClInclude Include="..\backend\VEvaluationCall.h">
      <Filter>Header Files</Filter>
    </ClInclude>
    <ClInclude Include="..\backend\VEvaluatorPump.h">
      <Filter>Header Files</Filter>
    </ClInclude>
    <ClInclude Include="..\backend\VExternalGroundStore.h">
      <Filter>Header Files</Filter>
    </ClInclude>
    <ClInclude Include="..\backend\vfac.h">
      <Filter>Header Files</Filter>
    </ClInclude>
    <ClInclude Include="..\kernel\VFactoryReference.h">
      <Filter>Header Files</Filter>
    </ClInclude>
    <ClInclude Include="..\backend\vfault.h">
      <Filter>Header Files</Filter>
    </ClInclude>
    <ClInclude Include="..\backend\VfDeleteGenerator.h">
      <Filter>Header Files</Filter>
    </ClInclude>
    <ClInclude Include="..\backend\VfDistributionGenerator.h">
      <Filter>Header Files</Filter>
    </ClInclude>
    <ClInclude Include="..\backend\VfGuardTool.h">
      <Filter>Header Files</Filter>
    </ClInclude>
    <ClInclude Include="..\backend\VfLocateGenerator.h">
      <Filter>Header Files</Filter>
    </ClInclude>
    <ClInclude Include="..\backend\VfLocateOrAddGenerator.h">
      <Filter>Header Files</Filter>
    </ClInclude>
    <ClInclude Include="..\backend\VFragment.h">
      <Filter>Header Files</Filter>
    </ClInclude>
    <ClInclude Include="..\backend\VFragmentation.h">
      <Filter>Header Files</Filter>
    </ClInclude>
    <ClInclude Include="..\backend\VGroundStore.h">
      <Filter>Header Files</Filter>
    </ClInclude>
    <ClInclude Include="..\backend\VGuardedDoubleGenerator.h">
      <Filter>Header Files</Filter>
    </ClInclude>
    <ClInclude Include="..\backend\VInternalGroundStore.h">
      <Filter>Header Files</Filter>
    </ClInclude>
    <ClInclude Include="..\backend\viobj.h">
      <Filter>Header Files</Filter>
    </ClInclude>
    <ClInclude Include="..\kernel\VkLicense.h">
      <Filter>Header Files</Filter>
    </ClInclude>
    <ClInclude Include="..\kernel\VkMapOf.h">
      <Filter>Header Files</Filter>
    </ClInclude>
    <ClInclude Include="..\kernel\VkRadixListSorter.h">
      <Filter>Header Files</Filter>
    </ClInclude>
    <ClInclude Include="..\kernel\VkScalar.h">
      <Filter>Header Files</Filter>
    </ClInclude>
    <ClInclude Include="..\backend\VLinkCReference.h">
      <Filter>Header Files</Filter>
    </ClInclude>
    <ClInclude Include="..\backend\VListEnumerationController.h">
      <Filter>Header Files</Filter>
    </ClInclude>
    <ClInclude Include="..\backend\vmachine.h">
      <Filter>Header Files</Filter>
    </ClInclude>
    <ClInclude Include="..\backend\VMagicWordDescriptor.h">
      <Filter>Header Files</Filter>
    </ClInclude>
    <ClInclude Include="..\backend\VMutex.h">
      <Filter>Header Files</Filter>
    </ClInclude>
    <ClInclude Include="..\backend\VMutexClaim.h">
      <Filter>Header Files</Filter>
    </ClInclude>
    <ClInclude Include="..\backend\VMutexController.h">
      <Filter>Header Files</Filter>
    </ClInclude>
    <ClInclude Include="..\backend\VMutexGrant.h">
      <Filter>Header Files</Filter>
    </ClInclude>
    <ClInclude Include="..\backend\VNumericBinary.h">
      <Filter>Header Files</Filter>
    </ClInclude>
    <ClInclude Include="..\backend\VOrdered.h">
      <Filter>Header Files</Filter>
    </ClInclude>
    <ClInclude Include="..\backend\VOutputBuffer.h">
      <Filter>Header Files</Filter>
    </ClInclude>
    <ClInclude Include="..\backend\VOutputGenerator.h">
      <Filter>Header Files</Filter>
    </ClInclude>
    <ClInclude Include="..\backend\VPrimaryCall.h">
      <Filter>Header Files</Filter>
    </ClInclude>
    <ClInclude Include="..\backend\vprimfns.h">
      <Filter>Header Files</Filter>
    </ClInclude>
    <ClInclude Include="..\backend\VPrimitiveDescriptor.h">
      <Filter>Header Files</Filter>
    </ClInclude>
    <ClInclude Include="..\backend\VPrimitiveTask.h">
      <Filter>Header Files</Filter>
    </ClInclude>
    <ClInclude Include="..\backend\VPrimitiveTaskController.h">
      <Filter>Header Files</Filter>
    </ClInclude>
    <ClInclude Include="..\backend\VReadEvalPrint.h">
      <Filter>Header Files</Filter>
    </ClInclude>
    <ClInclude Include="..\backend\VReferenceableMonotype.h">
      <Filter>Header Files</Filter>
    </ClInclude>
    <ClInclude Include="..\backend\VSecondaryCall.h">
      <Filter>Header Files</Filter>
    </ClInclude>
    <ClInclude Include="..\backend\VSelector.h">
      <Filter>Header Files</Filter>
    </ClInclude>
    <ClInclude Include="..\backend\VSet.h">
      <Filter>Header Files</Filter>
    </ClInclude>
    <ClInclude Include="..\backend\VSetOf.h">
      <Filter>Header Files</Filter>
    </ClInclude>
    <ClInclude Include="..\backend\vsignal.h">
      <Filter>Header Files</Filter>
    </ClInclude>
    <ClInclude Include="..\backend\VSNFTask.h">
      <Filter>Header Files</Filter>
    </ClInclude>
    <ClInclude Include="..\backend\VSNFTaskHolder.h">
      <Filter>Header Files</Filter>
    </ClInclude>
    <ClInclude Include="..\backend\VSNFTaskParameters.h">
      <Filter>Header Files</Filter>
    </ClInclude>
    <ClInclude Include="..\backend\VSNFTaskParametersList.h">
      <Filter>Header Files</Filter>
    </ClInclude>
    <ClInclude Include="..\backend\VSorter.h">
      <Filter>Header Files</Filter>
    </ClInclude>
    <ClInclude Include="..\backend\vstdio.h">
      <Filter>Header Files</Filter>
    </ClInclude>
    <ClInclude Include="..\backend\VSuspension.h">
      <Filter>Header Files</Filter>
    </ClInclude>
    <ClInclude Include="..\backend\VSymbol.h">
      <Filter>Header Files</Filter>
    </ClInclude>
    <ClInclude Include="..\backend\VSymbolBinding.h">
      <Filter>Header Files</Filter>
    </ClInclude>
    <ClInclude Include="..\backend\VSymbolImplementation.h">
      <Filter>Header Files</Filter>
    </ClInclude>
    <ClInclude Include="..\backend\VSymbolSpace.h">
      <Filter>Header Files</Filter>
    </ClInclude>
    <ClInclude Include="..\backend\VTask.h">
      <Filter>Header Files</Filter>
    </ClInclude>
    <ClInclude Include="..\backend\VTaskDomain.h">
      <Filter>Header Files</Filter>
    </ClInclude>
    <ClInclude Include="..\backend\VTaskDomainedStore.h">
      <Filter>Header Files</Filter>
    </ClInclude>
    <ClInclude Include="..\backend\VTopTask.h">
      <Filter>Header Files</Filter>
    </ClInclude>
    <ClInclude Include="..\backend\VTopTaskBase.h">
      <Filter>Header Files</Filter>
    </ClInclude>
    <ClInclude Include="..\backend\VTransientServicesForBatchvision.h">
      <Filter>Header Files</Filter>
    </ClInclude>
    <ClInclude Include="..\backend\vunwind.h">
      <Filter>Header Files</Filter>
    </ClInclude>
    <ClInclude Include="..\backend\vutil.h">
      <Filter>Header Files</Filter>
    </ClInclude>
    <ClInclude Include="..\backend\VUtilityCall.h">
      <Filter>Header Files</Filter>
    </ClInclude>
    <ClInclude Include="..\backend\VUtilityTask.h">
      <Filter>Header Files</Filter>
    </ClInclude>
    <ClInclude Include="..\backend\VWhileTrueController.h">
      <Filter>Header Files</Filter>
    </ClInclude>
    <ClInclude Include="..\kernel\Vdd_Object.h">
      <Filter>Header Files</Filter>
    </ClInclude>
    <ClInclude Include="..\kernel\Vdd_Pointer.h">
      <Filter>Header Files</Filter>
    </ClInclude>
    <ClInclude Include="..\kernel\Vdd_Store.h">
      <Filter>Header Files</Filter>
    </ClInclude>
  </ItemGroup>
  <ItemGroup>
    <None Include="..\network\m.d" />
    <None Include="..\network\popvector.d" />
    <None Include="..\network\ps.d" />
    <None Include="..\network\RTblock.d" />
    <None Include="..\network\RTcharuv.d" />
    <None Include="..\network\RTclosure.d" />
    <None Include="..\network\RTcontext.d" />
    <None Include="..\network\RTdictionary.d" />
    <None Include="..\network\RTdoubleuv.d" />
    <None Include="..\network\RTdsc.d" />
    <None Include="..\network\RTfloatuv.d" />
    <None Include="..\network\RTindex.d" />
    <None Include="..\network\RTintuv.d" />
    <None Include="..\network\RTlink.d" />
    <None Include="..\network\RTlstore.d" />
    <None Include="..\network\RTmethod.d" />
    <None Include="..\network\RTparray.d" />
    <None Include="..\network\RTpct.d" />
    <None Include="..\network\RTptoken.d" />
    <None Include="..\network\RTrefuv.d" />
    <None Include="..\network\RTseluv.d" />
    <None Include="..\network\RTstring.d" />
    <None Include="..\network\RTtct.d" />
    <None Include="..\network\RTu128uv.d" />
    <None Include="..\network\RTu64uv.d" />
    <None Include="..\network\RTu96uv.d" />
    <None Include="..\network\RTundefuv.d" />
    <None Include="..\network\RTvector.d" />
    <None Include="..\network\RTvstore.d" />
    <None Include="..\network\rtype.d" />
    <None Include="..\network\selector.d" />
  </ItemGroup>
</Project>