<?xml version="1.0" encoding="utf-8"?>
<Project ToolsVersion="4.0" xmlns="http://schemas.microsoft.com/developer/msbuild/2003">
  <ItemGroup>
    <Filter Include="Source Files">
      <UniqueIdentifier>{67719484-f7c8-4ed1-b015-47f84a21c7c6}</UniqueIdentifier>
      <Extensions>cpp;c;cxx;rc;def;r;odl;idl;hpj;bat</Extensions>
    </Filter>
    <Filter Include="Header Files">
      <UniqueIdentifier>{aded1573-194d-4987-bb04-7772a0944d96}</UniqueIdentifier>
      <Extensions>h;hpp;hxx;hm;inl</Extensions>
    </Filter>
    <Filter Include="Resource Files">
      <UniqueIdentifier>{17915454-4529-4296-b63c-1280d2f83275}</UniqueIdentifier>
      <Extensions>ico;cur;bmp;dlg;rc2;rct;bin;rgs;gif;jpg;jpeg;jpe</Extensions>
    </Filter>
  </ItemGroup>
  <ItemGroup>
    <ClCompile Include="Connection.cpp">
      <Filter>Source Files</Filter>
    </ClCompile>
    <ClCompile Include="DatumArray.cpp">
      <Filter>Source Files</Filter>
    </ClCompile>
    <ClCompile Include="ExtractWS.cpp">
      <Filter>Source Files</Filter>
    </ClCompile>
    <ClCompile Include="FormatSettings.cpp">
      <Filter>Source Files</Filter>
    </ClCompile>
    <ClCompile Include="StdAfx.cpp">
      <Filter>Source Files</Filter>
    </ClCompile>
    <ClCompile Include="VAccess.cpp">
      <Filter>Source Files</Filter>
    </ClCompile>
    <ClCompile Include="VAccessString.cpp">
      <Filter>Source Files</Filter>
    </ClCompile>
    <ClCompile Include="VariantConverter.cpp">
      <Filter>Source Files</Filter>
    </ClCompile>
    <ClCompile Include="VArray.cpp">
      <Filter>Source Files</Filter>
    </ClCompile>
    <ClCompile Include="VConnection.cpp">
      <Filter>Source Files</Filter>
    </ClCompile>
    <ClCompile Include="VConnectionUse.cpp">
      <Filter>Source Files</Filter>
    </ClCompile>
    <ClCompile Include="VDatum.cpp">
      <Filter>Source Files</Filter>
    </ClCompile>
    <ClCompile Include="VEvaluatorSinkWaiter.cpp">
      <Filter>Source Files</Filter>
    </ClCompile>
    <ClCompile Include="VExtractWS.cpp">
      <Filter>Source Files</Filter>
    </ClCompile>
    <ClCompile Include="VFormatSettings.cpp">
      <Filter>Source Files</Filter>
    </ClCompile>
    <ClCompile Include="VQueryCache.cpp">
      <Filter>Source Files</Filter>
    </ClCompile>
  </ItemGroup>
  <ItemGroup>
    <None Include="VAccess.def">
      <Filter>Source Files</Filter>
    </None>
    <None Include="Connection.rgs">
      <Filter>Resource Files</Filter>
    </None>
    <None Include="DatumArray.rgs">
      <Filter>Resource Files</Filter>
    </None>
    <None Include="ExtractWS.rgs">
      <Filter>Resource Files</Filter>
    </None>
    <None Include="FormatSettings.rgs">
      <Filter>Resource Files</Filter>
    </None>
  </ItemGroup>
  <ItemGroup>
    <Midl Include="VAccess.idl">
      <Filter>Source Files</Filter>
    </Midl>
  </ItemGroup>
  <ItemGroup>
    <ResourceCompile Include="VAccess.rc">
      <Filter>Source Files</Filter>
    </ResourceCompile>
  </ItemGroup>
  <ItemGroup>
    <ClInclude Include="Connection.h">
      <Filter>Header Files</Filter>
    </ClInclude>
    <ClInclude Include="DatumArray.h">
      <Filter>Header Files</Filter>
    </ClInclude>
    <ClInclude Include="ExtractWS.h">
      <Filter>Header Files</Filter>
    </ClInclude>
    <ClInclude Include="FormatSettings.h">
      <Filter>Header Files</Filter>
    </ClInclude>
    <ClInclude Include="Resource.h">
      <Filter>Header Files</Filter>
    </ClInclude>
    <ClInclude Include="StdAfx.h">
      <Filter>Header Files</Filter>
    </ClInclude>
    <ClInclude Include="VAccessCP.h">
      <Filter>Header Files</Filter>
    </ClInclude>
    <ClInclude Include="VAccessString.h">
      <Filter>Header Files</Filter>
    </ClInclude>
    <ClInclude Include="VariantConverter.h">
      <Filter>Header Files</Filter>
    </ClInclude>
    <ClInclude Include="VArray.h">
      <Filter>Header Files</Filter>
    </ClInclude>
    <ClInclude Include="VATL.h">
      <Filter>Header Files</Filter>
    </ClInclude>
    <ClInclude Include="VConnection.h">
      <Filter>Header Files</Filter>
    </ClInclude>
    <ClInclude Include="VConnectionUse.h">
      <Filter>Header Files</Filter>
    </ClInclude>
    <ClInclude Include="VDatum.h">
      <Filter>Header Files</Filter>
    </ClInclude>
    <ClInclude Include="VError.h">
      <Filter>Header Files</Filter>
    </ClInclude>
    <ClInclude Include="VEvaluatorSinkWaiter.h">
      <Filter>Header Files</Filter>
    </ClInclude>
    <ClInclude Include="VExtractWS.h">
      <Filter>Header Files</Filter>
    </ClInclude>
    <ClInclude Include="VFormatSettings.h">
      <Filter>Header Files</Filter>
    </ClInclude>
    <ClInclude Include="VQueryCache.h">
      <Filter>Header Files</Filter>
    </ClInclude>
    <ClInclude Include="VReceiverWaiter.h">
      <Filter>Header Files</Filter>
    </ClInclude>
    <ClInclude Include="VStdLib.h">
      <Filter>Header Files</Filter>
    </ClInclude>
  </ItemGroup>
</Project>