<?xml version="1.0" encoding="utf-8"?>
<Project ToolsVersion="4.0" xmlns="http://schemas.microsoft.com/developer/msbuild/2003">
  <ItemGroup>
    <Filter Include="Source Files">
      <UniqueIdentifier>{2ddf2443-9070-4754-903e-c33962d488ce}</UniqueIdentifier>
      <Extensions>cpp;c;cxx;rc;def;r;odl;hpj;bat;for;f90</Extensions>
    </Filter>
    <Filter Include="Header Files">
      <UniqueIdentifier>{489ef491-4af2-447d-aec3-34503a70e7b9}</UniqueIdentifier>
      <Extensions>h;hpp;hxx;hm;inl;fi;fd</Extensions>
    </Filter>
    <Filter Include="Resource Files">
      <UniqueIdentifier>{267f304e-84ec-4851-baa7-1d7f095a26c0}</UniqueIdentifier>
      <Extensions>ico;cur;bmp;dlg;rc2;rct;bin;cnt;rtf;gif;jpg;jpeg;jpe</Extensions>
    </Filter>
  </ItemGroup>
  <ItemGroup>
    <ClCompile Include="..\batchvision.cpp">
      <Filter>Source Files</Filter>
    </ClCompile>
    <ClCompile Include="..\iom.cpp">
      <Filter>Source Files</Filter>
    </ClCompile>
    <ClCompile Include="..\IOMDriver.cpp">
      <Filter>Source Files</Filter>
    </ClCompile>
    <ClCompile Include="..\IOMFile.cpp">
      <Filter>Source Files</Filter>
    </ClCompile>
    <ClCompile Include="..\IOMService.cpp">
      <Filter>Source Files</Filter>
    </ClCompile>
    <ClCompile Include="..\IOMStream.cpp">
      <Filter>Source Files</Filter>
    </ClCompile>
    <ClCompile Include="..\lio.cpp">
      <Filter>Source Files</Filter>
    </ClCompile>
    <ClCompile Include="..\m.cpp">
      <Filter>Source Files</Filter>
    </ClCompile>
    <ClCompile Include="..\M_AND.cpp">
      <Filter>Source Files</Filter>
    </ClCompile>
    <ClCompile Include="..\M_ASD.cpp">
      <Filter>Source Files</Filter>
    </ClCompile>
    <ClCompile Include="..\M_CPD.cpp">
      <Filter>Source Files</Filter>
    </ClCompile>
    <ClCompile Include="..\M_KnownObjectTable.cpp">
      <Filter>Source Files</Filter>
    </ClCompile>
    <ClCompile Include="..\PFalist.cpp">
      <Filter>Source Files</Filter>
    </ClCompile>
    <ClCompile Include="..\PFdate.cpp">
      <Filter>Source Files</Filter>
    </ClCompile>
    <ClCompile Include="..\PFdebug.cpp">
      <Filter>Source Files</Filter>
    </ClCompile>
    <ClCompile Include="..\PFdictionary.cpp">
      <Filter>Source Files</Filter>
    </ClCompile>
    <ClCompile Include="..\PFfault.cpp">
      <Filter>Source Files</Filter>
    </ClCompile>
    <ClCompile Include="..\PFidentity.cpp">
      <Filter>Source Files</Filter>
    </ClCompile>
    <ClCompile Include="..\PFlist.cpp">
      <Filter>Source Files</Filter>
    </ClCompile>
    <ClCompile Include="..\PFnumeric.cpp">
      <Filter>Source Files</Filter>
    </ClCompile>
    <ClCompile Include="..\PFprint.cpp">
      <Filter>Source Files</Filter>
    </ClCompile>
    <ClCompile Include="..\PFrun.cpp">
      <Filter>Source Files</Filter>
    </ClCompile>
    <ClCompile Include="..\PFstats.cpp">
      <Filter>Source Files</Filter>
    </ClCompile>
    <ClCompile Include="..\PFstring.cpp">
      <Filter>Source Files</Filter>
    </ClCompile>
    <ClCompile Include="..\PFts.cpp">
      <Filter>Source Files</Filter>
    </ClCompile>
    <ClCompile Include="..\PFutil.cpp">
      <Filter>Source Files</Filter>
    </ClCompile>
    <ClCompile Include="..\popvector.cpp">
      <Filter>Source Files</Filter>
    </ClCompile>
    <ClCompile Include="..\ps.cpp">
      <Filter>Source Files</Filter>
    </ClCompile>
    <ClCompile Include="..\PS_AND.cpp">
      <Filter>Source Files</Filter>
    </ClCompile>
    <ClCompile Include="..\PS_ASD.cpp">
      <Filter>Source Files</Filter>
    </ClCompile>
    <ClCompile Include="..\rslang.cpp">
      <Filter>Source Files</Filter>
    </ClCompile>
    <ClCompile Include="..\RTblock.cpp">
      <Filter>Source Files</Filter>
    </ClCompile>
    <ClCompile Include="..\RTcharuv.cpp">
      <Filter>Source Files</Filter>
    </ClCompile>
    <ClCompile Include="..\RTclosure.cpp">
      <Filter>Source Files</Filter>
    </ClCompile>
    <ClCompile Include="..\RTcontext.cpp">
      <Filter>Source Files</Filter>
    </ClCompile>
    <ClCompile Include="..\RTdictionary.cpp">
      <Filter>Source Files</Filter>
    </ClCompile>
    <ClCompile Include="..\RTdoubleuv.cpp">
      <Filter>Source Files</Filter>
    </ClCompile>
    <ClCompile Include="..\RTdsc.cpp">
      <Filter>Source Files</Filter>
    </ClCompile>
    <ClCompile Include="..\RTfloatuv.cpp">
      <Filter>Source Files</Filter>
    </ClCompile>
    <ClCompile Include="..\RTindex.cpp">
      <Filter>Source Files</Filter>
    </ClCompile>
    <ClCompile Include="..\RTintuv.cpp">
      <Filter>Source Files</Filter>
    </ClCompile>
    <ClCompile Include="..\RTlink.cpp">
      <Filter>Source Files</Filter>
    </ClCompile>
    <ClCompile Include="..\RTlstore.cpp">
      <Filter>Source Files</Filter>
    </ClCompile>
    <ClCompile Include="..\RTmethod.cpp">
      <Filter>Source Files</Filter>
    </ClCompile>
    <ClCompile Include="..\RTparray.cpp">
      <Filter>Source Files</Filter>
    </ClCompile>
    <ClCompile Include="..\RTpct.cpp">
      <Filter>Source Files</Filter>
    </ClCompile>
    <ClCompile Include="..\RTptoken.cpp">
      <Filter>Source Files</Filter>
    </ClCompile>
    <ClCompile Include="..\RTrefuv.cpp">
      <Filter>Source Files</Filter>
    </ClCompile>
    <ClCompile Include="..\RTseluv.cpp">
      <Filter>Source Files</Filter>
    </ClCompile>
    <ClCompile Include="..\RTstring.cpp">
      <Filter>Source Files</Filter>
    </ClCompile>
    <ClCompile Include="..\RTtct.cpp">
      <Filter>Source Files</Filter>
    </ClCompile>
    <ClCompile Include="..\RTu128uv.cpp">
      <Filter>Source Files</Filter>
    </ClCompile>
    <ClCompile Include="..\RTu64uv.cpp">
      <Filter>Source Files</Filter>
    </ClCompile>
    <ClCompile Include="..\RTu96uv.cpp">
      <Filter>Source Files</Filter>
    </ClCompile>
    <ClCompile Include="..\RTundef.cpp">
      <Filter>Source Files</Filter>
    </ClCompile>
    <ClCompile Include="..\RTundefuv.cpp">
      <Filter>Source Files</Filter>
    </ClCompile>
    <ClCompile Include="..\RTvector.cpp">
      <Filter>Source Files</Filter>
    </ClCompile>
    <ClCompile Include="..\RTvstore.cpp">
      <Filter>Source Files</Filter>
    </ClCompile>
    <ClCompile Include="..\rtype.cpp">
      <Filter>Source Files</Filter>
    </ClCompile>
    <ClCompile Include="..\selector.cpp">
      <Filter>Source Files</Filter>
    </ClCompile>
    <ClCompile Include="..\ts.cpp">
      <Filter>Source Files</Filter>
    </ClCompile>
    <ClCompile Include="..\uvector.cpp">
      <Filter>Source Files</Filter>
    </ClCompile>
    <ClCompile Include="..\VAssociativeCursor.cpp">
      <Filter>Source Files</Filter>
    </ClCompile>
    <ClCompile Include="..\VAssociativeResult.cpp">
      <Filter>Source Files</Filter>
    </ClCompile>
    <ClCompile Include="..\VBenderenceable.cpp">
      <Filter>Source Files</Filter>
    </ClCompile>
    <ClCompile Include="..\VBlockTask.cpp">
      <Filter>Source Files</Filter>
    </ClCompile>
    <ClCompile Include="..\VBoundCall.cpp">
      <Filter>Source Files</Filter>
    </ClCompile>
    <ClCompile Include="..\VByteCodeDescriptor.cpp">
      <Filter>Source Files</Filter>
    </ClCompile>
    <ClCompile Include="..\VByteCodeScanner.cpp">
      <Filter>Source Files</Filter>
    </ClCompile>
    <ClCompile Include="..\VCachedArray.cpp">
      <Filter>Source Files</Filter>
    </ClCompile>
    <ClCompile Include="..\VCall.cpp">
      <Filter>Source Files</Filter>
    </ClCompile>
    <ClCompile Include="..\VChannelController.cpp">
      <Filter>Source Files</Filter>
    </ClCompile>
    <ClCompile Include="..\VCodeDescriptor.cpp">
      <Filter>Source Files</Filter>
    </ClCompile>
    <ClCompile Include="..\VCodeTable.cpp">
      <Filter>Source Files</Filter>
    </ClCompile>
    <ClCompile Include="..\VCollection.cpp">
      <Filter>Source Files</Filter>
    </ClCompile>
    <ClCompile Include="..\VCollectionOf.cpp">
      <Filter>Source Files</Filter>
    </ClCompile>
    <ClCompile Include="..\VCollectionOfOrderables.cpp">
      <Filter>Source Files</Filter>
    </ClCompile>
    <ClCompile Include="..\VCollectionOfStrings.cpp">
      <Filter>Source Files</Filter>
    </ClCompile>
    <ClCompile Include="..\VComputationScheduler.cpp">
      <Filter>Source Files</Filter>
    </ClCompile>
    <ClCompile Include="..\VComputationUnit.cpp">
      <Filter>Source Files</Filter>
    </ClCompile>
    <ClCompile Include="..\VConstructor.cpp">
      <Filter>Source Files</Filter>
    </ClCompile>
    <ClCompile Include="..\VContainerHandle.cpp">
      <Filter>Source Files</Filter>
    </ClCompile>
    <ClCompile Include="..\VControlPoint.cpp">
      <Filter>Source Files</Filter>
    </ClCompile>
    <ClCompile Include="..\VControlPointSubscription.cpp">
      <Filter>Source Files</Filter>
    </ClCompile>
    <ClCompile Include="..\VCPDReference.cpp">
      <Filter>Source Files</Filter>
    </ClCompile>
    <ClCompile Include="..\VDatabase.cpp">
      <Filter>Source Files</Filter>
    </ClCompile>
    <ClCompile Include="..\VDatabaseActivation.cpp">
      <Filter>Source Files</Filter>
    </ClCompile>
    <ClCompile Include="..\VDatabaseComponent.cpp">
      <Filter>Source Files</Filter>
    </ClCompile>
    <ClCompile Include="..\VDatabaseFederator.cpp">
      <Filter>Source Files</Filter>
    </ClCompile>
    <ClCompile Include="..\VDatabaseFederatorForBatchvision.cpp">
      <Filter>Source Files</Filter>
    </ClCompile>
    <ClCompile Include="..\VDatabaseNDF.cpp">
      <Filter>Source Files</Filter>
    </ClCompile>
    <ClCompile Include="..\VDatabaseRoot.cpp">
      <Filter>Source Files</Filter>
    </ClCompile>
    <ClCompile Include="..\vdates.cpp">
      <Filter>Source Files</Filter>
    </ClCompile>
    <ClCompile Include="..\vdbupdate.cpp">
      <Filter>Source Files</Filter>
    </ClCompile>
    <ClCompile Include="..\vdebug.cpp">
      <Filter>Source Files</Filter>
    </ClCompile>
    <ClCompile Include="..\VDescriptor.cpp">
      <Filter>Source Files</Filter>
    </ClCompile>
    <ClCompile Include="..\vdsc.cpp">
      <Filter>Source Files</Filter>
    </ClCompile>
    <ClCompile Include="..\venvir.cpp">
      <Filter>Source Files</Filter>
    </ClCompile>
    <ClCompile Include="..\verr.cpp">
      <Filter>Source Files</Filter>
    </ClCompile>
    <ClCompile Include="..\verrdef.cpp">
      <Filter>Source Files</Filter>
    </ClCompile>
    <ClCompile Include="..\VEvaluationCall.cpp">
      <Filter>Source Files</Filter>
    </ClCompile>
    <ClCompile Include="..\VEvaluatorPump.cpp">
      <Filter>Source Files</Filter>
    </ClCompile>
    <ClCompile Include="..\VExternalGroundStore.cpp">
      <Filter>Source Files</Filter>
    </ClCompile>
    <ClCompile Include="..\vfac.cpp">
      <Filter>Source Files</Filter>
    </ClCompile>
    <ClCompile Include="..\vfault.cpp">
      <Filter>Source Files</Filter>
    </ClCompile>
    <ClCompile Include="..\VfDeleteGenerator.cpp">
      <Filter>Source Files</Filter>
    </ClCompile>
    <ClCompile Include="..\VfDistributionGenerator.cpp">
      <Filter>Source Files</Filter>
    </ClCompile>
    <ClCompile Include="..\VfGuardTool.cpp">
      <Filter>Source Files</Filter>
    </ClCompile>
    <ClCompile Include="..\VfLocateGenerator.cpp">
      <Filter>Source Files</Filter>
    </ClCompile>
    <ClCompile Include="..\VfLocateOrAddGenerator.cpp">
      <Filter>Source Files</Filter>
    </ClCompile>
    <ClCompile Include="..\VFragment.cpp">
      <Filter>Source Files</Filter>
    </ClCompile>
    <ClCompile Include="..\VFragmentation.cpp">
      <Filter>Source Files</Filter>
    </ClCompile>
    <ClCompile Include="..\VGroundStore.cpp">
      <Filter>Source Files</Filter>
    </ClCompile>
    <ClCompile Include="..\VGuardedDoubleGenerator.cpp">
      <Filter>Source Files</Filter>
    </ClCompile>
    <ClCompile Include="..\VInternalGroundStore.cpp">
      <Filter>Source Files</Filter>
    </ClCompile>
    <ClCompile Include="..\viobj.cpp">
      <Filter>Source Files</Filter>
    </ClCompile>
    <ClCompile Include="..\VkLicense.cpp">
      <Filter>Source Files</Filter>
    </ClCompile>
    <ClCompile Include="..\VkLongUnsigneds.cpp">
      <Filter>Source Files</Filter>
    </ClCompile>
    <ClCompile Include="..\VkRadixListSorter.cpp">
      <Filter>Source Files</Filter>
    </ClCompile>
    <ClCompile Include="..\VListEnumerationController.cpp">
      <Filter>Source Files</Filter>
    </ClCompile>
    <ClCompile Include="..\vmachine.cpp">
      <Filter>Source Files</Filter>
    </ClCompile>
    <ClCompile Include="..\vmagic.cpp">
      <Filter>Source Files</Filter>
    </ClCompile>
    <ClCompile Include="..\VMagicWordDescriptor.cpp">
      <Filter>Source Files</Filter>
    </ClCompile>
    <ClCompile Include="..\VMutex.cpp">
      <Filter>Source Files</Filter>
    </ClCompile>
    <ClCompile Include="..\VMutexClaim.cpp">
      <Filter>Source Files</Filter>
    </ClCompile>
    <ClCompile Include="..\VMutexController.cpp">
      <Filter>Source Files</Filter>
    </ClCompile>
    <ClCompile Include="..\VMutexGrant.cpp">
      <Filter>Source Files</Filter>
    </ClCompile>
    <ClCompile Include="..\VNumericBinary.cpp">
      <Filter>Source Files</Filter>
    </ClCompile>
    <ClCompile Include="..\VOrdered.cpp">
      <Filter>Source Files</Filter>
    </ClCompile>
    <ClCompile Include="..\VPrimaryCall.cpp">
      <Filter>Source Files</Filter>
    </ClCompile>
    <ClCompile Include="..\vprimfns.cpp">
      <Filter>Source Files</Filter>
    </ClCompile>
    <ClCompile Include="..\VPrimitiveTask.cpp">
      <Filter>Source Files</Filter>
    </ClCompile>
    <ClCompile Include="..\VPrimitiveTaskController.cpp">
      <Filter>Source Files</Filter>
    </ClCompile>
    <ClCompile Include="..\VReadEvalPrint.cpp">
      <Filter>Source Files</Filter>
    </ClCompile>
    <ClCompile Include="..\VReferenceableMonotype.cpp">
      <Filter>Source Files</Filter>
    </ClCompile>
    <ClCompile Include="..\VSecondaryCall.cpp">
      <Filter>Source Files</Filter>
    </ClCompile>
    <ClCompile Include="..\VSelector.cpp">
      <Filter>Source Files</Filter>
    </ClCompile>
    <ClCompile Include="..\VSet.cpp">
      <Filter>Source Files</Filter>
    </ClCompile>
    <ClCompile Include="..\vsignal.cpp">
      <Filter>Source Files</Filter>
    </ClCompile>
    <ClCompile Include="..\VSNFTask.cpp">
      <Filter>Source Files</Filter>
    </ClCompile>
    <ClCompile Include="..\VSNFTaskHolder.cpp">
      <Filter>Source Files</Filter>
    </ClCompile>
    <ClCompile Include="..\VSNFTaskParameters.cpp">
      <Filter>Source Files</Filter>
    </ClCompile>
    <ClCompile Include="..\VSorter.cpp">
      <Filter>Source Files</Filter>
    </ClCompile>
    <ClCompile Include="..\vstdio.cpp">
      <Filter>Source Files</Filter>
    </ClCompile>
    <ClCompile Include="..\VSuspension.cpp">
      <Filter>Source Files</Filter>
    </ClCompile>
    <ClCompile Include="..\VSymbol.cpp">
      <Filter>Source Files</Filter>
    </ClCompile>
    <ClCompile Include="..\VSymbolBinding.cpp">
      <Filter>Source Files</Filter>
    </ClCompile>
    <ClCompile Include="..\VSymbolImplementation.cpp">
      <Filter>Source Files</Filter>
    </ClCompile>
    <ClCompile Include="..\VSymbolSpace.cpp">
      <Filter>Source Files</Filter>
    </ClCompile>
    <ClCompile Include="..\VTask.cpp">
      <Filter>Source Files</Filter>
    </ClCompile>
    <ClCompile Include="..\VTaskDomain.cpp">
      <Filter>Source Files</Filter>
    </ClCompile>
    <ClCompile Include="..\VTaskDomainedStore.cpp">
      <Filter>Source Files</Filter>
    </ClCompile>
    <ClCompile Include="..\VTopTask.cpp">
      <Filter>Source Files</Filter>
    </ClCompile>
    <ClCompile Include="..\VTopTaskBase.cpp">
      <Filter>Source Files</Filter>
    </ClCompile>
    <ClCompile Include="..\VTransientServicesForBatchvision.cpp">
      <Filter>Source Files</Filter>
    </ClCompile>
    <ClCompile Include="..\vunwind.cpp">
      <Filter>Source Files</Filter>
    </ClCompile>
    <ClCompile Include="..\vutil.cpp">
      <Filter>Source Files</Filter>
    </ClCompile>
    <ClCompile Include="..\VUtilityCall.cpp">
      <Filter>Source Files</Filter>
    </ClCompile>
    <ClCompile Include="..\VUtilityTask.cpp">
      <Filter>Source Files</Filter>
    </ClCompile>
    <ClCompile Include="..\VWhileTrueController.cpp">
      <Filter>Source Files</Filter>
    </ClCompile>
  </ItemGroup>
  <ItemGroup>
    <ResourceCompile Include="batchvision.rc">
      <Filter>Source Files</Filter>
    </ResourceCompile>
  </ItemGroup>
  <ItemGroup>
    <ClInclude Include="..\batchvision.h">
      <Filter>Header Files</Filter>
    </ClInclude>
    <ClInclude Include="..\DSC_Descriptor.h">
      <Filter>Header Files</Filter>
    </ClInclude>
    <ClInclude Include="..\DSC_Pointer.h">
      <Filter>Header Files</Filter>
    </ClInclude>
    <ClInclude Include="..\DSC_Scalar.h">
      <Filter>Header Files</Filter>
    </ClInclude>
    <ClInclude Include="..\DSC_Store.h">
      <Filter>Header Files</Filter>
    </ClInclude>
    <ClInclude Include="..\iom.h">
      <Filter>Header Files</Filter>
    </ClInclude>
    <ClInclude Include="..\IOMDriver.h">
      <Filter>Header Files</Filter>
    </ClInclude>
    <ClInclude Include="..\IOMFile.h">
      <Filter>Header Files</Filter>
    </ClInclude>
    <ClInclude Include="..\IOMHandle.h">
      <Filter>Header Files</Filter>
    </ClInclude>
    <ClInclude Include="..\IOMService.h">
      <Filter>Header Files</Filter>
    </ClInclude>
    <ClInclude Include="..\IOMStream.h">
      <Filter>Header Files</Filter>
    </ClInclude>
    <ClInclude Include="..\lio.h">
      <Filter>Header Files</Filter>
    </ClInclude>
    <ClInclude Include="..\m.h">
      <Filter>Header Files</Filter>
    </ClInclude>
    <ClInclude Include="..\M_AND.H">
      <Filter>Header Files</Filter>
    </ClInclude>
    <ClInclude Include="..\M_ASD.h">
      <Filter>Header Files</Filter>
    </ClInclude>
    <ClInclude Include="..\M_CPD.h">
      <Filter>Header Files</Filter>
    </ClInclude>
    <ClInclude Include="..\M_KnownObjectTable.h">
      <Filter>Header Files</Filter>
    </ClInclude>
    <ClInclude Include="..\M_RTD.h">
      <Filter>Header Files</Filter>
    </ClInclude>
    <ClInclude Include="..\PFalist.h">
      <Filter>Header Files</Filter>
    </ClInclude>
    <ClInclude Include="..\PFdate.h">
      <Filter>Header Files</Filter>
    </ClInclude>
    <ClInclude Include="..\PFdebug.h">
      <Filter>Header Files</Filter>
    </ClInclude>
    <ClInclude Include="..\PFdictionary.h">
      <Filter>Header Files</Filter>
    </ClInclude>
    <ClInclude Include="..\PFfault.h">
      <Filter>Header Files</Filter>
    </ClInclude>
    <ClInclude Include="..\PFidentity.h">
      <Filter>Header Files</Filter>
    </ClInclude>
    <ClInclude Include="..\PFlist.h">
      <Filter>Header Files</Filter>
    </ClInclude>
    <ClInclude Include="..\PFnumeric.h">
      <Filter>Header Files</Filter>
    </ClInclude>
    <ClInclude Include="..\PFprint.h">
      <Filter>Header Files</Filter>
    </ClInclude>
    <ClInclude Include="..\PFrun.h">
      <Filter>Header Files</Filter>
    </ClInclude>
    <ClInclude Include="..\PFstats.h">
      <Filter>Header Files</Filter>
    </ClInclude>
    <ClInclude Include="..\PFstring.h">
      <Filter>Header Files</Filter>
    </ClInclude>
    <ClInclude Include="..\PFts.h">
      <Filter>Header Files</Filter>
    </ClInclude>
    <ClInclude Include="..\PFutil.h">
      <Filter>Header Files</Filter>
    </ClInclude>
    <ClInclude Include="..\popvector.h">
      <Filter>Header Files</Filter>
    </ClInclude>
    <ClInclude Include="..\ps.h">
      <Filter>Header Files</Filter>
    </ClInclude>
    <ClInclude Include="..\PS_AND.h">
      <Filter>Header Files</Filter>
    </ClInclude>
    <ClInclude Include="..\PS_ASD.h">
      <Filter>Header Files</Filter>
    </ClInclude>
    <ClInclude Include="..\rslang.h">
      <Filter>Header Files</Filter>
    </ClInclude>
    <ClInclude Include="..\RTblock.h">
      <Filter>Header Files</Filter>
    </ClInclude>
    <ClInclude Include="..\RTcharuv.h">
      <Filter>Header Files</Filter>
    </ClInclude>
    <ClInclude Include="..\RTclosure.h">
      <Filter>Header Files</Filter>
    </ClInclude>
    <ClInclude Include="..\RTcontext.h">
      <Filter>Header Files</Filter>
    </ClInclude>
    <ClInclude Include="..\RTdictionary.h">
      <Filter>Header Files</Filter>
    </ClInclude>
    <ClInclude Include="..\RTdoubleuv.h">
      <Filter>Header Files</Filter>
    </ClInclude>
    <ClInclude Include="..\RTdsc.h">
      <Filter>Header Files</Filter>
    </ClInclude>
    <ClInclude Include="..\RTfloatuv.h">
      <Filter>Header Files</Filter>
    </ClInclude>
    <ClInclude Include="..\RTindex.h">
      <Filter>Header Files</Filter>
    </ClInclude>
    <ClInclude Include="..\RTintuv.h">
      <Filter>Header Files</Filter>
    </ClInclude>
    <ClInclude Include="..\RTlink.h">
      <Filter>Header Files</Filter>
    </ClInclude>
    <ClInclude Include="..\RTlstore.h">
      <Filter>Header Files</Filter>
    </ClInclude>
    <ClInclude Include="..\RTmethod.h">
      <Filter>Header Files</Filter>
    </ClInclude>
    <ClInclude Include="..\RTparray.h">
      <Filter>Header Files</Filter>
    </ClInclude>
    <ClInclude Include="..\RTpct.h">
      <Filter>Header Files</Filter>
    </ClInclude>
    <ClInclude Include="..\RTptoken.h">
      <Filter>Header Files</Filter>
    </ClInclude>
    <ClInclude Include="..\RTrefuv.h">
      <Filter>Header Files</Filter>
    </ClInclude>
    <ClInclude Include="..\RTseluv.h">
      <Filter>Header Files</Filter>
    </ClInclude>
    <ClInclude Include="..\RTstring.h">
      <Filter>Header Files</Filter>
    </ClInclude>
    <ClInclude Include="..\RTtct.h">
      <Filter>Header Files</Filter>
    </ClInclude>
    <ClInclude Include="..\RTu128uv.h">
      <Filter>Header Files</Filter>
    </ClInclude>
    <ClInclude Include="..\RTu64uv.h">
      <Filter>Header Files</Filter>
    </ClInclude>
    <ClInclude Include="..\RTu96uv.h">
      <Filter>Header Files</Filter>
    </ClInclude>
    <ClInclude Include="..\RTundef.h">
      <Filter>Header Files</Filter>
    </ClInclude>
    <ClInclude Include="..\RTundefuv.h">
      <Filter>Header Files</Filter>
    </ClInclude>
    <ClInclude Include="..\RTvector.h">
      <Filter>Header Files</Filter>
    </ClInclude>
    <ClInclude Include="..\RTvstore.h">
      <Filter>Header Files</Filter>
    </ClInclude>
    <ClInclude Include="..\rtype.h">
      <Filter>Header Files</Filter>
    </ClInclude>
    <ClInclude Include="..\selector.h">
      <Filter>Header Files</Filter>
    </ClInclude>
    <ClInclude Include="..\ts.h">
      <Filter>Header Files</Filter>
    </ClInclude>
    <ClInclude Include="..\uvector.h">
      <Filter>Header Files</Filter>
    </ClInclude>
    <ClInclude Include="..\VArrayOf.h">
      <Filter>Header Files</Filter>
    </ClInclude>
    <ClInclude Include="..\VAssociativeCursor.h">
      <Filter>Header Files</Filter>
    </ClInclude>
    <ClInclude Include="..\VAssociativeResult.h">
      <Filter>Header Files</Filter>
    </ClInclude>
    <ClInclude Include="..\VBenderenceable.h">
      <Filter>Header Files</Filter>
    </ClInclude>
    <ClInclude Include="..\VBlockTask.h">
      <Filter>Header Files</Filter>
    </ClInclude>
    <ClInclude Include="..\VBoundCall.h">
      <Filter>Header Files</Filter>
    </ClInclude>
    <ClInclude Include="..\VByteCodeDescriptor.h">
      <Filter>Header Files</Filter>
    </ClInclude>
    <ClInclude Include="..\VByteCodeScanner.h">
      <Filter>Header Files</Filter>
    </ClInclude>
    <ClInclude Include="..\VCachedArray.h">
      <Filter>Header Files</Filter>
    </ClInclude>
    <ClInclude Include="..\VCall.h">
      <Filter>Header Files</Filter>
    </ClInclude>
    <ClInclude Include="..\VChannelController.h">
      <Filter>Header Files</Filter>
    </ClInclude>
    <ClInclude Include="..\VCodeDescriptor.h">
      <Filter>Header Files</Filter>
    </ClInclude>
    <ClInclude Include="..\VCodeTable.h">
      <Filter>Header Files</Filter>
    </ClInclude>
    <ClInclude Include="..\VCollection.h">
      <Filter>Header Files</Filter>
    </ClInclude>
    <ClInclude Include="..\VCollectionOf.h">
      <Filter>Header Files</Filter>
    </ClInclude>
    <ClInclude Include="..\VCollectionOfOrderables.h">
      <Filter>Header Files</Filter>
    </ClInclude>
    <ClInclude Include="..\VCollectionOfStrings.h">
      <Filter>Header Files</Filter>
    </ClInclude>
    <ClInclude Include="..\VComponentReference.h">
      <Filter>Header Files</Filter>
    </ClInclude>
    <ClInclude Include="..\VComputationList.h">
      <Filter>Header Files</Filter>
    </ClInclude>
    <ClInclude Include="..\VComputationScheduler.h">
      <Filter>Header Files</Filter>
    </ClInclude>
    <ClInclude Include="..\VComputationTrigger.h">
      <Filter>Header Files</Filter>
    </ClInclude>
    <ClInclude Include="..\VComputationUnit.h">
      <Filter>Header Files</Filter>
    </ClInclude>
    <ClInclude Include="..\VConstructor.h">
      <Filter>Header Files</Filter>
    </ClInclude>
    <ClInclude Include="..\VContainerHandle.h">
      <Filter>Header Files</Filter>
    </ClInclude>
    <ClInclude Include="..\VControlPoint.h">
      <Filter>Header Files</Filter>
    </ClInclude>
    <ClInclude Include="..\VControlPointSubscription.h">
      <Filter>Header Files</Filter>
    </ClInclude>
    <ClInclude Include="..\VCPDReference.h">
      <Filter>Header Files</Filter>
    </ClInclude>
    <ClInclude Include="..\VDatabase.h">
      <Filter>Header Files</Filter>
    </ClInclude>
    <ClInclude Include="..\VDatabaseActivation.h">
      <Filter>Header Files</Filter>
    </ClInclude>
    <ClInclude Include="..\VDatabaseComponent.h">
      <Filter>Header Files</Filter>
    </ClInclude>
    <ClInclude Include="..\VDatabaseFederator.h">
      <Filter>Header Files</Filter>
    </ClInclude>
    <ClInclude Include="..\VDatabaseFederatorForBatchvision.h">
      <Filter>Header Files</Filter>
    </ClInclude>
    <ClInclude Include="..\VDatabaseNDF.h">
      <Filter>Header Files</Filter>
    </ClInclude>
    <ClInclude Include="..\VDatabaseRoot.h">
      <Filter>Header Files</Filter>
    </ClInclude>
    <ClInclude Include="..\vdates.h">
      <Filter>Header Files</Filter>
    </ClInclude>
    <ClInclude Include="..\vdbupdate.h">
      <Filter>Header Files</Filter>
    </ClInclude>
    <ClInclude Include="..\vdebug.h">
      <Filter>Header Files</Filter>
    </ClInclude>
    <ClInclude Include="..\VDescriptor.h">
      <Filter>Header Files</Filter>
    </ClInclude>
    <ClInclude Include="..\vdsc.h">
      <Filter>Header Files</Filter>
    </ClInclude>
    <ClInclude Include="..\venvir.h">
      <Filter>Header Files</Filter>
    </ClInclude>
    <ClInclude Include="..\verr.h">
      <Filter>Header Files</Filter>
    </ClInclude>
    <ClInclude Include="..\verrdef.h">
      <Filter>Header Files</Filter>
    </ClInclude>
    <ClInclude Include="..\VEvaluationCall.h">
      <Filter>Header Files</Filter>
    </ClInclude>
    <ClInclude Include="..\VEvaluatorPump.h">
      <Filter>Header Files</Filter>
    </ClInclude>
    <ClInclude Include="..\VExternalGroundStore.h">
      <Filter>Header Files</Filter>
    </ClInclude>
    <ClInclude Include="..\vfac.h">
      <Filter>Header Files</Filter>
    </ClInclude>
    <ClInclude Include="..\VFactoryReference.h">
      <Filter>Header Files</Filter>
    </ClInclude>
    <ClInclude Include="..\vfault.h">
      <Filter>Header Files</Filter>
    </ClInclude>
    <ClInclude Include="..\VfDeleteGenerator.h">
      <Filter>Header Files</Filter>
    </ClInclude>
    <ClInclude Include="..\VfDistributionGenerator.h">
      <Filter>Header Files</Filter>
    </ClInclude>
    <ClInclude Include="..\VfGuardTool.h">
      <Filter>Header Files</Filter>
    </ClInclude>
    <ClInclude Include="..\VfLocateGenerator.h">
      <Filter>Header Files</Filter>
    </ClInclude>
    <ClInclude Include="..\VfLocateOrAddGenerator.h">
      <Filter>Header Files</Filter>
    </ClInclude>
    <ClInclude Include="..\VFragment.h">
      <Filter>Header Files</Filter>
    </ClInclude>
    <ClInclude Include="..\VFragmentation.h">
      <Filter>Header Files</Filter>
    </ClInclude>
    <ClInclude Include="..\VGroundStore.h">
      <Filter>Header Files</Filter>
    </ClInclude>
    <ClInclude Include="..\VGuardedDoubleGenerator.h">
      <Filter>Header Files</Filter>
    </ClInclude>
    <ClInclude Include="..\VInternalGroundStore.h">
      <Filter>Header Files</Filter>
    </ClInclude>
    <ClInclude Include="..\viobj.h">
      <Filter>Header Files</Filter>
    </ClInclude>
    <ClInclude Include="..\VkLicense.h">
      <Filter>Header Files</Filter>
    </ClInclude>
    <ClInclude Include="..\VkLongUnsigneds.h">
      <Filter>Header Files</Filter>
    </ClInclude>
    <ClInclude Include="..\VkMapOf.h">
      <Filter>Header Files</Filter>
    </ClInclude>
    <ClInclude Include="..\VkMD4Digest.h">
      <Filter>Header Files</Filter>
    </ClInclude>
    <ClInclude Include="..\VkRadixListSorter.h">
      <Filter>Header Files</Filter>
    </ClInclude>
    <ClInclude Include="..\VkScalar.h">
      <Filter>Header Files</Filter>
    </ClInclude>
    <ClInclude Include="..\VLinkCReference.h">
      <Filter>Header Files</Filter>
    </ClInclude>
    <ClInclude Include="..\VListEnumerationController.h">
      <Filter>Header Files</Filter>
    </ClInclude>
    <ClInclude Include="..\vmachine.h">
      <Filter>Header Files</Filter>
    </ClInclude>
    <ClInclude Include="..\VMagicWordDescriptor.h">
      <Filter>Header Files</Filter>
    </ClInclude>
    <ClInclude Include="..\VMutex.h">
      <Filter>Header Files</Filter>
    </ClInclude>
    <ClInclude Include="..\VMutexClaim.h">
      <Filter>Header Files</Filter>
    </ClInclude>
    <ClInclude Include="..\VMutexController.h">
      <Filter>Header Files</Filter>
    </ClInclude>
    <ClInclude Include="..\VMutexGrant.h">
      <Filter>Header Files</Filter>
    </ClInclude>
    <ClInclude Include="..\VNumericBinary.h">
      <Filter>Header Files</Filter>
    </ClInclude>
    <ClInclude Include="..\VOrdered.h">
      <Filter>Header Files</Filter>
    </ClInclude>
    <ClInclude Include="..\VOutputBuffer.h">
      <Filter>Header Files</Filter>
    </ClInclude>
    <ClInclude Include="..\VOutputGenerator.h">
      <Filter>Header Files</Filter>
    </ClInclude>
    <ClInclude Include="..\VpFileMapping.h">
      <Filter>Header Files</Filter>
    </ClInclude>
    <ClInclude Include="..\VPrimaryCall.h">
      <Filter>Header Files</Filter>
    </ClInclude>
    <ClInclude Include="..\vprimfns.h">
      <Filter>Header Files</Filter>
    </ClInclude>
    <ClInclude Include="..\VPrimitiveDescriptor.h">
      <Filter>Header Files</Filter>
    </ClInclude>
    <ClInclude Include="..\VPrimitiveTask.h">
      <Filter>Header Files</Filter>
    </ClInclude>
    <ClInclude Include="..\VPrimitiveTaskController.h">
      <Filter>Header Files</Filter>
    </ClInclude>
    <ClInclude Include="..\VReadEvalPrint.h">
      <Filter>Header Files</Filter>
    </ClInclude>
    <ClInclude Include="..\VReferenceableMonotype.h">
      <Filter>Header Files</Filter>
    </ClInclude>
    <ClInclude Include="..\VSecondaryCall.h">
      <Filter>Header Files</Filter>
    </ClInclude>
    <ClInclude Include="..\VSelector.h">
      <Filter>Header Files</Filter>
    </ClInclude>
    <ClInclude Include="..\VSet.h">
      <Filter>Header Files</Filter>
    </ClInclude>
    <ClInclude Include="..\VSetOf.h">
      <Filter>Header Files</Filter>
    </ClInclude>
    <ClInclude Include="..\vsignal.h">
      <Filter>Header Files</Filter>
    </ClInclude>
    <ClInclude Include="..\VSNFTask.h">
      <Filter>Header Files</Filter>
    </ClInclude>
    <ClInclude Include="..\VSNFTaskHolder.h">
      <Filter>Header Files</Filter>
    </ClInclude>
    <ClInclude Include="..\VSNFTaskParameters.h">
      <Filter>Header Files</Filter>
    </ClInclude>
    <ClInclude Include="..\VSNFTaskParametersList.h">
      <Filter>Header Files</Filter>
    </ClInclude>
    <ClInclude Include="..\VSorter.h">
      <Filter>Header Files</Filter>
    </ClInclude>
    <ClInclude Include="..\vstdio.h">
      <Filter>Header Files</Filter>
    </ClInclude>
    <ClInclude Include="..\VSuspension.h">
      <Filter>Header Files</Filter>
    </ClInclude>
    <ClInclude Include="..\VSymbol.h">
      <Filter>Header Files</Filter>
    </ClInclude>
    <ClInclude Include="..\VSymbolBinding.h">
      <Filter>Header Files</Filter>
    </ClInclude>
    <ClInclude Include="..\VSymbolImplementation.h">
      <Filter>Header Files</Filter>
    </ClInclude>
    <ClInclude Include="..\VSymbolSpace.h">
      <Filter>Header Files</Filter>
    </ClInclude>
    <ClInclude Include="..\VTask.h">
      <Filter>Header Files</Filter>
    </ClInclude>
    <ClInclude Include="..\VTaskDomain.h">
      <Filter>Header Files</Filter>
    </ClInclude>
    <ClInclude Include="..\VTaskDomainedStore.h">
      <Filter>Header Files</Filter>
    </ClInclude>
    <ClInclude Include="..\VTopTask.h">
      <Filter>Header Files</Filter>
    </ClInclude>
    <ClInclude Include="..\VTopTaskBase.h">
      <Filter>Header Files</Filter>
    </ClInclude>
    <ClInclude Include="..\VTransientServicesForBatchvision.h">
      <Filter>Header Files</Filter>
    </ClInclude>
    <ClInclude Include="..\vunwind.h">
      <Filter>Header Files</Filter>
    </ClInclude>
    <ClInclude Include="..\vutil.h">
      <Filter>Header Files</Filter>
    </ClInclude>
    <ClInclude Include="..\VUtilityCall.h">
      <Filter>Header Files</Filter>
    </ClInclude>
    <ClInclude Include="..\VUtilityTask.h">
      <Filter>Header Files</Filter>
    </ClInclude>
    <ClInclude Include="..\VWhileTrueController.h">
      <Filter>Header Files</Filter>
    </ClInclude>
  </ItemGroup>
  <ItemGroup>
    <None Include="..\m.d">
      <Filter>Header Files</Filter>
    </None>
    <None Include="..\popvector.d">
      <Filter>Header Files</Filter>
    </None>
    <None Include="..\ps.d">
      <Filter>Header Files</Filter>
    </None>
    <None Include="..\RTblock.d">
      <Filter>Header Files</Filter>
    </None>
    <None Include="..\RTcharuv.d">
      <Filter>Header Files</Filter>
    </None>
    <None Include="..\RTclosure.d">
      <Filter>Header Files</Filter>
    </None>
    <None Include="..\RTcontext.d">
      <Filter>Header Files</Filter>
    </None>
    <None Include="..\RTdictionary.d">
      <Filter>Header Files</Filter>
    </None>
    <None Include="..\RTdoubleuv.d">
      <Filter>Header Files</Filter>
    </None>
    <None Include="..\RTdsc.d">
      <Filter>Header Files</Filter>
    </None>
    <None Include="..\RTfloatuv.d">
      <Filter>Header Files</Filter>
    </None>
    <None Include="..\RTindex.d">
      <Filter>Header Files</Filter>
    </None>
    <None Include="..\RTintuv.d">
      <Filter>Header Files</Filter>
    </None>
    <None Include="..\RTlink.d">
      <Filter>Header Files</Filter>
    </None>
    <None Include="..\RTlstore.d">
      <Filter>Header Files</Filter>
    </None>
    <None Include="..\RTmethod.d">
      <Filter>Header Files</Filter>
    </None>
    <None Include="..\RTparray.d">
      <Filter>Header Files</Filter>
    </None>
    <None Include="..\RTpct.d">
      <Filter>Header Files</Filter>
    </None>
    <None Include="..\RTptoken.d">
      <Filter>Header Files</Filter>
    </None>
    <None Include="..\RTrefuv.d">
      <Filter>Header Files</Filter>
    </None>
    <None Include="..\RTseluv.d">
      <Filter>Header Files</Filter>
    </None>
    <None Include="..\RTstring.d">
      <Filter>Header Files</Filter>
    </None>
    <None Include="..\RTtct.d">
      <Filter>Header Files</Filter>
    </None>
    <None Include="..\RTu128uv.d">
      <Filter>Header Files</Filter>
    </None>
    <None Include="..\RTu64uv.d">
      <Filter>Header Files</Filter>
    </None>
    <None Include="..\RTu96uv.d">
      <Filter>Header Files</Filter>
    </None>
    <None Include="..\RTundefuv.d">
      <Filter>Header Files</Filter>
    </None>
    <None Include="..\RTvector.d">
      <Filter>Header Files</Filter>
    </None>
    <None Include="..\RTvstore.d">
      <Filter>Header Files</Filter>
    </None>
    <None Include="..\rtype.d">
      <Filter>Header Files</Filter>
    </None>
    <None Include="..\selector.d">
      <Filter>Header Files</Filter>
    </None>
  </ItemGroup>
</Project>